// !$*UTF8*$!
{
	archiveVersion = 1;
	classes = {
	};
	objectVersion = 39;
	objects = {
		016807B4FF4B4D6611CA0C5D = {
			expectedFileType = wrapper.application;
			fallbackIsa = PBXFileReference;
			isa = PBXApplicationReference;
			path = SCService.app;
			refType = 3;
			sourceTree = BUILT_PRODUCTS_DIR;
		};
		0182ADA0001CB65311CA0C5D = {
			buildRules = (
			);
			buildSettings = {
				COPY_PHASE_STRIP = NO;
				GCC_DYNAMIC_NO_PIC = NO;
				GCC_ENABLE_FIX_AND_CONTINUE = YES;
				GCC_GENERATE_DEBUGGING_SYMBOLS = YES;
				GCC_OPTIMIZATION_LEVEL = 0;
				OPTIMIZATION_CFLAGS = "-O0";
				ZERO_LINK = YES;
			};
			isa = PBXBuildStyle;
			name = Development;
		};
		0182ADA1001CB65311CA0C5D = {
			buildRules = (
			);
			buildSettings = {
				COPY_PHASE_STRIP = YES;
				GCC_ENABLE_FIX_AND_CONTINUE = NO;
				ZERO_LINK = NO;
			};
			isa = PBXBuildStyle;
			name = Deployment;
		};
//010
//011
//012
//013
//014
//030
//031
//032
//033
//034
		036354DEFEEE2D177F000001 = {
			buildSettings = {
			};
			buildStyles = (
				0182ADA0001CB65311CA0C5D,
				0182ADA1001CB65311CA0C5D,
			);
			hasScannedForEncodings = 1;
			isa = PBXProject;
			mainGroup = 036354DFFEEE2D177F000001;
			productRefGroup = 036354E0FEEE2D177F000001;
			projectDirPath = "";
			targets = (
				036354F3FEEE2D177F000001,
			);
		};
		036354DFFEEE2D177F000001 = {
			children = (
				036354E0FEEE2D177F000001,
				036354E6FEEE2D177F000001,
				036354F0FEEE2D177F000001,
			);
			isa = PBXGroup;
			name = SimpleService;
			refType = 4;
			sourceTree = "<group>";
		};
		036354E0FEEE2D177F000001 = {
			children = (
				016807B4FF4B4D6611CA0C5D,
			);
			isa = PBXGroup;
			name = Products;
			refType = 4;
			sourceTree = "<group>";
		};
		036354E6FEEE2D177F000001 = {
			children = (
				036354E7FEEE2D177F000001,
			);
			isa = PBXGroup;
			name = "Other Sources";
			refType = 4;
			sourceTree = "<group>";
		};
		036354E7FEEE2D177F000001 = {
			expectedFileType = sourcecode.c.objc;
			fileEncoding = 30;
			isa = PBXFileReference;
			path = SCService_main.m;
			refType = 4;
			sourceTree = "<group>";
		};
		036354F0FEEE2D177F000001 = {
			children = (
				036354F1FEEE2D177F000001,
				036354F2FEEE2D177F000001,
			);
			isa = PBXGroup;
			name = "External Frameworks and Libraries";
			refType = 4;
			sourceTree = "<group>";
		};
		036354F1FEEE2D177F000001 = {
			expectedFileType = wrapper.framework;
			fallbackIsa = PBXFileReference;
			isa = PBXFrameworkReference;
			name = AppKit.framework;
			path = /System/Library/Frameworks/AppKit.framework;
			refType = 0;
			sourceTree = "<absolute>";
		};
		036354F2FEEE2D177F000001 = {
			expectedFileType = wrapper.framework;
			fallbackIsa = PBXFileReference;
			isa = PBXFrameworkReference;
			name = Foundation.framework;
			path = /System/Library/Frameworks/Foundation.framework;
			refType = 0;
			sourceTree = "<absolute>";
		};
		036354F3FEEE2D177F000001 = {
			buildPhases = (
				036354F4FEEE2D177F000001,
				036354F6FEEE2D177F000001,
				036354F7FEEE2D177F000001,
				036354FAFEEE2D177F000001,
				036354FDFEEE2D177F000001,
			);
			buildSettings = {
				FRAMEWORK_SEARCH_PATHS = "";
				HEADER_SEARCH_PATHS = "";
				INSTALL_PATH = "$(LOCAL_LIBRARY_DIR)/Services";
				LIBRARY_SEARCH_PATHS = "";
				OTHER_CFLAGS = "";
				OTHER_LDFLAGS = "";
				OTHER_REZFLAGS = "";
				PRODUCT_NAME = SCService;
				SECTORDER_FLAGS = "";
				WARNING_CFLAGS = "-Wmost -Wno-four-char-constants -Wno-unknown-pragmas";
				WRAPPER_EXTENSION = app;
			};
			dependencies = (
			);
			isa = PBXApplicationTarget;
			name = SCService;
			productInstallPath = "$(LOCAL_LIBRARY_DIR)/Services";
			productName = SimpleService;
			productReference = 016807B4FF4B4D6611CA0C5D;
			productSettingsXML = "<?xml version=\"1.0\" encoding=\"UTF-8\"?>
<!DOCTYPE plist PUBLIC \"-//Apple Computer//DTD PLIST 1.0//EN\" \"http://www.apple.com/DTDs/PropertyList-1.0.dtd\">
<plist version=\"1.0\">
<dict>
	<key>CFBundleDevelopmentRegion</key>
	<string>English</string>
	<key>CFBundleExecutable</key>
	<string>SCService</string>
	<key>CFBundleGetInfoString</key>
	<string></string>
	<key>CFBundleIconFile</key>
	<string></string>
	<key>CFBundleIdentifier</key>
	<string>com.apple. SCService</string>
	<key>CFBundleInfoDictionaryVersion</key>
	<string>6.0</string>
	<key>CFBundleName</key>
	<string>SCService</string>
	<key>CFBundlePackageType</key>
	<string>APPL</string>
	<key>CFBundleShortVersionString</key>
	<string></string>
	<key>CFBundleSignature</key>
	<string></string>
	<key>CFBundleVersion</key>
	<string>1</string>
	<key>NSBGOnly</key>
	<string>1</string>
	<key>NSExtensions</key>
	<dict/>
	<key>NSPrincipalClass</key>
	<string>NSApplication</string>
	<key>NSServices</key>
	<array>
		<dict>
			<key>NSMenuItem</key>
			<dict>
				<key>default</key>
				<string>Execute in SuperCollider</string>
			</dict>
			<key>NSMessage</key>
			<string>doExecuteService</string>
			<key>NSPortName</key>
			<string>SuperCollider</string>
			<key>NSSendTypes</key>
			<array>
				<string>NSStringPboardType</string>
			</array>
		</dict>
	</array>
</dict>
</plist>
";
		};
		036354F4FEEE2D177F000001 = {
			buildActionMask = 2147483647;
			files = (
			);
			isa = PBXHeadersBuildPhase;
			runOnlyForDeploymentPostprocessing = 0;
		};
		036354F6FEEE2D177F000001 = {
			buildActionMask = 2147483647;
			files = (
			);
			isa = PBXResourcesBuildPhase;
			runOnlyForDeploymentPostprocessing = 0;
		};
		036354F7FEEE2D177F000001 = {
			buildActionMask = 2147483647;
			files = (
				036354F9FEEE2D177F000001,
			);
			isa = PBXSourcesBuildPhase;
			runOnlyForDeploymentPostprocessing = 0;
		};
		036354F9FEEE2D177F000001 = {
			fileRef = 036354E7FEEE2D177F000001;
			isa = PBXBuildFile;
			settings = {
				ATTRIBUTES = (
				);
			};
		};
		036354FAFEEE2D177F000001 = {
			buildActionMask = 2147483647;
			files = (
				036354FBFEEE2D177F000001,
				036354FCFEEE2D177F000001,
			);
			isa = PBXFrameworksBuildPhase;
			runOnlyForDeploymentPostprocessing = 0;
		};
		036354FBFEEE2D177F000001 = {
			fileRef = 036354F1FEEE2D177F000001;
			isa = PBXBuildFile;
			settings = {
			};
		};
		036354FCFEEE2D177F000001 = {
			fileRef = 036354F2FEEE2D177F000001;
			isa = PBXBuildFile;
			settings = {
			};
		};
		036354FDFEEE2D177F000001 = {
			buildActionMask = 2147483647;
			files = (
			);
			isa = PBXRezBuildPhase;
			runOnlyForDeploymentPostprocessing = 0;
		};
	};
	rootObject = 036354DEFEEE2D177F000001;
}
