// !$*UTF8*$!
{
	archiveVersion = 1;
	classes = {
	};
	objectVersion = 39;
	objects = {
		46738FFD05C7E11A00EE082A = {
			buildPhases = (
				46738FFE05C7E11A00EE082A,
				4673900105C7E11A00EE082A,
				4673900305C7E11A00EE082A,
				4673900505C7E11A00EE082A,
				4673900605C7E11A00EE082A,
			);
			buildSettings = {
				DYLIB_COMPATIBILITY_VERSION = 1;
				DYLIB_CURRENT_VERSION = 1;
				LIBRARY_STYLE = BUNDLE;
				OPTIMIZATION_CFLAGS = "-O3";
				OTHER_CFLAGS = "-DSC_DARWIN";
				OTHER_LDFLAGS = "";
				OTHER_LIBTOOL_FLAGS = "";
				OTHER_REZFLAGS = "";
				PRODUCT_NAME = PhysicalModellingUGens.scx;
				REZ_EXECUTABLE = YES;
				SECTORDER_FLAGS = "";
				WARNING_CFLAGS = "-Wmost -Wno-four-char-constants -Wno-unknown-pragmas";
			};
			dependencies = (
			);
			isa = PBXLibraryTarget;
			name = PhysicalModellingUGens;
			productInstallPath = /usr/local/lib;
			productName = TriggerUGens;
			productReference = 4673900705C7E11A00EE082A;
		};
		46738FFE05C7E11A00EE082A = {
			buildActionMask = 2147483647;
			files = (
				46738FFF05C7E11A00EE082A,
				4673900005C7E11A00EE082A,
				92ADA28B06266AA00093F2C8,
			);
			isa = PBXHeadersBuildPhase;
			runOnlyForDeploymentPostprocessing = 0;
		};
		46738FFF05C7E11A00EE082A = {
			fileRef = 920DAED20425A5D200A80067;
			isa = PBXBuildFile;
			settings = {
			};
		};
		4673900005C7E11A00EE082A = {
			fileRef = AAE924420481416E00A8010B;
			isa = PBXBuildFile;
			settings = {
			};
		};
		4673900105C7E11A00EE082A = {
			buildActionMask = 2147483647;
			files = (
				4673900D05C7E23300EE082A,
			);
			isa = PBXSourcesBuildPhase;
			runOnlyForDeploymentPostprocessing = 0;
		};
		4673900305C7E11A00EE082A = {
			buildActionMask = 2147483647;
			files = (
				4673900405C7E11A00EE082A,
			);
			isa = PBXFrameworksBuildPhase;
			runOnlyForDeploymentPostprocessing = 0;
		};
		4673900405C7E11A00EE082A = {
			fileRef = F5499A1103A3023A01BA7E76;
			isa = PBXBuildFile;
			settings = {
			};
		};
		4673900505C7E11A00EE082A = {
			buildActionMask = 2147483647;
			files = (
			);
			isa = PBXRezBuildPhase;
			runOnlyForDeploymentPostprocessing = 0;
		};
		4673900605C7E11A00EE082A = {
			buildActionMask = 2147483647;
			files = (
			);
			isa = PBXShellScriptBuildPhase;
			runOnlyForDeploymentPostprocessing = 0;
			shellPath = /bin/sh;
			shellScript = "cp build/PhysicalModellingUGens.scx build/plugins";
		};
		4673900705C7E11A00EE082A = {
			explicitFileType = "compiled.mach-o.dylib";
			includeInIndex = 0;
			isa = PBXFileReference;
			path = PhysicalModellingUGens.scx;
			refType = 3;
			sourceTree = BUILT_PRODUCTS_DIR;
		};
		4673900C05C7E23300EE082A = {
			fileEncoding = 30;
			isa = PBXFileReference;
			lastKnownFileType = sourcecode.cpp.cpp;
			path = PhysicalModelingUGens.cpp;
			refType = 4;
			sourceTree = "<group>";
		};
		4673900D05C7E23300EE082A = {
			fileRef = 4673900C05C7E23300EE082A;
			isa = PBXBuildFile;
			settings = {
			};
		};
		4673900E05C7E4E200EE082A = {
			containerPortal = F50D04F702E68E8201CA2799;
			isa = PBXContainerItemProxy;
			proxyType = 1;
			remoteGlobalIDString = 46738FFD05C7E11A00EE082A;
			remoteInfo = PhysicalModellingUGens;
		};
		4673900F05C7E4E200EE082A = {
			isa = PBXTargetDependency;
			target = 46738FFD05C7E11A00EE082A;
			targetProxy = 4673900E05C7E4E200EE082A;
		};
		46781BB805C84F94002B7D2B = {
			buildPhases = (
				46781BB905C84F94002B7D2B,
				46781BBE05C84F95002B7D2B,
				46781BC205C84F95002B7D2B,
				46781BC405C84F95002B7D2B,
				46781BC505C84F95002B7D2B,
			);
			buildSettings = {
				DYLIB_COMPATIBILITY_VERSION = 1;
				DYLIB_CURRENT_VERSION = 1;
				LIBRARY_STYLE = BUNDLE;
				OPTIMIZATION_CFLAGS = "-O3";
				OTHER_CFLAGS = "-DSC_DARWIN";
				OTHER_LDFLAGS = "";
				OTHER_LIBTOOL_FLAGS = "";
				OTHER_REZFLAGS = "";
				PRODUCT_NAME = FFT2_UGens.scx;
				REZ_EXECUTABLE = YES;
				SECTORDER_FLAGS = "";
				WARNING_CFLAGS = "-Wmost -Wno-four-char-constants -Wno-unknown-pragmas";
			};
			dependencies = (
			);
			isa = PBXLibraryTarget;
			name = FFT2_UGens;
			productInstallPath = /usr/local/lib;
			productName = FFT_UGens;
			productReference = 46781BC605C84F95002B7D2B;
		};
		46781BB905C84F94002B7D2B = {
			buildActionMask = 2147483647;
			files = (
				46781BBA05C84F94002B7D2B,
				46781BBB05C84F94002B7D2B,
				46781BBC05C84F95002B7D2B,
				46781BBD05C84F95002B7D2B,
				46781BCA05C8505F002B7D2B,
				92ADA28C06266AA00093F2C8,
			);
			isa = PBXHeadersBuildPhase;
			runOnlyForDeploymentPostprocessing = 0;
		};
		46781BBA05C84F94002B7D2B = {
			fileRef = F50D05DA02E69B6B01CA2799;
			isa = PBXBuildFile;
			settings = {
			};
		};
		46781BBB05C84F94002B7D2B = {
			fileRef = F50D05E302E69B6B01CA2799;
			isa = PBXBuildFile;
			settings = {
			};
		};
		46781BBC05C84F95002B7D2B = {
			fileRef = 920DAED20425A5D200A80067;
			isa = PBXBuildFile;
			settings = {
			};
		};
		46781BBD05C84F95002B7D2B = {
			fileRef = AAE924420481416E00A8010B;
			isa = PBXBuildFile;
			settings = {
			};
		};
		46781BBE05C84F95002B7D2B = {
			buildActionMask = 2147483647;
			files = (
				46781BC005C84F95002B7D2B,
				46781BC105C84F95002B7D2B,
				46781BD105C854B9002B7D2B,
				46781BD305C85772002B7D2B,
				46781CED05C872AC002B7D2B,
				467E248B05CFF06E007951D5,
			);
			isa = PBXSourcesBuildPhase;
			runOnlyForDeploymentPostprocessing = 0;
		};
		46781BC005C84F95002B7D2B = {
			fileRef = F50D05D902E69B6B01CA2799;
			isa = PBXBuildFile;
			settings = {
			};
		};
		46781BC105C84F95002B7D2B = {
			fileRef = F50D05E202E69B6B01CA2799;
			isa = PBXBuildFile;
			settings = {
			};
		};
		46781BC205C84F95002B7D2B = {
			buildActionMask = 2147483647;
			files = (
				46781BC305C84F95002B7D2B,
			);
			isa = PBXFrameworksBuildPhase;
			runOnlyForDeploymentPostprocessing = 0;
		};
		46781BC305C84F95002B7D2B = {
			fileRef = F5499A1103A3023A01BA7E76;
			isa = PBXBuildFile;
			settings = {
			};
		};
		46781BC405C84F95002B7D2B = {
			buildActionMask = 2147483647;
			files = (
			);
			isa = PBXRezBuildPhase;
			runOnlyForDeploymentPostprocessing = 0;
		};
		46781BC505C84F95002B7D2B = {
			buildActionMask = 2147483647;
			files = (
			);
			isa = PBXShellScriptBuildPhase;
			runOnlyForDeploymentPostprocessing = 0;
			shellPath = /bin/sh;
			shellScript = "cp build/FFT2_UGens.scx build/plugins";
		};
		46781BC605C84F95002B7D2B = {
			explicitFileType = "compiled.mach-o.dylib";
			includeInIndex = 0;
			isa = PBXFileReference;
			path = FFT2_UGens.scx;
			refType = 3;
			sourceTree = BUILT_PRODUCTS_DIR;
		};
		46781BC805C8505F002B7D2B = {
			fileEncoding = 30;
			isa = PBXFileReference;
			lastKnownFileType = sourcecode.c.h;
			path = FFT_UGens.h;
			refType = 4;
			sourceTree = "<group>";
		};
		46781BCA05C8505F002B7D2B = {
			fileRef = 46781BC805C8505F002B7D2B;
			isa = PBXBuildFile;
			settings = {
			};
		};
		46781BCE05C85110002B7D2B = {
			containerPortal = F50D04F702E68E8201CA2799;
			isa = PBXContainerItemProxy;
			proxyType = 1;
			remoteGlobalIDString = 46781BB805C84F94002B7D2B;
			remoteInfo = FFT2_UGens;
		};
		46781BCF05C85110002B7D2B = {
			isa = PBXTargetDependency;
			target = 46781BB805C84F94002B7D2B;
			targetProxy = 46781BCE05C85110002B7D2B;
		};
		46781BD005C854B9002B7D2B = {
			fileEncoding = 4;
			isa = PBXFileReference;
			lastKnownFileType = sourcecode.cpp.cpp;
			path = PV_ThirdParty.cpp;
			refType = 4;
			sourceTree = "<group>";
		};
		46781BD105C854B9002B7D2B = {
			fileRef = 46781BD005C854B9002B7D2B;
			isa = PBXBuildFile;
			settings = {
			};
		};
		46781BD205C85772002B7D2B = {
			fileEncoding = 4;
			isa = PBXFileReference;
			lastKnownFileType = sourcecode.cpp.cpp;
			path = FFT2InterfaceTable.cpp;
			refType = 4;
			sourceTree = "<group>";
		};
		46781BD305C85772002B7D2B = {
			fileRef = 46781BD205C85772002B7D2B;
			isa = PBXBuildFile;
			settings = {
			};
		};
		46781CEC05C872AC002B7D2B = {
			fileEncoding = 30;
			isa = PBXFileReference;
			lastKnownFileType = sourcecode.cpp.cpp;
			path = Convolution.cpp;
			refType = 4;
			sourceTree = "<group>";
		};
		46781CED05C872AC002B7D2B = {
			fileRef = 46781CEC05C872AC002B7D2B;
			isa = PBXBuildFile;
			settings = {
			};
		};
		467E248A05CFF06E007951D5 = {
			fileEncoding = 4;
			isa = PBXFileReference;
			lastKnownFileType = sourcecode.cpp.cpp;
			path = FeatureDetection.cpp;
			refType = 4;
			sourceTree = "<group>";
		};
		467E248B05CFF06E007951D5 = {
			fileRef = 467E248A05CFF06E007951D5;
			isa = PBXBuildFile;
			settings = {
			};
		};
		46964EDB05B93E5600AB268B = {
			buildPhases = (
				46964EDC05B93E5600AB268B,
				46964EDF05B93E5600AB268B,
				46964EE105B93E5600AB268B,
				46964EE305B93E5600AB268B,
				46964EE405B93E5600AB268B,
			);
			buildSettings = {
				DYLIB_COMPATIBILITY_VERSION = 1;
				DYLIB_CURRENT_VERSION = 1;
				LIBRARY_STYLE = BUNDLE;
				OPTIMIZATION_CFLAGS = "-O3";
				OTHER_CFLAGS = "-DSC_DARWIN";
				OTHER_LDFLAGS = "";
				OTHER_LIBTOOL_FLAGS = "";
				OTHER_REZFLAGS = "";
				PRODUCT_NAME = GendynUGens.scx;
				REZ_EXECUTABLE = YES;
				SECTORDER_FLAGS = "";
				WARNING_CFLAGS = "-Wmost -Wno-four-char-constants -Wno-unknown-pragmas";
			};
			dependencies = (
			);
			isa = PBXLibraryTarget;
			name = GendynUGens;
			productInstallPath = /usr/local/lib;
			productName = TriggerUGens;
			productReference = 46964EE505B93E5600AB268B;
		};
		46964EDC05B93E5600AB268B = {
			buildActionMask = 2147483647;
			files = (
				46964EDD05B93E5600AB268B,
				46964EDE05B93E5600AB268B,
				92ADA28A06266AA00093F2C8,
			);
			isa = PBXHeadersBuildPhase;
			runOnlyForDeploymentPostprocessing = 0;
		};
		46964EDD05B93E5600AB268B = {
			fileRef = 920DAED20425A5D200A80067;
			isa = PBXBuildFile;
			settings = {
			};
		};
		46964EDE05B93E5600AB268B = {
			fileRef = AAE924420481416E00A8010B;
			isa = PBXBuildFile;
			settings = {
			};
		};
		46964EDF05B93E5600AB268B = {
			buildActionMask = 2147483647;
			files = (
				46964EF605B9408A00AB268B,
			);
			isa = PBXSourcesBuildPhase;
			runOnlyForDeploymentPostprocessing = 0;
		};
		46964EE105B93E5600AB268B = {
			buildActionMask = 2147483647;
			files = (
				46964EE205B93E5600AB268B,
			);
			isa = PBXFrameworksBuildPhase;
			runOnlyForDeploymentPostprocessing = 0;
		};
		46964EE205B93E5600AB268B = {
			fileRef = F5499A1103A3023A01BA7E76;
			isa = PBXBuildFile;
			settings = {
			};
		};
		46964EE305B93E5600AB268B = {
			buildActionMask = 2147483647;
			files = (
			);
			isa = PBXRezBuildPhase;
			runOnlyForDeploymentPostprocessing = 0;
		};
		46964EE405B93E5600AB268B = {
			buildActionMask = 2147483647;
			files = (
			);
			isa = PBXShellScriptBuildPhase;
			runOnlyForDeploymentPostprocessing = 0;
			shellPath = /bin/sh;
			shellScript = "cp build/GendynUGens.scx build/plugins";
		};
		46964EE505B93E5600AB268B = {
			explicitFileType = "compiled.mach-o.dylib";
			includeInIndex = 0;
			isa = PBXFileReference;
			path = GendynUGens.scx;
			refType = 3;
			sourceTree = BUILT_PRODUCTS_DIR;
		};
		46964EF505B9408A00AB268B = {
			fileEncoding = 30;
			isa = PBXFileReference;
			lastKnownFileType = sourcecode.cpp.cpp;
			path = GendynUGens.cpp;
			refType = 4;
			sourceTree = "<group>";
		};
		46964EF605B9408A00AB268B = {
			fileRef = 46964EF505B9408A00AB268B;
			isa = PBXBuildFile;
			settings = {
			};
		};
		46964F0505B94E5000AB268B = {
			containerPortal = F50D04F702E68E8201CA2799;
			isa = PBXContainerItemProxy;
			proxyType = 1;
			remoteGlobalIDString = 46964EDB05B93E5600AB268B;
			remoteInfo = GendynUGens;
		};
		46964F0605B94E5000AB268B = {
			isa = PBXTargetDependency;
			target = 46964EDB05B93E5600AB268B;
			targetProxy = 46964F0505B94E5000AB268B;
		};
//460
//461
//462
//463
//464
//920
//921
//922
//923
//924
		920DAED20425A5D200A80067 = {
			fileEncoding = 30;
			isa = PBXFileReference;
			lastKnownFileType = sourcecode.c.h;
			name = SC_Altivec.h;
			path = common/SC_Altivec.h;
			refType = 4;
			sourceTree = "<group>";
		};
		920DAED30425A5D200A80067 = {
			fileRef = 920DAED20425A5D200A80067;
			isa = PBXBuildFile;
			settings = {
			};
		};
		920DAED40425A5D200A80067 = {
			fileRef = 920DAED20425A5D200A80067;
			isa = PBXBuildFile;
			settings = {
			};
		};
		920DAED50425A5D200A80067 = {
			fileRef = 920DAED20425A5D200A80067;
			isa = PBXBuildFile;
			settings = {
			};
		};
		920DAED60425A5D200A80067 = {
			fileRef = 920DAED20425A5D200A80067;
			isa = PBXBuildFile;
			settings = {
			};
		};
		920DAED70425A5D200A80067 = {
			fileRef = 920DAED20425A5D200A80067;
			isa = PBXBuildFile;
			settings = {
			};
		};
		920DAED80425A5D200A80067 = {
			fileRef = 920DAED20425A5D200A80067;
			isa = PBXBuildFile;
			settings = {
			};
		};
		920DAED90425A5D200A80067 = {
			fileRef = 920DAED20425A5D200A80067;
			isa = PBXBuildFile;
			settings = {
			};
		};
		920DAEDA0425A5D200A80067 = {
			fileRef = 920DAED20425A5D200A80067;
			isa = PBXBuildFile;
			settings = {
			};
		};
		920DAEDB0425A5D200A80067 = {
			fileRef = 920DAED20425A5D200A80067;
			isa = PBXBuildFile;
			settings = {
			};
		};
		920DAEDC0425A5D200A80067 = {
			fileRef = 920DAED20425A5D200A80067;
			isa = PBXBuildFile;
			settings = {
			};
		};
		920DAEDD0425A5D200A80067 = {
			fileRef = 920DAED20425A5D200A80067;
			isa = PBXBuildFile;
			settings = {
			};
		};
		920DAEDE0425A5D200A80067 = {
			fileRef = 920DAED20425A5D200A80067;
			isa = PBXBuildFile;
			settings = {
			};
		};
		920DAEDF0425A5D200A80067 = {
			fileRef = 920DAED20425A5D200A80067;
			isa = PBXBuildFile;
			settings = {
			};
		};
		924710CF078A4A48001B3E08 = {
			containerPortal = F50D04F702E68E8201CA2799;
			isa = PBXContainerItemProxy;
			proxyType = 1;
			remoteGlobalIDString = 92962AE5078537100049266B;
			remoteInfo = ChaosUGens;
		};
		924710D0078A4A48001B3E08 = {
			isa = PBXTargetDependency;
			target = 92962AE5078537100049266B;
			targetProxy = 924710CF078A4A48001B3E08;
		};
		92962AE1078537100049266B = {
			buildActionMask = 2147483647;
			files = (
				92962AE7078537FD0049266B,
				92962AE8078537FE0049266B,
			);
			isa = PBXHeadersBuildPhase;
			runOnlyForDeploymentPostprocessing = 0;
		};
		92962AE2078537100049266B = {
			buildActionMask = 2147483647;
			files = (
				92962B0807853BDA0049266B,
			);
			isa = PBXSourcesBuildPhase;
			runOnlyForDeploymentPostprocessing = 0;
		};
		92962AE3078537100049266B = {
			buildActionMask = 2147483647;
			files = (
			);
			isa = PBXFrameworksBuildPhase;
			runOnlyForDeploymentPostprocessing = 0;
		};
		92962AE4078537100049266B = {
			buildActionMask = 2147483647;
			files = (
			);
			isa = PBXRezBuildPhase;
			runOnlyForDeploymentPostprocessing = 0;
		};
		92962AE5078537100049266B = {
			buildPhases = (
				92962AE1078537100049266B,
				92962AE2078537100049266B,
				92962AE3078537100049266B,
				92962AE4078537100049266B,
				92962B0B07853C010049266B,
			);
			buildSettings = {
				DYLIB_COMPATIBILITY_VERSION = 1;
				DYLIB_CURRENT_VERSION = 1;
				LIBRARY_STYLE = BUNDLE;
				OPTIMIZATION_CFLAGS = "-O3";
				OTHER_CFLAGS = "-DSC_DARWIN";
				OTHER_LDFLAGS = "";
				OTHER_LIBTOOL_FLAGS = "";
				OTHER_REZFLAGS = "";
				PRODUCT_NAME = ChaosUGens.scx;
				REZ_EXECUTABLE = YES;
				SECTORDER_FLAGS = "";
				WARNING_CFLAGS = "-Wmost -Wno-four-char-constants -Wno-unknown-pragmas";
			};
			dependencies = (
			);
			isa = PBXLibraryTarget;
			name = ChaosUGens;
			productInstallPath = /usr/local/lib;
			productName = ChaosUGens;
			productReference = 92962AE6078537100049266B;
		};
		92962AE6078537100049266B = {
			explicitFileType = "compiled.mach-o.dylib";
			includeInIndex = 0;
			isa = PBXFileReference;
			path = ChaosUGens.scx;
			refType = 3;
			sourceTree = BUILT_PRODUCTS_DIR;
		};
		92962AE7078537FD0049266B = {
			fileRef = 920DAED20425A5D200A80067;
			isa = PBXBuildFile;
			settings = {
			};
		};
		92962AE8078537FE0049266B = {
			fileRef = AAE924420481416E00A8010B;
			isa = PBXBuildFile;
			settings = {
			};
		};
		92962B0707853BDA0049266B = {
			fileEncoding = 30;
			isa = PBXFileReference;
			lastKnownFileType = sourcecode.cpp.cpp;
			path = ChaosUGens.cpp;
			refType = 4;
			sourceTree = "<group>";
		};
		92962B0807853BDA0049266B = {
			fileRef = 92962B0707853BDA0049266B;
			isa = PBXBuildFile;
			settings = {
			};
		};
		92962B0B07853C010049266B = {
			buildActionMask = 2147483647;
			files = (
			);
			inputPaths = (
			);
			isa = PBXShellScriptBuildPhase;
			outputPaths = (
			);
			runOnlyForDeploymentPostprocessing = 0;
			shellPath = /bin/sh;
			shellScript = "cp build/ChaosUGens.scx build/plugins";
		};
		92ADA1DB06265AC20093F2C8 = {
			buildActionMask = 2147483647;
			files = (
				92ADA28D06266AA00093F2C8,
			);
			isa = PBXHeadersBuildPhase;
			runOnlyForDeploymentPostprocessing = 0;
		};
		92ADA1DC06265AC20093F2C8 = {
			buildActionMask = 2147483647;
			files = (
				92F246640628AB3E0063D98D,
			);
			isa = PBXSourcesBuildPhase;
			runOnlyForDeploymentPostprocessing = 0;
		};
		92ADA1DD06265AC20093F2C8 = {
			buildActionMask = 2147483647;
			files = (
			);
			isa = PBXFrameworksBuildPhase;
			runOnlyForDeploymentPostprocessing = 0;
		};
		92ADA1DE06265AC20093F2C8 = {
			buildActionMask = 2147483647;
			files = (
			);
			isa = PBXRezBuildPhase;
			runOnlyForDeploymentPostprocessing = 0;
		};
		92ADA1DF06265AC20093F2C8 = {
			buildPhases = (
				92ADA1DB06265AC20093F2C8,
				92ADA1DC06265AC20093F2C8,
				92ADA1DD06265AC20093F2C8,
				92ADA1DE06265AC20093F2C8,
				92ADA1FA06265B970093F2C8,
			);
			buildSettings = {
				DYLIB_COMPATIBILITY_VERSION = 1;
				DYLIB_CURRENT_VERSION = 1;
				LIBRARY_STYLE = BUNDLE;
				OTHER_CFLAGS = "-DSC_DARWIN";
				OTHER_LDFLAGS = "";
				OTHER_LIBTOOL_FLAGS = "";
				OTHER_REZFLAGS = "";
				PRODUCT_NAME = DemandUGens.scx;
				REZ_EXECUTABLE = YES;
				SECTORDER_FLAGS = "";
				WARNING_CFLAGS = "-Wmost -Wno-four-char-constants -Wno-unknown-pragmas";
			};
			dependencies = (
			);
			isa = PBXLibraryTarget;
			name = DemandUGens;
			productInstallPath = /usr/local/lib;
			productName = DemandUGens;
			productReference = 92ADA1E006265AC20093F2C8;
		};
		92ADA1E006265AC20093F2C8 = {
			explicitFileType = "compiled.mach-o.dylib";
			includeInIndex = 0;
			isa = PBXFileReference;
			path = DemandUGens.scx;
			refType = 3;
			sourceTree = BUILT_PRODUCTS_DIR;
		};
		92ADA1FA06265B970093F2C8 = {
			buildActionMask = 2147483647;
			files = (
			);
			inputPaths = (
			);
			isa = PBXShellScriptBuildPhase;
			outputPaths = (
			);
			runOnlyForDeploymentPostprocessing = 0;
			shellPath = /bin/sh;
			shellScript = "cp build/DemandUGens.scx build/plugins";
		};
		92ADA1FE06265BC40093F2C8 = {
			containerPortal = F50D04F702E68E8201CA2799;
			isa = PBXContainerItemProxy;
			proxyType = 1;
			remoteGlobalIDString = 92ADA1DF06265AC20093F2C8;
			remoteInfo = DemandUGens;
		};
		92ADA1FF06265BC40093F2C8 = {
			isa = PBXTargetDependency;
			target = 92ADA1DF06265AC20093F2C8;
			targetProxy = 92ADA1FE06265BC40093F2C8;
		};
		92ADA27B06266AA00093F2C8 = {
			fileEncoding = 4;
			isa = PBXFileReference;
			lastKnownFileType = sourcecode.c.h;
			path = SC_DemandUnit.h;
			refType = 4;
			sourceTree = "<group>";
		};
		92ADA27C06266AA00093F2C8 = {
			fileRef = 92ADA27B06266AA00093F2C8;
			isa = PBXBuildFile;
			settings = {
			};
		};
		92ADA27D06266AA00093F2C8 = {
			fileRef = 92ADA27B06266AA00093F2C8;
			isa = PBXBuildFile;
			settings = {
			};
		};
		92ADA27E06266AA00093F2C8 = {
			fileRef = 92ADA27B06266AA00093F2C8;
			isa = PBXBuildFile;
			settings = {
			};
		};
		92ADA27F06266AA00093F2C8 = {
			fileRef = 92ADA27B06266AA00093F2C8;
			isa = PBXBuildFile;
			settings = {
			};
		};
		92ADA28006266AA00093F2C8 = {
			fileRef = 92ADA27B06266AA00093F2C8;
			isa = PBXBuildFile;
			settings = {
			};
		};
		92ADA28106266AA00093F2C8 = {
			fileRef = 92ADA27B06266AA00093F2C8;
			isa = PBXBuildFile;
			settings = {
			};
		};
		92ADA28206266AA00093F2C8 = {
			fileRef = 92ADA27B06266AA00093F2C8;
			isa = PBXBuildFile;
			settings = {
			};
		};
		92ADA28306266AA00093F2C8 = {
			fileRef = 92ADA27B06266AA00093F2C8;
			isa = PBXBuildFile;
			settings = {
			};
		};
		92ADA28406266AA00093F2C8 = {
			fileRef = 92ADA27B06266AA00093F2C8;
			isa = PBXBuildFile;
			settings = {
			};
		};
		92ADA28506266AA00093F2C8 = {
			fileRef = 92ADA27B06266AA00093F2C8;
			isa = PBXBuildFile;
			settings = {
			};
		};
		92ADA28606266AA00093F2C8 = {
			fileRef = 92ADA27B06266AA00093F2C8;
			isa = PBXBuildFile;
			settings = {
			};
		};
		92ADA28706266AA00093F2C8 = {
			fileRef = 92ADA27B06266AA00093F2C8;
			isa = PBXBuildFile;
			settings = {
			};
		};
		92ADA28806266AA00093F2C8 = {
			fileRef = 92ADA27B06266AA00093F2C8;
			isa = PBXBuildFile;
			settings = {
			};
		};
		92ADA28906266AA00093F2C8 = {
			fileRef = 92ADA27B06266AA00093F2C8;
			isa = PBXBuildFile;
			settings = {
			};
		};
		92ADA28A06266AA00093F2C8 = {
			fileRef = 92ADA27B06266AA00093F2C8;
			isa = PBXBuildFile;
			settings = {
			};
		};
		92ADA28B06266AA00093F2C8 = {
			fileRef = 92ADA27B06266AA00093F2C8;
			isa = PBXBuildFile;
			settings = {
			};
		};
		92ADA28C06266AA00093F2C8 = {
			fileRef = 92ADA27B06266AA00093F2C8;
			isa = PBXBuildFile;
			settings = {
			};
		};
		92ADA28D06266AA00093F2C8 = {
			fileRef = 92ADA27B06266AA00093F2C8;
			isa = PBXBuildFile;
			settings = {
			};
		};
		92B5F2F30547315200496808 = {
			containerPortal = F50D04F702E68E8201CA2799;
			isa = PBXContainerItemProxy;
			proxyType = 1;
			remoteGlobalIDString = F5B741FB02E9D32B01CA2799;
			remoteInfo = TriggerUGens;
		};
		92B5F2F40547315200496808 = {
			containerPortal = F50D04F702E68E8201CA2799;
			isa = PBXContainerItemProxy;
			proxyType = 1;
			remoteGlobalIDString = 92CCC524045B4BFD00CA2167;
			remoteInfo = MacUGens;
		};
		92B5F2F50547315200496808 = {
			containerPortal = F50D04F702E68E8201CA2799;
			isa = PBXContainerItemProxy;
			proxyType = 1;
			remoteGlobalIDString = F5B7408602E9455801CA2799;
			remoteInfo = UnaryOpUGens;
		};
		92B5F2F60547315200496808 = {
			containerPortal = F50D04F702E68E8201CA2799;
			isa = PBXContainerItemProxy;
			proxyType = 1;
			remoteGlobalIDString = F5B741F402E9D0C501CA2799;
			remoteInfo = PanUGens;
		};
		92B5F2F70547315200496808 = {
			containerPortal = F50D04F702E68E8201CA2799;
			isa = PBXContainerItemProxy;
			proxyType = 1;
			remoteGlobalIDString = F5B741D402E9CBFE01CA2799;
			remoteInfo = OSCUGens;
		};
		92B5F2F80547315200496808 = {
			containerPortal = F50D04F702E68E8201CA2799;
			isa = PBXContainerItemProxy;
			proxyType = 1;
			remoteGlobalIDString = F5B740C902E94F7101CA2799;
			remoteInfo = NoiseUGens;
		};
		92B5F2F90547315200496808 = {
			containerPortal = F50D04F702E68E8201CA2799;
			isa = PBXContainerItemProxy;
			proxyType = 1;
			remoteGlobalIDString = F5B741B502E9BD8501CA2799;
			remoteInfo = MulAddUGens;
		};
		92B5F2FA0547315200496808 = {
			containerPortal = F50D04F702E68E8201CA2799;
			isa = PBXContainerItemProxy;
			proxyType = 1;
			remoteGlobalIDString = F5B7419402E9BC6101CA2799;
			remoteInfo = LFUGens;
		};
		92B5F2FB0547315200496808 = {
			containerPortal = F50D04F702E68E8201CA2799;
			isa = PBXContainerItemProxy;
			proxyType = 1;
			remoteGlobalIDString = F5B7417302E9BAE901CA2799;
			remoteInfo = IOUGens;
		};
		92B5F2FC0547315200496808 = {
			containerPortal = F50D04F702E68E8201CA2799;
			isa = PBXContainerItemProxy;
			proxyType = 1;
			remoteGlobalIDString = F5B7415202E9582B01CA2799;
			remoteInfo = FilterUGens;
		};
		92B5F2FD0547315200496808 = {
			containerPortal = F50D04F702E68E8201CA2799;
			isa = PBXContainerItemProxy;
			proxyType = 1;
			remoteGlobalIDString = F5B7412E02E9554601CA2799;
			remoteInfo = FFT_UGens;
		};
		92B5F2FE0547315200496808 = {
			containerPortal = F50D04F702E68E8201CA2799;
			isa = PBXContainerItemProxy;
			proxyType = 1;
			remoteGlobalIDString = F5B7410D02E9544701CA2799;
			remoteInfo = DiskIOUGens;
		};
		92B5F2FF0547315200496808 = {
			containerPortal = F50D04F702E68E8201CA2799;
			isa = PBXContainerItemProxy;
			proxyType = 1;
			remoteGlobalIDString = F5B740E802E9525E01CA2799;
			remoteInfo = DelayUGens;
		};
		92B5F3000547315200496808 = {
			containerPortal = F50D04F702E68E8201CA2799;
			isa = PBXContainerItemProxy;
			proxyType = 1;
			remoteGlobalIDString = F5B740A802E94E2001CA2799;
			remoteInfo = BinaryOpUGens;
		};
		92CCC51E045B451100CA2167 = {
			fileEncoding = 4;
			isa = PBXFileReference;
			lastKnownFileType = sourcecode.cpp.cpp;
			path = MacUGens.cpp;
			refType = 4;
			sourceTree = "<group>";
		};
		92CCC51F045B4BDE00CA2167 = {
			isa = PBXFileReference;
			lastKnownFileType = wrapper.framework;
			name = Carbon.framework;
			path = /System/Library/Frameworks/Carbon.framework;
			refType = 0;
			sourceTree = "<absolute>";
		};
		92CCC520045B4BFD00CA2167 = {
			buildActionMask = 2147483647;
			files = (
				AAE924500481416E00A8010B,
				92ADA28906266AA00093F2C8,
			);
			isa = PBXHeadersBuildPhase;
			runOnlyForDeploymentPostprocessing = 0;
		};
		92CCC521045B4BFD00CA2167 = {
			buildActionMask = 2147483647;
			files = (
				92CCC527045B4C8500CA2167,
			);
			isa = PBXSourcesBuildPhase;
			runOnlyForDeploymentPostprocessing = 0;
		};
		92CCC522045B4BFD00CA2167 = {
			buildActionMask = 2147483647;
			files = (
				92CCC528045B4C8700CA2167,
			);
			isa = PBXFrameworksBuildPhase;
			runOnlyForDeploymentPostprocessing = 0;
		};
		92CCC523045B4BFD00CA2167 = {
			buildActionMask = 2147483647;
			files = (
			);
			isa = PBXRezBuildPhase;
			runOnlyForDeploymentPostprocessing = 0;
		};
		92CCC524045B4BFD00CA2167 = {
			buildPhases = (
				92CCC520045B4BFD00CA2167,
				92CCC521045B4BFD00CA2167,
				92CCC522045B4BFD00CA2167,
				92CCC523045B4BFD00CA2167,
				92CCC526045B4C4900CA2167,
			);
			buildSettings = {
				DYLIB_COMPATIBILITY_VERSION = 1;
				DYLIB_CURRENT_VERSION = 1;
				LIBRARY_STYLE = BUNDLE;
				OTHER_CFLAGS = "-DSC_DARWIN";
				OTHER_LDFLAGS = "";
				OTHER_LIBTOOL_FLAGS = "";
				OTHER_REZFLAGS = "";
				PRODUCT_NAME = MacUGens.scx;
				REZ_EXECUTABLE = YES;
				SECTORDER_FLAGS = "";
				WARNING_CFLAGS = "-Wmost -Wno-four-char-constants -Wno-unknown-pragmas";
			};
			dependencies = (
			);
			isa = PBXLibraryTarget;
			name = MacUGens;
			productInstallPath = /usr/local/lib;
			productName = MacUGens;
			productReference = 92CCC525045B4BFD00CA2167;
		};
		92CCC525045B4BFD00CA2167 = {
			explicitFileType = "compiled.mach-o.dylib";
			isa = PBXFileReference;
			path = MacUGens.scx;
			refType = 3;
			sourceTree = BUILT_PRODUCTS_DIR;
		};
		92CCC526045B4C4900CA2167 = {
			buildActionMask = 2147483647;
			files = (
			);
			isa = PBXShellScriptBuildPhase;
			runOnlyForDeploymentPostprocessing = 0;
			shellPath = /bin/sh;
			shellScript = "cp build/MacUGens.scx build/plugins";
		};
		92CCC527045B4C8500CA2167 = {
			fileRef = 92CCC51E045B451100CA2167;
			isa = PBXBuildFile;
			settings = {
			};
		};
		92CCC528045B4C8700CA2167 = {
			fileRef = 92CCC51F045B4BDE00CA2167;
			isa = PBXBuildFile;
			settings = {
			};
		};
		92CCC529045B4CA700CA2167 = {
			isa = PBXTargetDependency;
			target = 92CCC524045B4BFD00CA2167;
			targetProxy = 92B5F2F40547315200496808;
		};
		92F246630628AB3E0063D98D = {
			fileEncoding = 30;
			isa = PBXFileReference;
			lastKnownFileType = sourcecode.cpp.cpp;
			path = DemandUGens.cpp;
			refType = 4;
			sourceTree = "<group>";
		};
		92F246640628AB3E0063D98D = {
			fileRef = 92F246630628AB3E0063D98D;
			isa = PBXBuildFile;
			settings = {
			};
		};
		92FF072D064A325200AF4C45 = {
			fileRef = 92CCC51F045B4BDE00CA2167;
			isa = PBXBuildFile;
			settings = {
			};
		};
//920
//921
//922
//923
//924
//AA0
//AA1
//AA2
//AA3
//AA4
		AAE924420481416E00A8010B = {
			fileEncoding = 30;
			isa = PBXFileReference;
			lastKnownFileType = sourcecode.c.h;
			name = SC_Endian.h;
			path = common/SC_Endian.h;
			refType = 4;
			sourceTree = "<group>";
		};
		AAE924430481416E00A8010B = {
			fileRef = AAE924420481416E00A8010B;
			isa = PBXBuildFile;
			settings = {
			};
		};
		AAE924440481416E00A8010B = {
			fileRef = AAE924420481416E00A8010B;
			isa = PBXBuildFile;
			settings = {
			};
		};
		AAE924450481416E00A8010B = {
			fileRef = AAE924420481416E00A8010B;
			isa = PBXBuildFile;
			settings = {
			};
		};
		AAE924460481416E00A8010B = {
			fileRef = AAE924420481416E00A8010B;
			isa = PBXBuildFile;
			settings = {
			};
		};
		AAE924470481416E00A8010B = {
			fileRef = AAE924420481416E00A8010B;
			isa = PBXBuildFile;
			settings = {
			};
		};
		AAE924480481416E00A8010B = {
			fileRef = AAE924420481416E00A8010B;
			isa = PBXBuildFile;
			settings = {
			};
		};
		AAE924490481416E00A8010B = {
			fileRef = AAE924420481416E00A8010B;
			isa = PBXBuildFile;
			settings = {
			};
		};
		AAE9244A0481416E00A8010B = {
			fileRef = AAE924420481416E00A8010B;
			isa = PBXBuildFile;
			settings = {
			};
		};
		AAE9244B0481416E00A8010B = {
			fileRef = AAE924420481416E00A8010B;
			isa = PBXBuildFile;
			settings = {
			};
		};
		AAE9244C0481416E00A8010B = {
			fileRef = AAE924420481416E00A8010B;
			isa = PBXBuildFile;
			settings = {
			};
		};
		AAE9244D0481416E00A8010B = {
			fileRef = AAE924420481416E00A8010B;
			isa = PBXBuildFile;
			settings = {
			};
		};
		AAE9244E0481416E00A8010B = {
			fileRef = AAE924420481416E00A8010B;
			isa = PBXBuildFile;
			settings = {
			};
		};
		AAE9244F0481416E00A8010B = {
			fileRef = AAE924420481416E00A8010B;
			isa = PBXBuildFile;
			settings = {
			};
		};
		AAE924500481416E00A8010B = {
			fileRef = AAE924420481416E00A8010B;
			isa = PBXBuildFile;
			settings = {
			};
		};
//AA0
//AA1
//AA2
//AA3
//AA4
//B90
//B91
//B92
//B93
//B94
		B969D9FC069187BE0096E93F = {
			buildPhases = (
				B969D9FD069187BE0096E93F,
				B969DA01069187BE0096E93F,
				B969DA03069187BE0096E93F,
				B969DA05069187BE0096E93F,
				B969DA06069187BE0096E93F,
			);
			buildSettings = {
				DYLIB_COMPATIBILITY_VERSION = 1;
				DYLIB_CURRENT_VERSION = 1;
				LIBRARY_STYLE = BUNDLE;
				OPTIMIZATION_CFLAGS = "-O3";
				OTHER_CFLAGS = "-DSC_DARWIN";
				OTHER_LDFLAGS = "";
				OTHER_LIBTOOL_FLAGS = "";
				OTHER_REZFLAGS = "";
				PRODUCT_NAME = DynNoiseUGens.scx;
				REZ_EXECUTABLE = YES;
				SECTORDER_FLAGS = "";
				WARNING_CFLAGS = "-Wmost -Wno-four-char-constants -Wno-unknown-pragmas";
			};
			dependencies = (
			);
			isa = PBXLibraryTarget;
			name = DynNoiseUGens;
			productInstallPath = /usr/local/lib;
			productName = NoiseUGens;
			productReference = B969DA07069187BE0096E93F;
		};
		B969D9FD069187BE0096E93F = {
			buildActionMask = 2147483647;
			files = (
				B969D9FE069187BE0096E93F,
				B969D9FF069187BE0096E93F,
				B969DA00069187BE0096E93F,
			);
			isa = PBXHeadersBuildPhase;
			runOnlyForDeploymentPostprocessing = 0;
		};
		B969D9FE069187BE0096E93F = {
			fileRef = 920DAED20425A5D200A80067;
			isa = PBXBuildFile;
			settings = {
			};
		};
		B969D9FF069187BE0096E93F = {
			fileRef = AAE924420481416E00A8010B;
			isa = PBXBuildFile;
			settings = {
			};
		};
		B969DA00069187BE0096E93F = {
			fileRef = 92ADA27B06266AA00093F2C8;
			isa = PBXBuildFile;
			settings = {
			};
		};
		B969DA01069187BE0096E93F = {
			buildActionMask = 2147483647;
			files = (
				B969DA0D0691887B0096E93F,
			);
			isa = PBXSourcesBuildPhase;
			runOnlyForDeploymentPostprocessing = 0;
		};
		B969DA03069187BE0096E93F = {
			buildActionMask = 2147483647;
			files = (
				B969DA04069187BE0096E93F,
			);
			isa = PBXFrameworksBuildPhase;
			runOnlyForDeploymentPostprocessing = 0;
		};
		B969DA04069187BE0096E93F = {
			fileRef = F5499A1103A3023A01BA7E76;
			isa = PBXBuildFile;
			settings = {
			};
		};
		B969DA05069187BE0096E93F = {
			buildActionMask = 2147483647;
			files = (
			);
			isa = PBXRezBuildPhase;
			runOnlyForDeploymentPostprocessing = 0;
		};
		B969DA06069187BE0096E93F = {
			buildActionMask = 2147483647;
			files = (
			);
			isa = PBXShellScriptBuildPhase;
			runOnlyForDeploymentPostprocessing = 0;
			shellPath = /bin/sh;
			shellScript = "cp build/DynNoiseUGens.scx build/plugins";
		};
		B969DA07069187BE0096E93F = {
			explicitFileType = "compiled.mach-o.dylib";
			includeInIndex = 0;
			isa = PBXFileReference;
			path = DynNoiseUGens.scx;
			refType = 3;
			sourceTree = BUILT_PRODUCTS_DIR;
		};
		B969DA0C0691887B0096E93F = {
			fileEncoding = 30;
			isa = PBXFileReference;
			lastKnownFileType = sourcecode.cpp.cpp;
			path = DynNoiseUGens.cpp;
			refType = 4;
			sourceTree = "<group>";
		};
		B969DA0D0691887B0096E93F = {
			fileRef = B969DA0C0691887B0096E93F;
			isa = PBXBuildFile;
			settings = {
			};
		};
		B969DA10069188990096E93F = {
			containerPortal = F50D04F702E68E8201CA2799;
			isa = PBXContainerItemProxy;
			proxyType = 1;
			remoteGlobalIDString = B969D9FC069187BE0096E93F;
			remoteInfo = DynNoiseUGens;
		};
		B969DA11069188990096E93F = {
			isa = PBXTargetDependency;
			target = B969D9FC069187BE0096E93F;
			targetProxy = B969DA10069188990096E93F;
		};
//B90
//B91
//B92
//B93
//B94
//F50
//F51
//F52
//F53
//F54
		F50D04F702E68E8201CA2799 = {
			buildSettings = {
			};
			buildStyles = (
				F50D04F902E68E8201CA2799,
				F50D04FA02E68E8201CA2799,
			);
			hasScannedForEncodings = 1;
			isa = PBXProject;
			mainGroup = F50D04F802E68E8201CA2799;
			productRefGroup = F50D060302E69C2101CA2799;
			projectDirPath = "";
			targets = (
				F5B740A502E94DC001CA2799,
				F5B740A802E94E2001CA2799,
				F5B740E802E9525E01CA2799,
				F5B7410D02E9544701CA2799,
				F5B7412E02E9554601CA2799,
				F5B7415202E9582B01CA2799,
				F5B7417302E9BAE901CA2799,
				F5B7419402E9BC6101CA2799,
				F5B741B502E9BD8501CA2799,
				F5B740C902E94F7101CA2799,
				F5B741D402E9CBFE01CA2799,
				F5B741F402E9D0C501CA2799,
				F5B741FB02E9D32B01CA2799,
				F5B7408602E9455801CA2799,
				92CCC524045B4BFD00CA2167,
				46964EDB05B93E5600AB268B,
				46738FFD05C7E11A00EE082A,
				46781BB805C84F94002B7D2B,
				92ADA1DF06265AC20093F2C8,
				B969D9FC069187BE0096E93F,
				92962AE5078537100049266B,
			);
		};
		F50D04F802E68E8201CA2799 = {
			children = (
				F50D04FB02E69B6B01CA2799,
				F50D057E02E69B6B01CA2799,
				F50D060302E69C2101CA2799,
				F50D069402E6A1C601CA2799,
				F50D069D02E6A1C601CA2799,
			);
			isa = PBXGroup;
			refType = 4;
			sourceTree = "<group>";
		};
		F50D04F902E68E8201CA2799 = {
			buildSettings = {
				COPY_PHASE_STRIP = NO;
				GCC_DYNAMIC_NO_PIC = NO;
				GCC_ENABLE_FIX_AND_CONTINUE = YES;
				GCC_GENERATE_DEBUGGING_SYMBOLS = YES;
				GCC_OPTIMIZATION_LEVEL = 0;
				OPTIMIZATION_CFLAGS = "-O0 -faltivec";
				ZERO_LINK = YES;
			};
			isa = PBXBuildStyle;
			name = Development;
		};
		F50D04FA02E68E8201CA2799 = {
			buildSettings = {
				COPY_PHASE_STRIP = YES;
				GCC_ENABLE_FIX_AND_CONTINUE = NO;
				OPTIMIZATION_CFLAGS = "-O3 -faltivec";
				ZERO_LINK = NO;
			};
			isa = PBXBuildStyle;
			name = Deployment;
		};
		F50D04FB02E69B6B01CA2799 = {
			children = (
				F5D127DC03355EEC0164B34C,
				F50D054502E69B6B01CA2799,
				F5959CFC0339983D01A80099,
			);
			isa = PBXGroup;
			path = headers;
			refType = 4;
			sourceTree = "<group>";
		};
		F50D054502E69B6B01CA2799 = {
			children = (
				F50D054602E69B6B01CA2799,
				F50D054702E69B6B01CA2799,
				F50D054802E69B6B01CA2799,
				F50D054902E69B6B01CA2799,
				F50D054A02E69B6B01CA2799,
				92ADA27B06266AA00093F2C8,
				F50D054B02E69B6B01CA2799,
				F50D054C02E69B6B01CA2799,
				F50D054D02E69B6B01CA2799,
				F50D054E02E69B6B01CA2799,
				F50D054F02E69B6B01CA2799,
				F50D055002E69B6B01CA2799,
				F50D055102E69B6B01CA2799,
				F50D055202E69B6B01CA2799,
				F50D055302E69B6B01CA2799,
				F50D055402E69B6B01CA2799,
				F50D055502E69B6B01CA2799,
				F50D055602E69B6B01CA2799,
				F50D055702E69B6B01CA2799,
				F50D055802E69B6B01CA2799,
				F50D055902E69B6B01CA2799,
				F50D055A02E69B6B01CA2799,
				F50D055D02E69B6B01CA2799,
			);
			isa = PBXGroup;
			path = plugin_interface;
			refType = 4;
			sourceTree = "<group>";
		};
		F50D054602E69B6B01CA2799 = {
			fileEncoding = 30;
			isa = PBXFileReference;
			lastKnownFileType = sourcecode.c.h;
			path = clz.h;
			refType = 4;
			sourceTree = "<group>";
		};
		F50D054702E69B6B01CA2799 = {
			fileEncoding = 30;
			isa = PBXFileReference;
			lastKnownFileType = sourcecode.c.h;
			path = Hash.h;
			refType = 4;
			sourceTree = "<group>";
		};
		F50D054802E69B6B01CA2799 = {
			fileEncoding = 30;
			isa = PBXFileReference;
			lastKnownFileType = sourcecode.c.h;
			path = SC_BoundsMacros.h;
			refType = 4;
			sourceTree = "<group>";
		};
		F50D054902E69B6B01CA2799 = {
			fileEncoding = 30;
			isa = PBXFileReference;
			lastKnownFileType = sourcecode.c.h;
			path = SC_BufGen.h;
			refType = 4;
			sourceTree = "<group>";
		};
		F50D054A02E69B6B01CA2799 = {
			fileEncoding = 30;
			isa = PBXFileReference;
			lastKnownFileType = sourcecode.c.h;
			path = SC_Constants.h;
			refType = 4;
			sourceTree = "<group>";
		};
		F50D054B02E69B6B01CA2799 = {
			fileEncoding = 30;
			isa = PBXFileReference;
			lastKnownFileType = sourcecode.c.h;
			path = SC_Dimension.h;
			refType = 4;
			sourceTree = "<group>";
		};
		F50D054C02E69B6B01CA2799 = {
			fileEncoding = 30;
			isa = PBXFileReference;
			lastKnownFileType = sourcecode.c.h;
			path = SC_FifoMsg.h;
			refType = 4;
			sourceTree = "<group>";
		};
		F50D054D02E69B6B01CA2799 = {
			fileEncoding = 30;
			isa = PBXFileReference;
			lastKnownFileType = sourcecode.c.h;
			path = SC_Graph.h;
			refType = 4;
			sourceTree = "<group>";
		};
		F50D054E02E69B6B01CA2799 = {
			fileEncoding = 30;
			isa = PBXFileReference;
			lastKnownFileType = sourcecode.c.h;
			path = SC_InlineBinaryOp.h;
			refType = 4;
			sourceTree = "<group>";
		};
		F50D054F02E69B6B01CA2799 = {
			fileEncoding = 30;
			isa = PBXFileReference;
			lastKnownFileType = sourcecode.c.h;
			path = SC_InlineUnaryOp.h;
			refType = 4;
			sourceTree = "<group>";
		};
		F50D055002E69B6B01CA2799 = {
			fileEncoding = 30;
			isa = PBXFileReference;
			lastKnownFileType = sourcecode.c.h;
			path = SC_InterfaceTable.h;
			refType = 4;
			sourceTree = "<group>";
		};
		F50D055102E69B6B01CA2799 = {
			fileEncoding = 30;
			isa = PBXFileReference;
			lastKnownFileType = sourcecode.c.h;
			path = sc_msg_iter.h;
			refType = 4;
			sourceTree = "<group>";
		};
		F50D055202E69B6B01CA2799 = {
			fileEncoding = 30;
			isa = PBXFileReference;
			lastKnownFileType = sourcecode.c.h;
			path = SC_Node.h;
			refType = 4;
			sourceTree = "<group>";
		};
		F50D055302E69B6B01CA2799 = {
			fileEncoding = 30;
			isa = PBXFileReference;
			lastKnownFileType = sourcecode.c.h;
			path = SC_PlugIn.h;
			refType = 4;
			sourceTree = "<group>";
		};
		F50D055402E69B6B01CA2799 = {
			fileEncoding = 30;
			isa = PBXFileReference;
			lastKnownFileType = sourcecode.c.h;
			path = SC_Rate.h;
			refType = 4;
			sourceTree = "<group>";
		};
		F50D055502E69B6B01CA2799 = {
			fileEncoding = 30;
			isa = PBXFileReference;
			lastKnownFileType = sourcecode.c.h;
			path = SC_RGen.h;
			refType = 4;
			sourceTree = "<group>";
		};
		F50D055602E69B6B01CA2799 = {
			fileEncoding = 30;
			isa = PBXFileReference;
			lastKnownFileType = sourcecode.c.h;
			path = SC_SndBuf.h;
			refType = 4;
			sourceTree = "<group>";
		};
		F50D055702E69B6B01CA2799 = {
			fileEncoding = 30;
			isa = PBXFileReference;
			lastKnownFileType = sourcecode.c.h;
			path = SC_Types.h;
			refType = 4;
			sourceTree = "<group>";
		};
		F50D055802E69B6B01CA2799 = {
			fileEncoding = 30;
			isa = PBXFileReference;
			lastKnownFileType = sourcecode.c.h;
			path = SC_Unit.h;
			refType = 4;
			sourceTree = "<group>";
		};
		F50D055902E69B6B01CA2799 = {
			fileEncoding = 30;
			isa = PBXFileReference;
			lastKnownFileType = sourcecode.c.h;
			path = SC_Wire.h;
			refType = 4;
			sourceTree = "<group>";
		};
		F50D055A02E69B6B01CA2799 = {
			fileEncoding = 30;
			isa = PBXFileReference;
			lastKnownFileType = sourcecode.c.h;
			path = SC_World.h;
			refType = 4;
			sourceTree = "<group>";
		};
		F50D055D02E69B6B01CA2799 = {
			fileEncoding = 30;
			isa = PBXFileReference;
			lastKnownFileType = sourcecode.c.h;
			path = Unroll.h;
			refType = 4;
			sourceTree = "<group>";
		};
		F50D057E02E69B6B01CA2799 = {
			children = (
				F50D05D302E69B6B01CA2799,
				F5959D010339A71301A80099,
			);
			isa = PBXGroup;
			path = source;
			refType = 4;
			sourceTree = "<group>";
		};
		F50D05D302E69B6B01CA2799 = {
			children = (
				B969DA0C0691887B0096E93F,
				4673900C05C7E23300EE082A,
				46964EF505B9408A00AB268B,
				F50D05D502E69B6B01CA2799,
				F50D05D602E69B6B01CA2799,
				F50D05D702E69B6B01CA2799,
				F50D05D802E69B6B01CA2799,
				46781BC805C8505F002B7D2B,
				46781BD205C85772002B7D2B,
				46781BD005C854B9002B7D2B,
				46781CEC05C872AC002B7D2B,
				467E248A05CFF06E007951D5,
				F50D05D902E69B6B01CA2799,
				F50D05DA02E69B6B01CA2799,
				F50D05DB02E69B6B01CA2799,
				F50D05DC02E69B6B01CA2799,
				F50D05DD02E69B6B01CA2799,
				F50D05DE02E69B6B01CA2799,
				F50D05DF02E69B6B01CA2799,
				F50D05E002E69B6B01CA2799,
				F50D05E102E69B6B01CA2799,
				F50D05E202E69B6B01CA2799,
				F50D05E302E69B6B01CA2799,
				F50D05E402E69B6B01CA2799,
				F50D05E502E69B6B01CA2799,
				92CCC51E045B451100CA2167,
				92F246630628AB3E0063D98D,
				92962B0707853BDA0049266B,
			);
			isa = PBXGroup;
			path = plugins;
			refType = 4;
			sourceTree = "<group>";
		};
		F50D05D502E69B6B01CA2799 = {
			fileEncoding = 30;
			isa = PBXFileReference;
			lastKnownFileType = sourcecode.cpp.cpp;
			path = BinaryOpUGens.cpp;
			refType = 4;
			sourceTree = "<group>";
		};
		F50D05D602E69B6B01CA2799 = {
			fileEncoding = 30;
			isa = PBXFileReference;
			lastKnownFileType = sourcecode.cpp.cpp;
			lineEnding = 0;
			path = DelayUGens.cpp;
			refType = 4;
			sourceTree = "<group>";
		};
		F50D05D702E69B6B01CA2799 = {
			fileEncoding = 30;
			isa = PBXFileReference;
			lastKnownFileType = sourcecode.cpp.cpp;
			lineEnding = 0;
			path = DiskIO_UGens.cpp;
			refType = 4;
			sourceTree = "<group>";
		};
		F50D05D802E69B6B01CA2799 = {
			fileEncoding = 30;
			isa = PBXFileReference;
			lastKnownFileType = sourcecode.cpp.cpp;
			lineEnding = 0;
			path = FFT_UGens.cpp;
			refType = 4;
			sourceTree = "<group>";
		};
		F50D05D902E69B6B01CA2799 = {
			fileEncoding = 30;
			isa = PBXFileReference;
			lastKnownFileType = sourcecode.c.c;
			lineEnding = 0;
			path = fftlib.c;
			refType = 4;
			sourceTree = "<group>";
		};
		F50D05DA02E69B6B01CA2799 = {
			fileEncoding = 30;
			isa = PBXFileReference;
			lastKnownFileType = sourcecode.c.h;
			lineEnding = 0;
			path = fftlib.h;
			refType = 4;
			sourceTree = "<group>";
		};
		F50D05DB02E69B6B01CA2799 = {
			fileEncoding = 30;
			isa = PBXFileReference;
			lastKnownFileType = sourcecode.cpp.cpp;
			lineEnding = 0;
			path = FilterUGens.cpp;
			refType = 4;
			sourceTree = "<group>";
		};
		F50D05DC02E69B6B01CA2799 = {
			fileEncoding = 30;
			isa = PBXFileReference;
			lastKnownFileType = sourcecode.cpp.cpp;
			path = IOUGens.cpp;
			refType = 4;
			sourceTree = "<group>";
		};
		F50D05DD02E69B6B01CA2799 = {
			fileEncoding = 30;
			isa = PBXFileReference;
			lastKnownFileType = sourcecode.cpp.cpp;
			lineEnding = 0;
			path = LFUGens.cpp;
			refType = 4;
			sourceTree = "<group>";
		};
		F50D05DE02E69B6B01CA2799 = {
			fileEncoding = 30;
			isa = PBXFileReference;
			lastKnownFileType = sourcecode.cpp.cpp;
			path = MulAddUGens.cpp;
			refType = 4;
			sourceTree = "<group>";
		};
		F50D05DF02E69B6B01CA2799 = {
			fileEncoding = 30;
			isa = PBXFileReference;
			lastKnownFileType = sourcecode.cpp.cpp;
			lineEnding = 0;
			path = NoiseUGens.cpp;
			refType = 4;
			sourceTree = "<group>";
		};
		F50D05E002E69B6B01CA2799 = {
			fileEncoding = 30;
			isa = PBXFileReference;
			lastKnownFileType = sourcecode.cpp.cpp;
			lineEnding = 0;
			path = OscUGens.cpp;
			refType = 4;
			sourceTree = "<group>";
		};
		F50D05E102E69B6B01CA2799 = {
			fileEncoding = 30;
			isa = PBXFileReference;
			lastKnownFileType = sourcecode.cpp.cpp;
			lineEnding = 0;
			path = PanUGens.cpp;
			refType = 4;
			sourceTree = "<group>";
		};
		F50D05E202E69B6B01CA2799 = {
			fileEncoding = 30;
			isa = PBXFileReference;
			lastKnownFileType = sourcecode.cpp.cpp;
			lineEnding = 0;
			path = SCComplex.cpp;
			refType = 4;
			sourceTree = "<group>";
		};
		F50D05E302E69B6B01CA2799 = {
			fileEncoding = 30;
			isa = PBXFileReference;
			lastKnownFileType = sourcecode.c.h;
			lineEnding = 0;
			path = SCComplex.h;
			refType = 4;
			sourceTree = "<group>";
		};
		F50D05E402E69B6B01CA2799 = {
			fileEncoding = 30;
			isa = PBXFileReference;
			lastKnownFileType = sourcecode.cpp.cpp;
			path = TriggerUGens.cpp;
			refType = 4;
			sourceTree = "<group>";
		};
		F50D05E502E69B6B01CA2799 = {
			fileEncoding = 30;
			isa = PBXFileReference;
			lastKnownFileType = sourcecode.cpp.cpp;
			path = UnaryOpUGens.cpp;
			refType = 4;
			sourceTree = "<group>";
		};
		F50D060302E69C2101CA2799 = {
			children = (
				F5B7408502E9455801CA2799,
				F5B740A702E94E2001CA2799,
				F5B740C802E94F7101CA2799,
				F5B740E702E9525D01CA2799,
				F5B7410C02E9544701CA2799,
				F5B7412D02E9554601CA2799,
				F5B7415102E9582A01CA2799,
				F5B7417202E9BAE801CA2799,
				F5B7419302E9BC6101CA2799,
				F5B741B402E9BD8401CA2799,
				F5B741D302E9CBFD01CA2799,
				F5B741F302E9D0C501CA2799,
				F5B741FA02E9D32A01CA2799,
				92CCC525045B4BFD00CA2167,
				46964EE505B93E5600AB268B,
				4673900705C7E11A00EE082A,
				46781BC605C84F95002B7D2B,
				92ADA1E006265AC20093F2C8,
				B969DA07069187BE0096E93F,
				92962AE6078537100049266B,
			);
			isa = PBXGroup;
			name = Products;
			refType = 4;
			sourceTree = "<group>";
		};
		F50D069402E6A1C601CA2799 = {
			children = (
				F5D127DE03383D340164B34C,
				F5499A1103A3023A01BA7E76,
				92CCC51F045B4BDE00CA2167,
			);
			isa = PBXGroup;
			name = Frameworks;
			refType = 4;
			sourceTree = "<group>";
		};
		F50D069D02E6A1C601CA2799 = {
			children = (
			);
			isa = PBXGroup;
			name = Resources;
			refType = 4;
			sourceTree = "<group>";
		};
		F5499A1103A3023A01BA7E76 = {
			isa = PBXFileReference;
			lastKnownFileType = wrapper.framework;
			name = vecLib.framework;
			path = /System/Library/Frameworks/vecLib.framework;
			refType = 0;
			sourceTree = "<absolute>";
		};
		F5499A1F03A3023A01BA7E76 = {
			fileRef = F5499A1103A3023A01BA7E76;
			isa = PBXBuildFile;
			settings = {
			};
		};
		F5499A2003A3023A01BA7E76 = {
			fileRef = F5499A1103A3023A01BA7E76;
			isa = PBXBuildFile;
			settings = {
			};
		};
		F5499A2103A3023A01BA7E76 = {
			fileRef = F5499A1103A3023A01BA7E76;
			isa = PBXBuildFile;
			settings = {
			};
		};
		F5499A2203A3023A01BA7E76 = {
			fileRef = F5499A1103A3023A01BA7E76;
			isa = PBXBuildFile;
			settings = {
			};
		};
		F5499A2303A3023A01BA7E76 = {
			fileRef = F5499A1103A3023A01BA7E76;
			isa = PBXBuildFile;
			settings = {
			};
		};
		F5499A2403A3023A01BA7E76 = {
			fileRef = F5499A1103A3023A01BA7E76;
			isa = PBXBuildFile;
			settings = {
			};
		};
		F5499A2503A3023A01BA7E76 = {
			fileRef = F5499A1103A3023A01BA7E76;
			isa = PBXBuildFile;
			settings = {
			};
		};
		F5499A2603A3023A01BA7E76 = {
			fileRef = F5499A1103A3023A01BA7E76;
			isa = PBXBuildFile;
			settings = {
			};
		};
		F5499A2703A3023A01BA7E76 = {
			fileRef = F5499A1103A3023A01BA7E76;
			isa = PBXBuildFile;
			settings = {
			};
		};
		F5499A2803A3023A01BA7E76 = {
			fileRef = F5499A1103A3023A01BA7E76;
			isa = PBXBuildFile;
			settings = {
			};
		};
		F5499A2903A3023A01BA7E76 = {
			fileRef = F5499A1103A3023A01BA7E76;
			isa = PBXBuildFile;
			settings = {
			};
		};
		F5499A2A03A3023A01BA7E76 = {
			fileRef = F5499A1103A3023A01BA7E76;
			isa = PBXBuildFile;
			settings = {
			};
		};
		F5499A2B03A3023A01BA7E76 = {
			fileRef = F5499A1103A3023A01BA7E76;
			isa = PBXBuildFile;
			settings = {
			};
		};
		F5959CF80339983301A80099 = {
			fileEncoding = 30;
			isa = PBXFileReference;
			lastKnownFileType = sourcecode.c.h;
			name = MsgFifo.h;
			path = headers/server/MsgFifo.h;
			refType = 2;
			sourceTree = SOURCE_ROOT;
		};
		F5959CF90339983301A80099 = {
			fileEncoding = 30;
			isa = PBXFileReference;
			lastKnownFileType = sourcecode.c.h;
			name = SC_SyncCondition.h;
			path = headers/server/SC_SyncCondition.h;
			refType = 2;
			sourceTree = SOURCE_ROOT;
		};
		F5959CFA0339983301A80099 = {
			fileRef = F5959CF80339983301A80099;
			isa = PBXBuildFile;
			settings = {
			};
		};
		F5959CFB0339983301A80099 = {
			fileRef = F5959CF90339983301A80099;
			isa = PBXBuildFile;
			settings = {
			};
		};
		F5959CFC0339983D01A80099 = {
			children = (
				F5959CF80339983301A80099,
				F5959CF90339983301A80099,
				F5959CFD03399CED01A80099,
			);
			isa = PBXGroup;
			name = server;
			path = plugin_interface;
			refType = 4;
			sourceTree = "<group>";
		};
		F5959CFD03399CED01A80099 = {
			fileEncoding = 30;
			isa = PBXFileReference;
			lastKnownFileType = sourcecode.c.h;
			name = SC_Lock.h;
			path = headers/server/SC_Lock.h;
			refType = 2;
			sourceTree = SOURCE_ROOT;
		};
		F5959CFE03399CED01A80099 = {
			fileRef = F5959CFD03399CED01A80099;
			isa = PBXBuildFile;
			settings = {
			};
		};
		F5959CFF0339A70A01A80099 = {
			fileEncoding = 30;
			isa = PBXFileReference;
			lastKnownFileType = sourcecode.cpp.cpp;
			name = SC_SyncCondition.cpp;
			path = source/server/SC_SyncCondition.cpp;
			refType = 2;
			sourceTree = SOURCE_ROOT;
		};
		F5959D000339A70A01A80099 = {
			fileRef = F5959CFF0339A70A01A80099;
			isa = PBXBuildFile;
			settings = {
			};
		};
		F5959D010339A71301A80099 = {
			children = (
				F5959CFF0339A70A01A80099,
			);
			isa = PBXGroup;
			name = server;
			path = plugins;
			refType = 4;
			sourceTree = "<group>";
		};
		F5B7408502E9455801CA2799 = {
			explicitFileType = "compiled.mach-o.dylib";
			isa = PBXFileReference;
			path = UnaryOpUGens.scx;
			refType = 3;
			sourceTree = BUILT_PRODUCTS_DIR;
		};
		F5B7408602E9455801CA2799 = {
			buildPhases = (
				F5B7408702E9455801CA2799,
				F5B7408802E9455801CA2799,
				F5B7408902E9455801CA2799,
				F5B7408A02E9455801CA2799,
				F5B7421402EA308701CA2799,
			);
			buildSettings = {
				DYLIB_COMPATIBILITY_VERSION = 1;
				DYLIB_CURRENT_VERSION = 1;
				LIBRARY_SEARCH_PATHS = "";
				LIBRARY_STYLE = BUNDLE;
				OPTIMIZATION_CFLAGS = "-O3";
				OTHER_CFLAGS = "-DSC_DARWIN";
				OTHER_LDFLAGS = "";
				OTHER_LIBTOOL_FLAGS = "";
				OTHER_REZFLAGS = "";
				PRODUCT_NAME = UnaryOpUGens.scx;
				REZ_EXECUTABLE = YES;
				SECTORDER_FLAGS = "";
				WARNING_CFLAGS = "-Wmost -Wno-four-char-constants -Wno-unknown-pragmas";
			};
			dependencies = (
			);
			isa = PBXLibraryTarget;
			name = UnaryOpUGens;
			productName = UnaryOpUGens;
			productReference = F5B7408502E9455801CA2799;
		};
		F5B7408702E9455801CA2799 = {
			buildActionMask = 2147483647;
			files = (
				920DAEDE0425A5D200A80067,
				AAE9244F0481416E00A8010B,
				92ADA28806266AA00093F2C8,
			);
			isa = PBXHeadersBuildPhase;
			runOnlyForDeploymentPostprocessing = 0;
		};
		F5B7408802E9455801CA2799 = {
			buildActionMask = 2147483647;
			files = (
				F5B740A302E946F301CA2799,
			);
			isa = PBXSourcesBuildPhase;
			runOnlyForDeploymentPostprocessing = 0;
		};
		F5B7408902E9455801CA2799 = {
			buildActionMask = 2147483647;
			files = (
				F5499A2703A3023A01BA7E76,
			);
			isa = PBXFrameworksBuildPhase;
			runOnlyForDeploymentPostprocessing = 0;
		};
		F5B7408A02E9455801CA2799 = {
			buildActionMask = 2147483647;
			files = (
			);
			isa = PBXRezBuildPhase;
			runOnlyForDeploymentPostprocessing = 0;
		};
		F5B740A302E946F301CA2799 = {
			fileRef = F50D05E502E69B6B01CA2799;
			isa = PBXBuildFile;
			settings = {
			};
		};
		F5B740A502E94DC001CA2799 = {
			buildPhases = (
			);
			buildSettings = {
				OTHER_CFLAGS = "";
				OTHER_LDFLAGS = "";
				OTHER_REZFLAGS = "";
				PRODUCT_NAME = "SC_Synth PlugIns";
				SECTORDER_FLAGS = "";
				WARNING_CFLAGS = "-Wmost -Wno-four-char-constants -Wno-unknown-pragmas";
			};
			dependencies = (
				F5B740C702E94EF601CA2799,
				F5B7410702E9530101CA2799,
				F5B7412C02E954B301CA2799,
				F5B7414E02E955B601CA2799,
				F5B7417102E9587701CA2799,
				46964F0605B94E5000AB268B,
				F5B7419202E9BBEF01CA2799,
				F5B741B302E9BD0301CA2799,
				F5B7420102E9D84201CA2799,
				F5B7410602E9530101CA2799,
				F5B7420202E9D84201CA2799,
				F5B7420302E9D84201CA2799,
				F5B7420402E9D84201CA2799,
				F5B740A602E94DC001CA2799,
				92CCC529045B4CA700CA2167,
				4673900F05C7E4E200EE082A,
				46781BCF05C85110002B7D2B,
				92ADA1FF06265BC40093F2C8,
				B969DA11069188990096E93F,
				924710D0078A4A48001B3E08,
			);
			isa = PBXAggregateTarget;
			name = All;
			productName = "SC_Synth PlugIns";
		};
		F5B740A602E94DC001CA2799 = {
			isa = PBXTargetDependency;
			target = F5B7408602E9455801CA2799;
			targetProxy = 92B5F2F50547315200496808;
		};
		F5B740A702E94E2001CA2799 = {
			explicitFileType = "compiled.mach-o.dylib";
			isa = PBXFileReference;
			path = BinaryOpUGens.scx;
			refType = 3;
			sourceTree = BUILT_PRODUCTS_DIR;
		};
		F5B740A802E94E2001CA2799 = {
			buildPhases = (
				F5B740A902E94E2001CA2799,
				F5B740AA02E94E2001CA2799,
				F5B740AB02E94E2001CA2799,
				F5B740AC02E94E2001CA2799,
				F5B7420802EA2BD101CA2799,
			);
			buildSettings = {
				DYLIB_COMPATIBILITY_VERSION = 1;
				DYLIB_CURRENT_VERSION = 1;
				LIBRARY_SEARCH_PATHS = "";
				LIBRARY_STYLE = BUNDLE;
				OPTIMIZATION_CFLAGS = "-O3";
				OTHER_CFLAGS = "-DSC_DARWIN";
				OTHER_LDFLAGS = "";
				OTHER_LIBTOOL_FLAGS = "";
				OTHER_REZFLAGS = "";
				PRODUCT_NAME = BinaryOpUGens.scx;
				REZ_EXECUTABLE = YES;
				SECTORDER_FLAGS = "";
				WARNING_CFLAGS = "-Wmost -Wno-four-char-constants -Wno-unknown-pragmas";
			};
			dependencies = (
			);
			isa = PBXLibraryTarget;
			name = BinaryOpUGens;
			productInstallPath = /usr/local/lib;
			productName = BinaryOpUGens;
			productReference = F5B740A702E94E2001CA2799;
		};
		F5B740A902E94E2001CA2799 = {
			buildActionMask = 2147483647;
			files = (
				920DAED40425A5D200A80067,
				AAE924430481416E00A8010B,
				92ADA27C06266AA00093F2C8,
			);
			isa = PBXHeadersBuildPhase;
			runOnlyForDeploymentPostprocessing = 0;
		};
		F5B740AA02E94E2001CA2799 = {
			buildActionMask = 2147483647;
			files = (
				F5B740C502E94E7F01CA2799,
			);
			isa = PBXSourcesBuildPhase;
			runOnlyForDeploymentPostprocessing = 0;
		};
		F5B740AB02E94E2001CA2799 = {
			buildActionMask = 2147483647;
			files = (
				F5499A2403A3023A01BA7E76,
			);
			isa = PBXFrameworksBuildPhase;
			runOnlyForDeploymentPostprocessing = 0;
		};
		F5B740AC02E94E2001CA2799 = {
			buildActionMask = 2147483647;
			files = (
			);
			isa = PBXRezBuildPhase;
			runOnlyForDeploymentPostprocessing = 0;
		};
		F5B740C502E94E7F01CA2799 = {
			fileRef = F50D05D502E69B6B01CA2799;
			isa = PBXBuildFile;
			settings = {
			};
		};
		F5B740C702E94EF601CA2799 = {
			isa = PBXTargetDependency;
			target = F5B740A802E94E2001CA2799;
			targetProxy = 92B5F3000547315200496808;
		};
		F5B740C802E94F7101CA2799 = {
			explicitFileType = "compiled.mach-o.dylib";
			isa = PBXFileReference;
			path = NoiseUGens.scx;
			refType = 3;
			sourceTree = BUILT_PRODUCTS_DIR;
		};
		F5B740C902E94F7101CA2799 = {
			buildPhases = (
				F5B740CA02E94F7101CA2799,
				F5B740CB02E94F7101CA2799,
				F5B740CC02E94F7101CA2799,
				F5B740CD02E94F7101CA2799,
				F5B7421002EA2FF701CA2799,
			);
			buildSettings = {
				DYLIB_COMPATIBILITY_VERSION = 1;
				DYLIB_CURRENT_VERSION = 1;
				LIBRARY_STYLE = BUNDLE;
				OPTIMIZATION_CFLAGS = "-O3";
				OTHER_CFLAGS = "-DSC_DARWIN";
				OTHER_LDFLAGS = "";
				OTHER_LIBTOOL_FLAGS = "";
				OTHER_REZFLAGS = "";
				PRODUCT_NAME = NoiseUGens.scx;
				REZ_EXECUTABLE = YES;
				SECTORDER_FLAGS = "";
				WARNING_CFLAGS = "-Wmost -Wno-four-char-constants -Wno-unknown-pragmas";
			};
			dependencies = (
			);
			isa = PBXLibraryTarget;
			name = NoiseUGens;
			productInstallPath = /usr/local/lib;
			productName = NoiseUGens;
			productReference = F5B740C802E94F7101CA2799;
		};
		F5B740CA02E94F7101CA2799 = {
			buildActionMask = 2147483647;
			files = (
				920DAEDB0425A5D200A80067,
				AAE9244B0481416E00A8010B,
				92ADA28406266AA00093F2C8,
			);
			isa = PBXHeadersBuildPhase;
			runOnlyForDeploymentPostprocessing = 0;
		};
		F5B740CB02E94F7101CA2799 = {
			buildActionMask = 2147483647;
			files = (
				F5B740CE02E9502F01CA2799,
			);
			isa = PBXSourcesBuildPhase;
			runOnlyForDeploymentPostprocessing = 0;
		};
		F5B740CC02E94F7101CA2799 = {
			buildActionMask = 2147483647;
			files = (
				F5499A2003A3023A01BA7E76,
			);
			isa = PBXFrameworksBuildPhase;
			runOnlyForDeploymentPostprocessing = 0;
		};
		F5B740CD02E94F7101CA2799 = {
			buildActionMask = 2147483647;
			files = (
			);
			isa = PBXRezBuildPhase;
			runOnlyForDeploymentPostprocessing = 0;
		};
		F5B740CE02E9502F01CA2799 = {
			fileRef = F50D05DF02E69B6B01CA2799;
			isa = PBXBuildFile;
			settings = {
			};
		};
		F5B740E702E9525D01CA2799 = {
			explicitFileType = "compiled.mach-o.dylib";
			isa = PBXFileReference;
			path = DelayUGens.scx;
			refType = 3;
			sourceTree = BUILT_PRODUCTS_DIR;
		};
		F5B740E802E9525E01CA2799 = {
			buildPhases = (
				F5B740E902E9525E01CA2799,
				F5B740EA02E9525E01CA2799,
				F5B740EB02E9525E01CA2799,
				F5B740EC02E9525E01CA2799,
				F5B7420902EA2E7201CA2799,
			);
			buildSettings = {
				DYLIB_COMPATIBILITY_VERSION = 1;
				DYLIB_CURRENT_VERSION = 1;
				LIBRARY_STYLE = BUNDLE;
				OPTIMIZATION_CFLAGS = "-O3";
				OTHER_CFLAGS = "-DSC_DARWIN";
				OTHER_LDFLAGS = "";
				OTHER_LIBTOOL_FLAGS = "";
				OTHER_REZFLAGS = "";
				PRODUCT_NAME = DelayUGens.scx;
				REZ_EXECUTABLE = YES;
				SECTORDER_FLAGS = "";
				WARNING_CFLAGS = "-Wmost -Wno-four-char-constants -Wno-unknown-pragmas";
			};
			dependencies = (
			);
			isa = PBXLibraryTarget;
			name = DelayUGens;
			productInstallPath = /usr/local/lib;
			productName = DelayUGens;
			productReference = F5B740E702E9525D01CA2799;
		};
		F5B740E902E9525E01CA2799 = {
			buildActionMask = 2147483647;
			files = (
				920DAED50425A5D200A80067,
				AAE924440481416E00A8010B,
				92ADA27E06266AA00093F2C8,
			);
			isa = PBXHeadersBuildPhase;
			runOnlyForDeploymentPostprocessing = 0;
		};
		F5B740EA02E9525E01CA2799 = {
			buildActionMask = 2147483647;
			files = (
				F5B7410502E952CA01CA2799,
			);
			isa = PBXSourcesBuildPhase;
			runOnlyForDeploymentPostprocessing = 0;
		};
		F5B740EB02E9525E01CA2799 = {
			buildActionMask = 2147483647;
			files = (
				F5499A2803A3023A01BA7E76,
			);
			isa = PBXFrameworksBuildPhase;
			runOnlyForDeploymentPostprocessing = 0;
		};
		F5B740EC02E9525E01CA2799 = {
			buildActionMask = 2147483647;
			files = (
			);
			isa = PBXRezBuildPhase;
			runOnlyForDeploymentPostprocessing = 0;
		};
		F5B7410502E952CA01CA2799 = {
			fileRef = F50D05D602E69B6B01CA2799;
			isa = PBXBuildFile;
			settings = {
			};
		};
		F5B7410602E9530101CA2799 = {
			isa = PBXTargetDependency;
			target = F5B740C902E94F7101CA2799;
			targetProxy = 92B5F2F80547315200496808;
		};
		F5B7410702E9530101CA2799 = {
			isa = PBXTargetDependency;
			target = F5B740E802E9525E01CA2799;
			targetProxy = 92B5F2FF0547315200496808;
		};
		F5B7410C02E9544701CA2799 = {
			explicitFileType = "compiled.mach-o.dylib";
			isa = PBXFileReference;
			path = DiskIOUGens.scx;
			refType = 3;
			sourceTree = BUILT_PRODUCTS_DIR;
		};
		F5B7410D02E9544701CA2799 = {
			buildPhases = (
				F5B7410E02E9544701CA2799,
				F5B7412702E9544701CA2799,
				F5B7412902E9544701CA2799,
				F5B7412B02E9544701CA2799,
				F5B7420A02EA2EC201CA2799,
			);
			buildSettings = {
				DYLIB_COMPATIBILITY_VERSION = 1;
				DYLIB_CURRENT_VERSION = 1;
				LIBRARY_SEARCH_PATHS = "";
				LIBRARY_STYLE = BUNDLE;
				OPTIMIZATION_CFLAGS = "-O3";
				OTHER_CFLAGS = "-DSC_DARWIN";
				OTHER_LDFLAGS = /usr/local/lib/libsndfile.a;
				OTHER_LIBTOOL_FLAGS = "";
				OTHER_REZFLAGS = "";
				PRODUCT_NAME = DiskIOUGens.scx;
				REZ_EXECUTABLE = YES;
				SECTORDER_FLAGS = "";
				WARNING_CFLAGS = "-Wmost -Wno-four-char-constants -Wno-unknown-pragmas";
			};
			dependencies = (
			);
			isa = PBXLibraryTarget;
			name = DiskIOUGens;
			productInstallPath = /usr/local/lib;
			productName = DiskIOUGens;
			productReference = F5B7410C02E9544701CA2799;
		};
		F5B7410E02E9544701CA2799 = {
			buildActionMask = 2147483647;
			files = (
				F5959CFA0339983301A80099,
				F5959CFB0339983301A80099,
				F5959CFE03399CED01A80099,
				920DAED60425A5D200A80067,
				AAE924450481416E00A8010B,
				92ADA27D06266AA00093F2C8,
			);
			isa = PBXHeadersBuildPhase;
			runOnlyForDeploymentPostprocessing = 0;
		};
		F5B7412702E9544701CA2799 = {
			buildActionMask = 2147483647;
			files = (
				F5B7412802E9544701CA2799,
				F5959D000339A70A01A80099,
			);
			isa = PBXSourcesBuildPhase;
			runOnlyForDeploymentPostprocessing = 0;
		};
		F5B7412802E9544701CA2799 = {
			fileRef = F50D05D702E69B6B01CA2799;
			isa = PBXBuildFile;
			settings = {
			};
		};
		F5B7412902E9544701CA2799 = {
			buildActionMask = 2147483647;
			files = (
				F5499A2603A3023A01BA7E76,
				92FF072D064A325200AF4C45,
			);
			isa = PBXFrameworksBuildPhase;
			runOnlyForDeploymentPostprocessing = 0;
		};
		F5B7412B02E9544701CA2799 = {
			buildActionMask = 2147483647;
			files = (
			);
			isa = PBXRezBuildPhase;
			runOnlyForDeploymentPostprocessing = 0;
		};
		F5B7412C02E954B301CA2799 = {
			isa = PBXTargetDependency;
			target = F5B7410D02E9544701CA2799;
			targetProxy = 92B5F2FE0547315200496808;
		};
		F5B7412D02E9554601CA2799 = {
			explicitFileType = "compiled.mach-o.dylib";
			isa = PBXFileReference;
			path = FFT_UGens.scx;
			refType = 3;
			sourceTree = BUILT_PRODUCTS_DIR;
		};
		F5B7412E02E9554601CA2799 = {
			buildPhases = (
				F5B7412F02E9554601CA2799,
				F5B7414902E9554601CA2799,
				F5B7414C02E9554601CA2799,
				F5B7414D02E9554601CA2799,
				F5B7420B02EA2EC201CA2799,
			);
			buildSettings = {
				DYLIB_COMPATIBILITY_VERSION = 1;
				DYLIB_CURRENT_VERSION = 1;
				LIBRARY_STYLE = BUNDLE;
				OPTIMIZATION_CFLAGS = "-O3";
				OTHER_CFLAGS = "-DSC_DARWIN";
				OTHER_LDFLAGS = "";
				OTHER_LIBTOOL_FLAGS = "";
				OTHER_REZFLAGS = "";
				PRODUCT_NAME = FFT_UGens.scx;
				REZ_EXECUTABLE = YES;
				SECTORDER_FLAGS = "";
				WARNING_CFLAGS = "-Wmost -Wno-four-char-constants -Wno-unknown-pragmas";
			};
			dependencies = (
			);
			isa = PBXLibraryTarget;
			name = FFT_UGens;
			productInstallPath = /usr/local/lib;
			productName = FFT_UGens;
			productReference = F5B7412D02E9554601CA2799;
		};
		F5B7412F02E9554601CA2799 = {
			buildActionMask = 2147483647;
			files = (
				F5B7413002E9554601CA2799,
				F5B7414F02E9567001CA2799,
				920DAED70425A5D200A80067,
				AAE924460481416E00A8010B,
				92ADA27F06266AA00093F2C8,
			);
			isa = PBXHeadersBuildPhase;
			runOnlyForDeploymentPostprocessing = 0;
		};
		F5B7413002E9554601CA2799 = {
			fileRef = F50D05DA02E69B6B01CA2799;
			isa = PBXBuildFile;
			settings = {
			};
		};
		F5B7414902E9554601CA2799 = {
			buildActionMask = 2147483647;
			files = (
				F5B7414A02E9554601CA2799,
				F5B7414B02E9554601CA2799,
				F5B7415002E9567001CA2799,
			);
			isa = PBXSourcesBuildPhase;
			runOnlyForDeploymentPostprocessing = 0;
		};
		F5B7414A02E9554601CA2799 = {
			fileRef = F50D05D802E69B6B01CA2799;
			isa = PBXBuildFile;
			settings = {
			};
		};
		F5B7414B02E9554601CA2799 = {
			fileRef = F50D05D902E69B6B01CA2799;
			isa = PBXBuildFile;
			settings = {
			};
		};
		F5B7414C02E9554601CA2799 = {
			buildActionMask = 2147483647;
			files = (
				F5499A2503A3023A01BA7E76,
			);
			isa = PBXFrameworksBuildPhase;
			runOnlyForDeploymentPostprocessing = 0;
		};
		F5B7414D02E9554601CA2799 = {
			buildActionMask = 2147483647;
			files = (
			);
			isa = PBXRezBuildPhase;
			runOnlyForDeploymentPostprocessing = 0;
		};
		F5B7414E02E955B601CA2799 = {
			isa = PBXTargetDependency;
			target = F5B7412E02E9554601CA2799;
			targetProxy = 92B5F2FD0547315200496808;
		};
		F5B7414F02E9567001CA2799 = {
			fileRef = F50D05E302E69B6B01CA2799;
			isa = PBXBuildFile;
			settings = {
			};
		};
		F5B7415002E9567001CA2799 = {
			fileRef = F50D05E202E69B6B01CA2799;
			isa = PBXBuildFile;
			settings = {
			};
		};
		F5B7415102E9582A01CA2799 = {
			explicitFileType = "compiled.mach-o.dylib";
			isa = PBXFileReference;
			path = FilterUGens.scx;
			refType = 3;
			sourceTree = BUILT_PRODUCTS_DIR;
		};
		F5B7415202E9582B01CA2799 = {
			buildPhases = (
				F5B7415302E9582B01CA2799,
				F5B7416C02E9582B01CA2799,
				F5B7416E02E9582B01CA2799,
				F5B7417002E9582B01CA2799,
				F5B7420C02EA2EDC01CA2799,
			);
			buildSettings = {
				DYLIB_COMPATIBILITY_VERSION = 1;
				DYLIB_CURRENT_VERSION = 1;
				LIBRARY_SEARCH_PATHS = "";
				LIBRARY_STYLE = BUNDLE;
				OPTIMIZATION_CFLAGS = "-O3";
				OTHER_CFLAGS = "-DSC_DARWIN";
				OTHER_LDFLAGS = "";
				OTHER_LIBTOOL_FLAGS = "";
				OTHER_REZFLAGS = "";
				PRODUCT_NAME = FilterUGens.scx;
				REZ_EXECUTABLE = YES;
				SECTORDER_FLAGS = "";
				WARNING_CFLAGS = "-Wmost -Wno-four-char-constants -Wno-unknown-pragmas";
			};
			dependencies = (
			);
			isa = PBXLibraryTarget;
			name = FilterUGens;
			productInstallPath = /usr/local/lib;
			productName = FilterUGens;
			productReference = F5B7415102E9582A01CA2799;
		};
		F5B7415302E9582B01CA2799 = {
			buildActionMask = 2147483647;
			files = (
				920DAED80425A5D200A80067,
				AAE924470481416E00A8010B,
				92ADA28006266AA00093F2C8,
			);
			isa = PBXHeadersBuildPhase;
			runOnlyForDeploymentPostprocessing = 0;
		};
		F5B7416C02E9582B01CA2799 = {
			buildActionMask = 2147483647;
			files = (
				F5B7416D02E9582B01CA2799,
			);
			isa = PBXSourcesBuildPhase;
			runOnlyForDeploymentPostprocessing = 0;
		};
		F5B7416D02E9582B01CA2799 = {
			fileRef = F50D05DB02E69B6B01CA2799;
			isa = PBXBuildFile;
			settings = {
			};
		};
		F5B7416E02E9582B01CA2799 = {
			buildActionMask = 2147483647;
			files = (
				F5499A2A03A3023A01BA7E76,
			);
			isa = PBXFrameworksBuildPhase;
			runOnlyForDeploymentPostprocessing = 0;
		};
		F5B7417002E9582B01CA2799 = {
			buildActionMask = 2147483647;
			files = (
			);
			isa = PBXRezBuildPhase;
			runOnlyForDeploymentPostprocessing = 0;
		};
		F5B7417102E9587701CA2799 = {
			isa = PBXTargetDependency;
			target = F5B7415202E9582B01CA2799;
			targetProxy = 92B5F2FC0547315200496808;
		};
		F5B7417202E9BAE801CA2799 = {
			explicitFileType = "compiled.mach-o.dylib";
			isa = PBXFileReference;
			path = IOUGens.scx;
			refType = 3;
			sourceTree = BUILT_PRODUCTS_DIR;
		};
		F5B7417302E9BAE901CA2799 = {
			buildPhases = (
				F5B7417402E9BAE901CA2799,
				F5B7417502E9BAE901CA2799,
				F5B7417602E9BAE901CA2799,
				F5B7417702E9BAE901CA2799,
				F5B7420D02EA2EF501CA2799,
			);
			buildSettings = {
				DYLIB_COMPATIBILITY_VERSION = 1;
				DYLIB_CURRENT_VERSION = 1;
				LIBRARY_SEARCH_PATHS = "";
				LIBRARY_STYLE = BUNDLE;
				OPTIMIZATION_CFLAGS = "-O3";
				OTHER_CFLAGS = "-DSC_DARWIN";
				OTHER_LDFLAGS = "";
				OTHER_LIBTOOL_FLAGS = "";
				OTHER_REZFLAGS = "";
				PRODUCT_NAME = IOUGens.scx;
				REZ_EXECUTABLE = YES;
				SECTORDER_FLAGS = "";
				WARNING_CFLAGS = "-Wmost -Wno-four-char-constants -Wno-unknown-pragmas";
			};
			dependencies = (
			);
			isa = PBXLibraryTarget;
			name = IOUGens;
			productInstallPath = /usr/local/lib;
			productName = IOUGens;
			productReference = F5B7417202E9BAE801CA2799;
		};
		F5B7417402E9BAE901CA2799 = {
			buildActionMask = 2147483647;
			files = (
				920DAED90425A5D200A80067,
				AAE924480481416E00A8010B,
				92ADA28106266AA00093F2C8,
			);
			isa = PBXHeadersBuildPhase;
			runOnlyForDeploymentPostprocessing = 0;
		};
		F5B7417502E9BAE901CA2799 = {
			buildActionMask = 2147483647;
			files = (
				F5B7419002E9BB7901CA2799,
			);
			isa = PBXSourcesBuildPhase;
			runOnlyForDeploymentPostprocessing = 0;
		};
		F5B7417602E9BAE901CA2799 = {
			buildActionMask = 2147483647;
			files = (
				F5499A1F03A3023A01BA7E76,
			);
			isa = PBXFrameworksBuildPhase;
			runOnlyForDeploymentPostprocessing = 0;
		};
		F5B7417702E9BAE901CA2799 = {
			buildActionMask = 2147483647;
			files = (
			);
			isa = PBXRezBuildPhase;
			runOnlyForDeploymentPostprocessing = 0;
		};
		F5B7419002E9BB7901CA2799 = {
			fileRef = F50D05DC02E69B6B01CA2799;
			isa = PBXBuildFile;
			settings = {
			};
		};
		F5B7419202E9BBEF01CA2799 = {
			isa = PBXTargetDependency;
			target = F5B7417302E9BAE901CA2799;
			targetProxy = 92B5F2FB0547315200496808;
		};
		F5B7419302E9BC6101CA2799 = {
			explicitFileType = "compiled.mach-o.dylib";
			isa = PBXFileReference;
			path = LFUGens.scx;
			refType = 3;
			sourceTree = BUILT_PRODUCTS_DIR;
		};
		F5B7419402E9BC6101CA2799 = {
			buildPhases = (
				F5B7419502E9BC6101CA2799,
				F5B7419602E9BC6101CA2799,
				F5B7419702E9BC6101CA2799,
				F5B7419802E9BC6101CA2799,
				F5B7420E02EA2F3B01CA2799,
			);
			buildSettings = {
				DYLIB_COMPATIBILITY_VERSION = 1;
				DYLIB_CURRENT_VERSION = 1;
				LIBRARY_SEARCH_PATHS = "";
				LIBRARY_STYLE = BUNDLE;
				OPTIMIZATION_CFLAGS = "-O3";
				OTHER_CFLAGS = "-DSC_DARWIN";
				OTHER_LDFLAGS = "";
				OTHER_LIBTOOL_FLAGS = "";
				OTHER_REZFLAGS = "";
				PRODUCT_NAME = LFUGens.scx;
				REZ_EXECUTABLE = YES;
				SECTORDER_FLAGS = "";
				WARNING_CFLAGS = "-Wmost -Wno-four-char-constants -Wno-unknown-pragmas";
			};
			dependencies = (
			);
			isa = PBXLibraryTarget;
			name = LFUGens;
			productInstallPath = /usr/local/lib;
			productName = LFUGens;
			productReference = F5B7419302E9BC6101CA2799;
		};
		F5B7419502E9BC6101CA2799 = {
			buildActionMask = 2147483647;
			files = (
				920DAEDA0425A5D200A80067,
				AAE924490481416E00A8010B,
				92ADA28206266AA00093F2C8,
			);
			isa = PBXHeadersBuildPhase;
			runOnlyForDeploymentPostprocessing = 0;
		};
		F5B7419602E9BC6101CA2799 = {
			buildActionMask = 2147483647;
			files = (
				F5B741B102E9BCDB01CA2799,
			);
			isa = PBXSourcesBuildPhase;
			runOnlyForDeploymentPostprocessing = 0;
		};
		F5B7419702E9BC6101CA2799 = {
			buildActionMask = 2147483647;
			files = (
				F5499A2103A3023A01BA7E76,
			);
			isa = PBXFrameworksBuildPhase;
			runOnlyForDeploymentPostprocessing = 0;
		};
		F5B7419802E9BC6101CA2799 = {
			buildActionMask = 2147483647;
			files = (
			);
			isa = PBXRezBuildPhase;
			runOnlyForDeploymentPostprocessing = 0;
		};
		F5B741B102E9BCDB01CA2799 = {
			fileRef = F50D05DD02E69B6B01CA2799;
			isa = PBXBuildFile;
			settings = {
			};
		};
		F5B741B302E9BD0301CA2799 = {
			isa = PBXTargetDependency;
			target = F5B7419402E9BC6101CA2799;
			targetProxy = 92B5F2FA0547315200496808;
		};
		F5B741B402E9BD8401CA2799 = {
			explicitFileType = "compiled.mach-o.dylib";
			isa = PBXFileReference;
			path = MulAddUGens.scx;
			refType = 3;
			sourceTree = BUILT_PRODUCTS_DIR;
		};
		F5B741B502E9BD8501CA2799 = {
			buildPhases = (
				F5B741B602E9BD8501CA2799,
				F5B741CF02E9BD8501CA2799,
				F5B741D102E9BD8501CA2799,
				F5B741D202E9BD8501CA2799,
				F5B7420F02EA2FC901CA2799,
			);
			buildSettings = {
				DYLIB_COMPATIBILITY_VERSION = 1;
				DYLIB_CURRENT_VERSION = 1;
				LIBRARY_SEARCH_PATHS = "";
				LIBRARY_STYLE = BUNDLE;
				OPTIMIZATION_CFLAGS = "-O3";
				OTHER_CFLAGS = "-DSC_DARWIN";
				OTHER_LDFLAGS = "";
				OTHER_LIBTOOL_FLAGS = "";
				OTHER_REZFLAGS = "";
				PRODUCT_NAME = MulAddUGens.scx;
				REZ_EXECUTABLE = YES;
				SECTORDER_FLAGS = "";
				WARNING_CFLAGS = "-Wmost -Wno-four-char-constants -Wno-unknown-pragmas";
			};
			dependencies = (
			);
			isa = PBXLibraryTarget;
			name = MulAddUGens;
			productInstallPath = /usr/local/lib;
			productName = MulAddUGens;
			productReference = F5B741B402E9BD8401CA2799;
		};
		F5B741B602E9BD8501CA2799 = {
			buildActionMask = 2147483647;
			files = (
				920DAED30425A5D200A80067,
				AAE9244A0481416E00A8010B,
				92ADA28306266AA00093F2C8,
			);
			isa = PBXHeadersBuildPhase;
			runOnlyForDeploymentPostprocessing = 0;
		};
		F5B741CF02E9BD8501CA2799 = {
			buildActionMask = 2147483647;
			files = (
				F5B741D002E9BD8501CA2799,
			);
			isa = PBXSourcesBuildPhase;
			runOnlyForDeploymentPostprocessing = 0;
		};
		F5B741D002E9BD8501CA2799 = {
			fileRef = F50D05DE02E69B6B01CA2799;
			isa = PBXBuildFile;
			settings = {
			};
		};
		F5B741D102E9BD8501CA2799 = {
			buildActionMask = 2147483647;
			files = (
				F5499A2903A3023A01BA7E76,
			);
			isa = PBXFrameworksBuildPhase;
			runOnlyForDeploymentPostprocessing = 0;
		};
		F5B741D202E9BD8501CA2799 = {
			buildActionMask = 2147483647;
			files = (
			);
			isa = PBXRezBuildPhase;
			runOnlyForDeploymentPostprocessing = 0;
		};
		F5B741D302E9CBFD01CA2799 = {
			explicitFileType = "compiled.mach-o.dylib";
			isa = PBXFileReference;
			path = OSCUGens.scx;
			refType = 3;
			sourceTree = BUILT_PRODUCTS_DIR;
		};
		F5B741D402E9CBFE01CA2799 = {
			buildPhases = (
				F5B741D502E9CBFE01CA2799,
				F5B741D602E9CBFE01CA2799,
				F5B741D702E9CBFE01CA2799,
				F5B741D802E9CBFE01CA2799,
				F5B7421102EA301D01CA2799,
			);
			buildSettings = {
				DYLIB_COMPATIBILITY_VERSION = 1;
				DYLIB_CURRENT_VERSION = 1;
				LIBRARY_SEARCH_PATHS = "";
				LIBRARY_STYLE = BUNDLE;
				OPTIMIZATION_CFLAGS = "-O3";
				OTHER_CFLAGS = "-DSC_DARWIN";
				OTHER_LDFLAGS = "";
				OTHER_LIBTOOL_FLAGS = "";
				OTHER_REZFLAGS = "";
				PRODUCT_NAME = OSCUGens.scx;
				REZ_EXECUTABLE = YES;
				SECTORDER_FLAGS = "";
				WARNING_CFLAGS = "-Wmost -Wno-four-char-constants -Wno-unknown-pragmas";
			};
			dependencies = (
			);
			isa = PBXLibraryTarget;
			name = OSCUGens;
			productInstallPath = /usr/local/lib;
			productName = OSCUGens;
			productReference = F5B741D302E9CBFD01CA2799;
		};
		F5B741D502E9CBFE01CA2799 = {
			buildActionMask = 2147483647;
			files = (
				920DAEDF0425A5D200A80067,
				AAE9244C0481416E00A8010B,
				92ADA28506266AA00093F2C8,
			);
			isa = PBXHeadersBuildPhase;
			runOnlyForDeploymentPostprocessing = 0;
		};
		F5B741D602E9CBFE01CA2799 = {
			buildActionMask = 2147483647;
			files = (
				F5B741F102E9CC3D01CA2799,
			);
			isa = PBXSourcesBuildPhase;
			runOnlyForDeploymentPostprocessing = 0;
		};
		F5B741D702E9CBFE01CA2799 = {
			buildActionMask = 2147483647;
			files = (
				F5499A2B03A3023A01BA7E76,
			);
			isa = PBXFrameworksBuildPhase;
			runOnlyForDeploymentPostprocessing = 0;
		};
		F5B741D802E9CBFE01CA2799 = {
			buildActionMask = 2147483647;
			files = (
			);
			isa = PBXRezBuildPhase;
			runOnlyForDeploymentPostprocessing = 0;
		};
		F5B741F102E9CC3D01CA2799 = {
			fileRef = F50D05E002E69B6B01CA2799;
			isa = PBXBuildFile;
			settings = {
			};
		};
		F5B741F302E9D0C501CA2799 = {
			explicitFileType = "compiled.mach-o.dylib";
			isa = PBXFileReference;
			path = PanUGens.scx;
			refType = 3;
			sourceTree = BUILT_PRODUCTS_DIR;
		};
		F5B741F402E9D0C501CA2799 = {
			buildPhases = (
				F5B741F502E9D0C501CA2799,
				F5B741F602E9D0C501CA2799,
				F5B741F702E9D0C501CA2799,
				F5B741F802E9D0C501CA2799,
				F5B7421202EA304001CA2799,
			);
			buildSettings = {
				DYLIB_COMPATIBILITY_VERSION = 1;
				DYLIB_CURRENT_VERSION = 1;
				LIBRARY_STYLE = BUNDLE;
				OPTIMIZATION_CFLAGS = "-O3";
				OTHER_CFLAGS = "-DSC_DARWIN";
				OTHER_LDFLAGS = "";
				OTHER_LIBTOOL_FLAGS = "";
				OTHER_REZFLAGS = "";
				PRODUCT_NAME = PanUGens.scx;
				REZ_EXECUTABLE = YES;
				SECTORDER_FLAGS = "";
				WARNING_CFLAGS = "-Wmost -Wno-four-char-constants -Wno-unknown-pragmas";
			};
			dependencies = (
			);
			isa = PBXLibraryTarget;
			name = PanUGens;
			productInstallPath = /usr/local/lib;
			productName = PanUGens;
			productReference = F5B741F302E9D0C501CA2799;
		};
		F5B741F502E9D0C501CA2799 = {
			buildActionMask = 2147483647;
			files = (
				920DAEDC0425A5D200A80067,
				AAE9244D0481416E00A8010B,
				92ADA28606266AA00093F2C8,
			);
			isa = PBXHeadersBuildPhase;
			runOnlyForDeploymentPostprocessing = 0;
		};
		F5B741F602E9D0C501CA2799 = {
			buildActionMask = 2147483647;
			files = (
				F5B741F902E9D0D301CA2799,
			);
			isa = PBXSourcesBuildPhase;
			runOnlyForDeploymentPostprocessing = 0;
		};
		F5B741F702E9D0C501CA2799 = {
			buildActionMask = 2147483647;
			files = (
				F5499A2303A3023A01BA7E76,
			);
			isa = PBXFrameworksBuildPhase;
			runOnlyForDeploymentPostprocessing = 0;
		};
		F5B741F802E9D0C501CA2799 = {
			buildActionMask = 2147483647;
			files = (
			);
			isa = PBXRezBuildPhase;
			runOnlyForDeploymentPostprocessing = 0;
		};
		F5B741F902E9D0D301CA2799 = {
			fileRef = F50D05E102E69B6B01CA2799;
			isa = PBXBuildFile;
			settings = {
			};
		};
		F5B741FA02E9D32A01CA2799 = {
			explicitFileType = "compiled.mach-o.dylib";
			isa = PBXFileReference;
			path = TriggerUGens.scx;
			refType = 3;
			sourceTree = BUILT_PRODUCTS_DIR;
		};
		F5B741FB02E9D32B01CA2799 = {
			buildPhases = (
				F5B741FC02E9D32B01CA2799,
				F5B741FD02E9D32B01CA2799,
				F5B741FE02E9D32B01CA2799,
				F5B741FF02E9D32B01CA2799,
				F5B7421302EA306901CA2799,
			);
			buildSettings = {
				DYLIB_COMPATIBILITY_VERSION = 1;
				DYLIB_CURRENT_VERSION = 1;
				LIBRARY_STYLE = BUNDLE;
				OPTIMIZATION_CFLAGS = "-O3";
				OTHER_CFLAGS = "-DSC_DARWIN";
				OTHER_LDFLAGS = "";
				OTHER_LIBTOOL_FLAGS = "";
				OTHER_REZFLAGS = "";
				PRODUCT_NAME = TriggerUGens.scx;
				REZ_EXECUTABLE = YES;
				SECTORDER_FLAGS = "";
				WARNING_CFLAGS = "-Wmost -Wno-four-char-constants -Wno-unknown-pragmas";
			};
			dependencies = (
			);
			isa = PBXLibraryTarget;
			name = TriggerUGens;
			productInstallPath = /usr/local/lib;
			productName = TriggerUGens;
			productReference = F5B741FA02E9D32A01CA2799;
		};
		F5B741FC02E9D32B01CA2799 = {
			buildActionMask = 2147483647;
			files = (
				920DAEDD0425A5D200A80067,
				AAE9244E0481416E00A8010B,
				92ADA28706266AA00093F2C8,
			);
			isa = PBXHeadersBuildPhase;
			runOnlyForDeploymentPostprocessing = 0;
		};
		F5B741FD02E9D32B01CA2799 = {
			buildActionMask = 2147483647;
			files = (
				F5B7420002E9D33301CA2799,
			);
			isa = PBXSourcesBuildPhase;
			runOnlyForDeploymentPostprocessing = 0;
		};
		F5B741FE02E9D32B01CA2799 = {
			buildActionMask = 2147483647;
			files = (
				F5499A2203A3023A01BA7E76,
			);
			isa = PBXFrameworksBuildPhase;
			runOnlyForDeploymentPostprocessing = 0;
		};
		F5B741FF02E9D32B01CA2799 = {
			buildActionMask = 2147483647;
			files = (
			);
			isa = PBXRezBuildPhase;
			runOnlyForDeploymentPostprocessing = 0;
		};
		F5B7420002E9D33301CA2799 = {
			fileRef = F50D05E402E69B6B01CA2799;
			isa = PBXBuildFile;
			settings = {
			};
		};
		F5B7420102E9D84201CA2799 = {
			isa = PBXTargetDependency;
			target = F5B741B502E9BD8501CA2799;
			targetProxy = 92B5F2F90547315200496808;
		};
		F5B7420202E9D84201CA2799 = {
			isa = PBXTargetDependency;
			target = F5B741D402E9CBFE01CA2799;
			targetProxy = 92B5F2F70547315200496808;
		};
		F5B7420302E9D84201CA2799 = {
			isa = PBXTargetDependency;
			target = F5B741F402E9D0C501CA2799;
			targetProxy = 92B5F2F60547315200496808;
		};
		F5B7420402E9D84201CA2799 = {
			isa = PBXTargetDependency;
			target = F5B741FB02E9D32B01CA2799;
			targetProxy = 92B5F2F30547315200496808;
		};
		F5B7420802EA2BD101CA2799 = {
			buildActionMask = 2147483647;
			files = (
			);
			isa = PBXShellScriptBuildPhase;
			runOnlyForDeploymentPostprocessing = 0;
			shellPath = /bin/sh;
			shellScript = "cp build/BinaryOpUGens.scx build/plugins";
		};
		F5B7420902EA2E7201CA2799 = {
			buildActionMask = 2147483647;
			files = (
			);
			isa = PBXShellScriptBuildPhase;
			runOnlyForDeploymentPostprocessing = 0;
			shellPath = /bin/sh;
			shellScript = "cp build/DelayUGens.scx build/plugins";
		};
		F5B7420A02EA2EC201CA2799 = {
			buildActionMask = 2147483647;
			files = (
			);
			isa = PBXShellScriptBuildPhase;
			runOnlyForDeploymentPostprocessing = 0;
			shellPath = /bin/sh;
			shellScript = "cp build/DiskIOUGens.scx build/plugins";
		};
		F5B7420B02EA2EC201CA2799 = {
			buildActionMask = 2147483647;
			files = (
			);
			isa = PBXShellScriptBuildPhase;
			runOnlyForDeploymentPostprocessing = 0;
			shellPath = /bin/sh;
			shellScript = "cp build/FFT_UGens.scx build/plugins";
		};
		F5B7420C02EA2EDC01CA2799 = {
			buildActionMask = 2147483647;
			files = (
			);
			isa = PBXShellScriptBuildPhase;
			runOnlyForDeploymentPostprocessing = 0;
			shellPath = /bin/sh;
			shellScript = "cp build/FilterUGens.scx build/plugins";
		};
		F5B7420D02EA2EF501CA2799 = {
			buildActionMask = 2147483647;
			files = (
			);
			isa = PBXShellScriptBuildPhase;
			runOnlyForDeploymentPostprocessing = 0;
			shellPath = /bin/sh;
			shellScript = "cp build/IOUGens.scx build/plugins";
		};
		F5B7420E02EA2F3B01CA2799 = {
			buildActionMask = 2147483647;
			files = (
			);
			isa = PBXShellScriptBuildPhase;
			runOnlyForDeploymentPostprocessing = 0;
			shellPath = /bin/sh;
			shellScript = "cp build/LFUGens.scx build/plugins";
		};
		F5B7420F02EA2FC901CA2799 = {
			buildActionMask = 2147483647;
			files = (
			);
			isa = PBXShellScriptBuildPhase;
			runOnlyForDeploymentPostprocessing = 0;
			shellPath = /bin/sh;
			shellScript = "cp build/MulAddUGens.scx build/plugins";
		};
		F5B7421002EA2FF701CA2799 = {
			buildActionMask = 2147483647;
			files = (
			);
			isa = PBXShellScriptBuildPhase;
			runOnlyForDeploymentPostprocessing = 0;
			shellPath = /bin/sh;
			shellScript = "cp build/NoiseUGens.scx build/plugins";
		};
		F5B7421102EA301D01CA2799 = {
			buildActionMask = 2147483647;
			files = (
			);
			isa = PBXShellScriptBuildPhase;
			runOnlyForDeploymentPostprocessing = 0;
			shellPath = /bin/sh;
			shellScript = "cp build/OSCUGens.scx build/plugins";
		};
		F5B7421202EA304001CA2799 = {
			buildActionMask = 2147483647;
			files = (
			);
			isa = PBXShellScriptBuildPhase;
			runOnlyForDeploymentPostprocessing = 0;
			shellPath = /bin/sh;
			shellScript = "cp build/PanUGens.scx build/plugins";
		};
		F5B7421302EA306901CA2799 = {
			buildActionMask = 2147483647;
			files = (
			);
			isa = PBXShellScriptBuildPhase;
			runOnlyForDeploymentPostprocessing = 0;
			shellPath = /bin/sh;
			shellScript = "cp build/TriggerUGens.scx build/plugins";
		};
		F5B7421402EA308701CA2799 = {
			buildActionMask = 2147483647;
			files = (
			);
			isa = PBXShellScriptBuildPhase;
			runOnlyForDeploymentPostprocessing = 0;
			shellPath = /bin/sh;
			shellScript = "cp build/UnaryOpUGens.scx build/plugins";
		};
		F5D127DA03355EE10164B34C = {
			fileEncoding = 30;
			isa = PBXFileReference;
			lastKnownFileType = sourcecode.c.h;
			name = SC_Sem.h;
			path = common/SC_Sem.h;
			refType = 4;
			sourceTree = "<group>";
		};
		F5D127DC03355EEC0164B34C = {
			children = (
				F5D127DA03355EE10164B34C,
				920DAED20425A5D200A80067,
				AAE924420481416E00A8010B,
			);
			isa = PBXGroup;
			name = common;
			refType = 4;
			sourceTree = "<group>";
		};
		F5D127DE03383D340164B34C = {
			isa = PBXFileReference;
			lastKnownFileType = archive.ar;
			name = libsndfile.a;
			path = /usr/local/lib/libsndfile.a;
			refType = 0;
			sourceTree = "<absolute>";
		};
	};
	rootObject = F50D04F702E68E8201CA2799;
}
