
Microsoft Visual Studio Solution File, Format Version 10.00
# Visual C++ Express 2008
Project("{8BC9CEB8-8B4A-11D0-8D11-00A0C91BC942}") = "endian_test", "endian_test\endian_test.vcproj", "{74C201F3-8308-40BE-BC0F-24974DEAF405}"
EndProject
Project("{8BC9CEB8-8B4A-11D0-8D11-00A0C91BC942}") = "endian_in_union_test", "endian_in_union_test\endian_in_union_test.vcproj", "{3926C6DC-9D1E-4227-BEF5-81F5EC621A75}"
EndProject
Project("{8BC9CEB8-8B4A-11D0-8D11-00A0C91BC942}") = "endian_operations_test", "endian_operations_test\endian_operations_test.vcproj", "{A0060A5B-673C-4AD8-BD08-A5C643B1A1CB}"
EndProject
Project("{8BC9CEB8-8B4A-11D0-8D11-00A0C91BC942}") = "scoped_enum_emulation_test", "scoped_enum_emulation_test\scoped_enum_emulation_test.vcproj", "{8420E151-B23B-4651-B526-6AB11EF1E278}"
EndProject
Project("{8BC9CEB8-8B4A-11D0-8D11-00A0C91BC942}") = "endian_example", "endian_example\endian_example.vcproj", "{8638A3D8-D121-40BF-82E5-127F1B1B2CB2}"
EndProject
Project("{8BC9CEB8-8B4A-11D0-8D11-00A0C91BC942}") = "endian_hello_world", "endian_hello_world\endian_hello_world.vcproj", "{1AAEBB4E-501E-417E-9531-04469AF5DD8B}"
EndProject
Project("{8BC9CEB8-8B4A-11D0-8D11-00A0C91BC942}") = "binary_stream_test", "binary_stream_test\binary_stream_test.vcproj", "{1382D085-FF3F-4573-8709-E10D3D74D620}"
EndProject
Project("{8BC9CEB8-8B4A-11D0-8D11-00A0C91BC942}") = "endian_binary_stream_test", "endian_binary_stream_test\endian_binary_stream_test.vcproj", "{AD46E04C-C1E1-446E-8D5F-E11B6C438181}"
EndProject
Global
	GlobalSection(SolutionConfigurationPlatforms) = preSolution
		Debug|Win32 = Debug|Win32
		Release|Win32 = Release|Win32
	EndGlobalSection
	GlobalSection(ProjectConfigurationPlatforms) = postSolution
		{74C201F3-8308-40BE-BC0F-24974DEAF405}.Debug|Win32.ActiveCfg = Debug|Win32
		{74C201F3-8308-40BE-BC0F-24974DEAF405}.Debug|Win32.Build.0 = Debug|Win32
		{74C201F3-8308-40BE-BC0F-24974DEAF405}.Release|Win32.ActiveCfg = Release|Win32
		{74C201F3-8308-40BE-BC0F-24974DEAF405}.Release|Win32.Build.0 = Release|Win32
		{3926C6DC-9D1E-4227-BEF5-81F5EC621A75}.Debug|Win32.ActiveCfg = Debug|Win32
		{3926C6DC-9D1E-4227-BEF5-81F5EC621A75}.Debug|Win32.Build.0 = Debug|Win32
		{3926C6DC-9D1E-4227-BEF5-81F5EC621A75}.Release|Win32.ActiveCfg = Release|Win32
		{3926C6DC-9D1E-4227-BEF5-81F5EC621A75}.Release|Win32.Build.0 = Release|Win32
		{A0060A5B-673C-4AD8-BD08-A5C643B1A1CB}.Debug|Win32.ActiveCfg = Debug|Win32
		{A0060A5B-673C-4AD8-BD08-A5C643B1A1CB}.Debug|Win32.Build.0 = Debug|Win32
		{A0060A5B-673C-4AD8-BD08-A5C643B1A1CB}.Release|Win32.ActiveCfg = Release|Win32
		{A0060A5B-673C-4AD8-BD08-A5C643B1A1CB}.Release|Win32.Build.0 = Release|Win32
		{8420E151-B23B-4651-B526-6AB11EF1E278}.Debug|Win32.ActiveCfg = Debug|Win32
		{8420E151-B23B-4651-B526-6AB11EF1E278}.Debug|Win32.Build.0 = Debug|Win32
		{8420E151-B23B-4651-B526-6AB11EF1E278}.Release|Win32.ActiveCfg = Release|Win32
		{8420E151-B23B-4651-B526-6AB11EF1E278}.Release|Win32.Build.0 = Release|Win32
		{8638A3D8-D121-40BF-82E5-127F1B1B2CB2}.Debug|Win32.ActiveCfg = Debug|Win32
		{8638A3D8-D121-40BF-82E5-127F1B1B2CB2}.Debug|Win32.Build.0 = Debug|Win32
		{8638A3D8-D121-40BF-82E5-127F1B1B2CB2}.Release|Win32.ActiveCfg = Release|Win32
		{8638A3D8-D121-40BF-82E5-127F1B1B2CB2}.Release|Win32.Build.0 = Release|Win32
		{1AAEBB4E-501E-417E-9531-04469AF5DD8B}.Debug|Win32.ActiveCfg = Debug|Win32
		{1AAEBB4E-501E-417E-9531-04469AF5DD8B}.Debug|Win32.Build.0 = Debug|Win32
		{1AAEBB4E-501E-417E-9531-04469AF5DD8B}.Release|Win32.ActiveCfg = Release|Win32
		{1AAEBB4E-501E-417E-9531-04469AF5DD8B}.Release|Win32.Build.0 = Release|Win32
		{1382D085-FF3F-4573-8709-E10D3D74D620}.Debug|Win32.ActiveCfg = Debug|Win32
		{1382D085-FF3F-4573-8709-E10D3D74D620}.Debug|Win32.Build.0 = Debug|Win32
		{1382D085-FF3F-4573-8709-E10D3D74D620}.Release|Win32.ActiveCfg = Release|Win32
		{1382D085-FF3F-4573-8709-E10D3D74D620}.Release|Win32.Build.0 = Release|Win32
		{AD46E04C-C1E1-446E-8D5F-E11B6C438181}.Debug|Win32.ActiveCfg = Debug|Win32
		{AD46E04C-C1E1-446E-8D5F-E11B6C438181}.Debug|Win32.Build.0 = Debug|Win32
		{AD46E04C-C1E1-446E-8D5F-E11B6C438181}.Release|Win32.ActiveCfg = Release|Win32
		{AD46E04C-C1E1-446E-8D5F-E11B6C438181}.Release|Win32.Build.0 = Release|Win32
	EndGlobalSection
	GlobalSection(SolutionProperties) = preSolution
		HideSolutionNode = FALSE
	EndGlobalSection
EndGlobal
