// !$*UTF8*$!
{
	archiveVersion = 1;
	classes = {
	};
	objectVersion = 42;
	objects = {

/* Begin PBXBuildFile section */
		A257C6790A7E03F100509127 /* PyrPlatformPrim.cpp in Sources */ = {isa = PBXBuildFile; fileRef = A257C6780A7E03F100509127 /* PyrPlatformPrim.cpp */; };
		A25EAC9609444D5000B00A87 /* clz.h in Headers */ = {isa = PBXBuildFile; fileRef = A25EAC7E09444D5000B00A87 /* clz.h */; };
		A25EAC9709444D5000B00A87 /* Hash.h in Headers */ = {isa = PBXBuildFile; fileRef = A25EAC7F09444D5000B00A87 /* Hash.h */; };
		A25EAC9809444D5000B00A87 /* SC_BoundsMacros.h in Headers */ = {isa = PBXBuildFile; fileRef = A25EAC8009444D5000B00A87 /* SC_BoundsMacros.h */; };
		A25EAC9909444D5000B00A87 /* SC_BufGen.h in Headers */ = {isa = PBXBuildFile; fileRef = A25EAC8109444D5000B00A87 /* SC_BufGen.h */; };
		A25EAC9A09444D5000B00A87 /* SC_Constants.h in Headers */ = {isa = PBXBuildFile; fileRef = A25EAC8209444D5000B00A87 /* SC_Constants.h */; };
		A25EAC9B09444D5000B00A87 /* SC_DemandUnit.h in Headers */ = {isa = PBXBuildFile; fileRef = A25EAC8309444D5000B00A87 /* SC_DemandUnit.h */; };
		A25EAC9C09444D5000B00A87 /* SC_Dimension.h in Headers */ = {isa = PBXBuildFile; fileRef = A25EAC8409444D5000B00A87 /* SC_Dimension.h */; };
		A25EAC9D09444D5000B00A87 /* SC_FifoMsg.h in Headers */ = {isa = PBXBuildFile; fileRef = A25EAC8509444D5000B00A87 /* SC_FifoMsg.h */; };
		A25EAC9E09444D5000B00A87 /* SC_Graph.h in Headers */ = {isa = PBXBuildFile; fileRef = A25EAC8609444D5000B00A87 /* SC_Graph.h */; };
		A25EAC9F09444D5000B00A87 /* SC_InlineBinaryOp.h in Headers */ = {isa = PBXBuildFile; fileRef = A25EAC8709444D5000B00A87 /* SC_InlineBinaryOp.h */; };
		A25EACA009444D5000B00A87 /* SC_InlineUnaryOp.h in Headers */ = {isa = PBXBuildFile; fileRef = A25EAC8809444D5000B00A87 /* SC_InlineUnaryOp.h */; };
		A25EACA109444D5000B00A87 /* SC_InterfaceTable.h in Headers */ = {isa = PBXBuildFile; fileRef = A25EAC8909444D5000B00A87 /* SC_InterfaceTable.h */; };
		A25EACA209444D5000B00A87 /* sc_msg_iter.h in Headers */ = {isa = PBXBuildFile; fileRef = A25EAC8A09444D5000B00A87 /* sc_msg_iter.h */; };
		A25EACA309444D5000B00A87 /* SC_Node.h in Headers */ = {isa = PBXBuildFile; fileRef = A25EAC8B09444D5000B00A87 /* SC_Node.h */; };
		A25EACA409444D5000B00A87 /* SC_PlugIn.h in Headers */ = {isa = PBXBuildFile; fileRef = A25EAC8C09444D5000B00A87 /* SC_PlugIn.h */; };
		A25EACA509444D5000B00A87 /* SC_Rate.h in Headers */ = {isa = PBXBuildFile; fileRef = A25EAC8D09444D5000B00A87 /* SC_Rate.h */; };
		A25EACA609444D5000B00A87 /* SC_RGen.h in Headers */ = {isa = PBXBuildFile; fileRef = A25EAC8E09444D5000B00A87 /* SC_RGen.h */; };
		A25EACA709444D5000B00A87 /* SC_SndBuf.h in Headers */ = {isa = PBXBuildFile; fileRef = A25EAC8F09444D5000B00A87 /* SC_SndBuf.h */; };
		A25EACA809444D5000B00A87 /* SC_Types.h in Headers */ = {isa = PBXBuildFile; fileRef = A25EAC9009444D5000B00A87 /* SC_Types.h */; };
		A25EACA909444D5000B00A87 /* SC_Unit.h in Headers */ = {isa = PBXBuildFile; fileRef = A25EAC9109444D5000B00A87 /* SC_Unit.h */; };
		A25EACAA09444D5000B00A87 /* SC_Wire.h in Headers */ = {isa = PBXBuildFile; fileRef = A25EAC9209444D5000B00A87 /* SC_Wire.h */; };
		A25EACAB09444D5000B00A87 /* SC_World.h in Headers */ = {isa = PBXBuildFile; fileRef = A25EAC9309444D5000B00A87 /* SC_World.h */; };
		A25EACAC09444D5000B00A87 /* SC_WorldOptions.h in Headers */ = {isa = PBXBuildFile; fileRef = A25EAC9409444D5000B00A87 /* SC_WorldOptions.h */; };
		A25EACAD09444D5000B00A87 /* Unroll.h in Headers */ = {isa = PBXBuildFile; fileRef = A25EAC9509444D5000B00A87 /* Unroll.h */; };
		A25EACE409444D8400B00A87 /* AdvancingAllocPool.h in Headers */ = {isa = PBXBuildFile; fileRef = A25EACAE09444D8400B00A87 /* AdvancingAllocPool.h */; };
		A25EACE509444D8400B00A87 /* AllocPools.h in Headers */ = {isa = PBXBuildFile; fileRef = A25EACAF09444D8400B00A87 /* AllocPools.h */; };
		A25EACE609444D8400B00A87 /* bullet.h in Headers */ = {isa = PBXBuildFile; fileRef = A25EACB009444D8400B00A87 /* bullet.h */; };
		A25EACE709444D8400B00A87 /* ByteCodeArray.h in Headers */ = {isa = PBXBuildFile; fileRef = A25EACB109444D8400B00A87 /* ByteCodeArray.h */; };
		A25EACE809444D8400B00A87 /* FIFOT.h in Headers */ = {isa = PBXBuildFile; fileRef = A25EACB209444D8400B00A87 /* FIFOT.h */; };
		A25EACE909444D8400B00A87 /* GC.h in Headers */ = {isa = PBXBuildFile; fileRef = A25EACB309444D8400B00A87 /* GC.h */; };
		A25EACEA09444D8400B00A87 /* HashTable.h in Headers */ = {isa = PBXBuildFile; fileRef = A25EACB409444D8400B00A87 /* HashTable.h */; };
		A25EACEB09444D8400B00A87 /* InitAlloc.h in Headers */ = {isa = PBXBuildFile; fileRef = A25EACB509444D8400B00A87 /* InitAlloc.h */; };
		A25EACEC09444D8400B00A87 /* MiscInlineMath.h in Headers */ = {isa = PBXBuildFile; fileRef = A25EACB609444D8400B00A87 /* MiscInlineMath.h */; };
		A25EACED09444D8400B00A87 /* Opcodes.h in Headers */ = {isa = PBXBuildFile; fileRef = A25EACB709444D8400B00A87 /* Opcodes.h */; };
		A25EACEE09444D8400B00A87 /* OSCData.h in Headers */ = {isa = PBXBuildFile; fileRef = A25EACB809444D8400B00A87 /* OSCData.h */; };
		A25EACEF09444D8400B00A87 /* PowerOfTwoAllocPool.h in Headers */ = {isa = PBXBuildFile; fileRef = A25EACB909444D8400B00A87 /* PowerOfTwoAllocPool.h */; };
		A25EACF009444D8400B00A87 /* PredefinedSymbols.h in Headers */ = {isa = PBXBuildFile; fileRef = A25EACBA09444D8400B00A87 /* PredefinedSymbols.h */; };
		A25EACF109444D8400B00A87 /* PriorityQueue.h in Headers */ = {isa = PBXBuildFile; fileRef = A25EACBB09444D8400B00A87 /* PriorityQueue.h */; };
		A25EACF209444D8400B00A87 /* PyrArchiverT.h in Headers */ = {isa = PBXBuildFile; fileRef = A25EACBC09444D8400B00A87 /* PyrArchiverT.h */; };
		A25EACF309444D8400B00A87 /* PyrDeepCopier.h in Headers */ = {isa = PBXBuildFile; fileRef = A25EACBD09444D8400B00A87 /* PyrDeepCopier.h */; };
		A25EACF409444D8400B00A87 /* PyrDeepFreezer.h in Headers */ = {isa = PBXBuildFile; fileRef = A25EACBE09444D8400B00A87 /* PyrDeepFreezer.h */; };
		A25EACF509444D8400B00A87 /* PyrErrors.h in Headers */ = {isa = PBXBuildFile; fileRef = A25EACBF09444D8400B00A87 /* PyrErrors.h */; };
		A25EACF609444D8400B00A87 /* PyrFilePrim.h in Headers */ = {isa = PBXBuildFile; fileRef = A25EACC009444D8400B00A87 /* PyrFilePrim.h */; };
		A25EACF709444D8400B00A87 /* PyrFileUtils.h in Headers */ = {isa = PBXBuildFile; fileRef = A25EACC109444D8400B00A87 /* PyrFileUtils.h */; };
		A25EACF809444D8400B00A87 /* PyrInterpreter.h in Headers */ = {isa = PBXBuildFile; fileRef = A25EACC209444D8400B00A87 /* PyrInterpreter.h */; };
		A25EACF909444D8400B00A87 /* PyrKernel.h in Headers */ = {isa = PBXBuildFile; fileRef = A25EACC309444D8400B00A87 /* PyrKernel.h */; };
		A25EACFA09444D8400B00A87 /* PyrKernelProto.h in Headers */ = {isa = PBXBuildFile; fileRef = A25EACC409444D8400B00A87 /* PyrKernelProto.h */; };
		A25EACFB09444D8400B00A87 /* PyrLexer.h in Headers */ = {isa = PBXBuildFile; fileRef = A25EACC509444D8400B00A87 /* PyrLexer.h */; };
		A25EACFC09444D8400B00A87 /* PyrListPrim.h in Headers */ = {isa = PBXBuildFile; fileRef = A25EACC609444D8400B00A87 /* PyrListPrim.h */; };
		A25EACFD09444D8400B00A87 /* PyrMathPrim.h in Headers */ = {isa = PBXBuildFile; fileRef = A25EACC709444D8400B00A87 /* PyrMathPrim.h */; };
		A25EACFE09444D8400B00A87 /* PyrMessage.h in Headers */ = {isa = PBXBuildFile; fileRef = A25EACC809444D8400B00A87 /* PyrMessage.h */; };
		A25EACFF09444D8400B00A87 /* PyrObject.h in Headers */ = {isa = PBXBuildFile; fileRef = A25EACC909444D8400B00A87 /* PyrObject.h */; };
		A25EAD0009444D8400B00A87 /* PyrObjectProto.h in Headers */ = {isa = PBXBuildFile; fileRef = A25EACCA09444D8400B00A87 /* PyrObjectProto.h */; };
		A25EAD0109444D8400B00A87 /* PyrParseNode.h in Headers */ = {isa = PBXBuildFile; fileRef = A25EACCB09444D8400B00A87 /* PyrParseNode.h */; };
		A25EAD0209444D8400B00A87 /* PyrPrimitive.h in Headers */ = {isa = PBXBuildFile; fileRef = A25EACCC09444D8400B00A87 /* PyrPrimitive.h */; };
		A25EAD0309444D8400B00A87 /* PyrPrimitiveProto.h in Headers */ = {isa = PBXBuildFile; fileRef = A25EACCD09444D8400B00A87 /* PyrPrimitiveProto.h */; };
		A25EAD0409444D8400B00A87 /* PyrSched.h in Headers */ = {isa = PBXBuildFile; fileRef = A25EACCE09444D8400B00A87 /* PyrSched.h */; };
		A25EAD0509444D8400B00A87 /* PyrSignal.h in Headers */ = {isa = PBXBuildFile; fileRef = A25EACCF09444D8400B00A87 /* PyrSignal.h */; };
		A25EAD0609444D8400B00A87 /* PyrSignalPrim.h in Headers */ = {isa = PBXBuildFile; fileRef = A25EACD009444D8400B00A87 /* PyrSignalPrim.h */; };
		A25EAD0709444D8400B00A87 /* PyrSlot.h in Headers */ = {isa = PBXBuildFile; fileRef = A25EACD109444D8400B00A87 /* PyrSlot.h */; };
		A25EAD0809444D8400B00A87 /* PyrSymbol.h in Headers */ = {isa = PBXBuildFile; fileRef = A25EACD209444D8400B00A87 /* PyrSymbol.h */; };
		A25EAD0909444D8400B00A87 /* PyrSymbolTable.h in Headers */ = {isa = PBXBuildFile; fileRef = A25EACD309444D8400B00A87 /* PyrSymbolTable.h */; };
		A25EAD0A09444D8400B00A87 /* readSamples.h in Headers */ = {isa = PBXBuildFile; fileRef = A25EACD409444D8400B00A87 /* readSamples.h */; };
		A25EAD0B09444D8400B00A87 /* ReadWriteMacros.h in Headers */ = {isa = PBXBuildFile; fileRef = A25EACD509444D8400B00A87 /* ReadWriteMacros.h */; };
		A25EAD0C09444D8400B00A87 /* Samp.h in Headers */ = {isa = PBXBuildFile; fileRef = A25EACD609444D8400B00A87 /* Samp.h */; };
		A25EAD0D09444D8400B00A87 /* SC_ComPort.h in Headers */ = {isa = PBXBuildFile; fileRef = A25EACD709444D8400B00A87 /* SC_ComPort.h */; };
		A25EAD0F09444D8400B00A87 /* SC_LibraryConfig.h in Headers */ = {isa = PBXBuildFile; fileRef = A25EACD909444D8400B00A87 /* SC_LibraryConfig.h */; };
		A25EAD1009444D8400B00A87 /* SC_List.h in Headers */ = {isa = PBXBuildFile; fileRef = A25EACDA09444D8400B00A87 /* SC_List.h */; };
		A25EAD1109444D8400B00A87 /* SC_LogFile.h in Headers */ = {isa = PBXBuildFile; fileRef = A25EACDB09444D8400B00A87 /* SC_LogFile.h */; };
		A25EAD1209444D8400B00A87 /* SC_Msg.h in Headers */ = {isa = PBXBuildFile; fileRef = A25EACDC09444D8400B00A87 /* SC_Msg.h */; };
		A25EAD1309444D8400B00A87 /* SC_SynthImpl.h in Headers */ = {isa = PBXBuildFile; fileRef = A25EACDD09444D8400B00A87 /* SC_SynthImpl.h */; };
		A25EAD1509444D8400B00A87 /* SC_UnorderedList.h in Headers */ = {isa = PBXBuildFile; fileRef = A25EACDF09444D8400B00A87 /* SC_UnorderedList.h */; };
		A25EAD1609444D8400B00A87 /* SCBase.h in Headers */ = {isa = PBXBuildFile; fileRef = A25EACE009444D8400B00A87 /* SCBase.h */; };
		A25EAD1709444D8400B00A87 /* SFHeaders.h in Headers */ = {isa = PBXBuildFile; fileRef = A25EACE109444D8400B00A87 /* SFHeaders.h */; };
		A25EAD1809444D8400B00A87 /* SimpleStack.h in Headers */ = {isa = PBXBuildFile; fileRef = A25EACE209444D8400B00A87 /* SimpleStack.h */; };
		A25EAD1909444D8400B00A87 /* VMGlobals.h in Headers */ = {isa = PBXBuildFile; fileRef = A25EACE309444D8400B00A87 /* VMGlobals.h */; };
		A25EAD2609444DA100B00A87 /* dfftlib.h in Headers */ = {isa = PBXBuildFile; fileRef = A25EAD1A09444DA100B00A87 /* dfftlib.h */; };
		A25EAD2709444DA100B00A87 /* dlfcn.h in Headers */ = {isa = PBXBuildFile; fileRef = A25EAD1B09444DA100B00A87 /* dlfcn.h */; };
		A25EAD2809444DA100B00A87 /* fftlib.h in Headers */ = {isa = PBXBuildFile; fileRef = A25EAD1C09444DA100B00A87 /* fftlib.h */; };
		A25EAD2909444DA100B00A87 /* SC_AllocPool.h in Headers */ = {isa = PBXBuildFile; fileRef = A25EAD1D09444DA100B00A87 /* SC_AllocPool.h */; };
		A25EAD2A09444DA100B00A87 /* SC_Altivec.h in Headers */ = {isa = PBXBuildFile; fileRef = A25EAD1E09444DA100B00A87 /* SC_Altivec.h */; };
		A25EAD2B09444DA100B00A87 /* SC_DirUtils.h in Headers */ = {isa = PBXBuildFile; fileRef = A25EAD1F09444DA100B00A87 /* SC_DirUtils.h */; };
		A25EAD2C09444DA100B00A87 /* SC_Endian.h in Headers */ = {isa = PBXBuildFile; fileRef = A25EAD2009444DA100B00A87 /* SC_Endian.h */; };
		A25EAD2D09444DA100B00A87 /* SC_Sem.h in Headers */ = {isa = PBXBuildFile; fileRef = A25EAD2109444DA100B00A87 /* SC_Sem.h */; };
		A25EAD2E09444DA100B00A87 /* SC_StringBuffer.h in Headers */ = {isa = PBXBuildFile; fileRef = A25EAD2209444DA100B00A87 /* SC_StringBuffer.h */; };
		A25EAD2F09444DA100B00A87 /* SC_StringParser.h in Headers */ = {isa = PBXBuildFile; fileRef = A25EAD2309444DA100B00A87 /* SC_StringParser.h */; };
		A25EAD3009444DA100B00A87 /* SC_Win32Utils.h in Headers */ = {isa = PBXBuildFile; fileRef = A25EAD2409444DA100B00A87 /* SC_Win32Utils.h */; };
		A25EAD3109444DA100B00A87 /* scsynthsend.h in Headers */ = {isa = PBXBuildFile; fileRef = A25EAD2509444DA100B00A87 /* scsynthsend.h */; };
		A25EAD4809444DD900B00A87 /* Config.hxx in Headers */ = {isa = PBXBuildFile; fileRef = A25EAD3409444DD900B00A87 /* Config.hxx */; };
		A25EAD4909444DD900B00A87 /* Exception.hxx in Headers */ = {isa = PBXBuildFile; fileRef = A25EAD3509444DD900B00A87 /* Exception.hxx */; };
		A25EAD4A09444DD900B00A87 /* Extensions.hxx in Headers */ = {isa = PBXBuildFile; fileRef = A25EAD3609444DD900B00A87 /* Extensions.hxx */; };
		A25EAD4B09444DD900B00A87 /* IndirectPythonInterface.hxx in Headers */ = {isa = PBXBuildFile; fileRef = A25EAD3709444DD900B00A87 /* IndirectPythonInterface.hxx */; };
		A25EAD4C09444DD900B00A87 /* Objects.hxx in Headers */ = {isa = PBXBuildFile; fileRef = A25EAD3809444DD900B00A87 /* Objects.hxx */; };
		A25EAD4D09444DD900B00A87 /* cxx_extensions.cxx in Sources */ = {isa = PBXBuildFile; fileRef = A25EAD3C09444DD900B00A87 /* cxx_extensions.cxx */; };
		A25EAD4E09444DD900B00A87 /* cxxextensions.c in Sources */ = {isa = PBXBuildFile; fileRef = A25EAD3D09444DD900B00A87 /* cxxextensions.c */; };
		A25EAD4F09444DD900B00A87 /* cxxsupport.cxx in Sources */ = {isa = PBXBuildFile; fileRef = A25EAD3E09444DD900B00A87 /* cxxsupport.cxx */; };
		A25EAD5009444DD900B00A87 /* IndirectPythonInterface.cxx in Sources */ = {isa = PBXBuildFile; fileRef = A25EAD3F09444DD900B00A87 /* IndirectPythonInterface.cxx */; };
		A25EAD5109444DD900B00A87 /* PYSCLang_Module_GUIStuff.cpp in Sources */ = {isa = PBXBuildFile; fileRef = A25EAD4009444DD900B00A87 /* PYSCLang_Module_GUIStuff.cpp */; };
		A25EAD5209444DD900B00A87 /* PYSCLang_Module.cpp in Sources */ = {isa = PBXBuildFile; fileRef = A25EAD4109444DD900B00A87 /* PYSCLang_Module.cpp */; };
		A25EAD5309444DD900B00A87 /* PYSCLang_Module.h in Headers */ = {isa = PBXBuildFile; fileRef = A25EAD4209444DD900B00A87 /* PYSCLang_Module.h */; };
		A25EAD5409444DD900B00A87 /* PySCLang_VM.h in Headers */ = {isa = PBXBuildFile; fileRef = A25EAD4309444DD900B00A87 /* PySCLang_VM.h */; };
		A25EAD6309444E0D00B00A87 /* dlopen.c in Sources */ = {isa = PBXBuildFile; fileRef = A25EAD5909444E0D00B00A87 /* dlopen.c */; };
		A25EAD6609444E0D00B00A87 /* SC_AllocPool.cpp in Sources */ = {isa = PBXBuildFile; fileRef = A25EAD5C09444E0D00B00A87 /* SC_AllocPool.cpp */; };
		A25EAD6709444E0D00B00A87 /* SC_DirUtils.cpp in Sources */ = {isa = PBXBuildFile; fileRef = A25EAD5D09444E0D00B00A87 /* SC_DirUtils.cpp */; };
		A25EAD6809444E0D00B00A87 /* SC_Sem.cpp in Sources */ = {isa = PBXBuildFile; fileRef = A25EAD5E09444E0D00B00A87 /* SC_Sem.cpp */; };
		A25EAD6909444E0D00B00A87 /* SC_StringBuffer.cpp in Sources */ = {isa = PBXBuildFile; fileRef = A25EAD5F09444E0D00B00A87 /* SC_StringBuffer.cpp */; };
		A25EAD6A09444E0D00B00A87 /* SC_StringParser.cpp in Sources */ = {isa = PBXBuildFile; fileRef = A25EAD6009444E0D00B00A87 /* SC_StringParser.cpp */; };
		A25EAD6B09444E0D00B00A87 /* SC_Win32Utils.cpp in Sources */ = {isa = PBXBuildFile; fileRef = A25EAD6109444E0D00B00A87 /* SC_Win32Utils.cpp */; };
		A25EAD6C09444E0D00B00A87 /* scsynthsend.cpp in Sources */ = {isa = PBXBuildFile; fileRef = A25EAD6209444E0D00B00A87 /* scsynthsend.cpp */; };
		A25EADAE09444E3100B00A87 /* OSCData.cpp in Sources */ = {isa = PBXBuildFile; fileRef = A25EAD6F09444E3100B00A87 /* OSCData.cpp */; };
		A25EADAF09444E3100B00A87 /* PyrArchiver.cpp in Sources */ = {isa = PBXBuildFile; fileRef = A25EAD7009444E3100B00A87 /* PyrArchiver.cpp */; };
		A25EADB009444E3100B00A87 /* PyrArrayPrimitives.cpp in Sources */ = {isa = PBXBuildFile; fileRef = A25EAD7109444E3100B00A87 /* PyrArrayPrimitives.cpp */; };
		A25EADB109444E3100B00A87 /* PyrBitPrim.cpp in Sources */ = {isa = PBXBuildFile; fileRef = A25EAD7209444E3100B00A87 /* PyrBitPrim.cpp */; };
		A25EADB209444E3100B00A87 /* PyrCharPrim.cpp in Sources */ = {isa = PBXBuildFile; fileRef = A25EAD7309444E3100B00A87 /* PyrCharPrim.cpp */; };
		A25EADB309444E3100B00A87 /* PyrFilePrim.cpp in Sources */ = {isa = PBXBuildFile; fileRef = A25EAD7409444E3100B00A87 /* PyrFilePrim.cpp */; };
		A25EADB409444E3100B00A87 /* PyrListPrim.cpp in Sources */ = {isa = PBXBuildFile; fileRef = A25EAD7509444E3100B00A87 /* PyrListPrim.cpp */; };
		A25EADB509444E3100B00A87 /* PyrStringPrim.cpp in Sources */ = {isa = PBXBuildFile; fileRef = A25EAD7609444E3100B00A87 /* PyrStringPrim.cpp */; };
		A25EADB609444E3100B00A87 /* PyrSymbolPrim.cpp in Sources */ = {isa = PBXBuildFile; fileRef = A25EAD7709444E3100B00A87 /* PyrSymbolPrim.cpp */; };
		A25EADB709444E3100B00A87 /* PyrUnixPrim.cpp in Sources */ = {isa = PBXBuildFile; fileRef = A25EAD7809444E3100B00A87 /* PyrUnixPrim.cpp */; };
		A25EADB809444E3100B00A87 /* AdvancingAllocPool.cpp in Sources */ = {isa = PBXBuildFile; fileRef = A25EAD7A09444E3100B00A87 /* AdvancingAllocPool.cpp */; };
		A25EADB909444E3100B00A87 /* alloca.cpp in Sources */ = {isa = PBXBuildFile; fileRef = A25EAD7B09444E3100B00A87 /* alloca.cpp */; };
		A25EADBA09444E3100B00A87 /* ByteCodeArray.cpp in Sources */ = {isa = PBXBuildFile; fileRef = A25EAD7C09444E3100B00A87 /* ByteCodeArray.cpp */; };
		A25EADBC09444E3100B00A87 /* dumpByteCodes.cpp in Sources */ = {isa = PBXBuildFile; fileRef = A25EAD7E09444E3100B00A87 /* dumpByteCodes.cpp */; };
		A25EADBD09444E3100B00A87 /* DumpParseNode.cpp in Sources */ = {isa = PBXBuildFile; fileRef = A25EAD7F09444E3100B00A87 /* DumpParseNode.cpp */; };
		A25EADBE09444E3100B00A87 /* lang11d_tab.cpp in Sources */ = {isa = PBXBuildFile; fileRef = A25EAD8209444E3100B00A87 /* lang11d_tab.cpp */; };
		A25EADBF09444E3100B00A87 /* lang11d_tab.h in Headers */ = {isa = PBXBuildFile; fileRef = A25EAD8309444E3100B00A87 /* lang11d_tab.h */; };
		A25EADC009444E3100B00A87 /* GC.cpp in Sources */ = {isa = PBXBuildFile; fileRef = A25EAD8409444E3100B00A87 /* GC.cpp */; };
		A25EADC109444E3100B00A87 /* HID_Error_Handler.c in Sources */ = {isa = PBXBuildFile; fileRef = A25EAD8609444E3100B00A87 /* HID_Error_Handler.c */; };
		A25EADC209444E3100B00A87 /* HID_Error_Handler.h in Headers */ = {isa = PBXBuildFile; fileRef = A25EAD8709444E3100B00A87 /* HID_Error_Handler.h */; };
		A25EADC309444E3100B00A87 /* HID_Name_Lookup.c in Sources */ = {isa = PBXBuildFile; fileRef = A25EAD8809444E3100B00A87 /* HID_Name_Lookup.c */; };
		A25EADC409444E3100B00A87 /* HID_Name_Lookup.h in Headers */ = {isa = PBXBuildFile; fileRef = A25EAD8909444E3100B00A87 /* HID_Name_Lookup.h */; };
		A25EADC509444E3100B00A87 /* HID_Queue_Utilities.c in Sources */ = {isa = PBXBuildFile; fileRef = A25EAD8A09444E3100B00A87 /* HID_Queue_Utilities.c */; };
		A25EADC609444E3100B00A87 /* HID_Queue_Utilities.h in Headers */ = {isa = PBXBuildFile; fileRef = A25EAD8B09444E3100B00A87 /* HID_Queue_Utilities.h */; };
		A25EADC709444E3100B00A87 /* HID_Utilities.c in Sources */ = {isa = PBXBuildFile; fileRef = A25EAD8C09444E3100B00A87 /* HID_Utilities.c */; };
		A25EADC809444E3100B00A87 /* HID_Utilities.h in Headers */ = {isa = PBXBuildFile; fileRef = A25EAD8D09444E3100B00A87 /* HID_Utilities.h */; };
		A25EADC909444E3100B00A87 /* HID_Utilities_External.h in Headers */ = {isa = PBXBuildFile; fileRef = A25EAD8E09444E3100B00A87 /* HID_Utilities_External.h */; };
		A25EADCA09444E3100B00A87 /* HID_Utilities_Internal.h in Headers */ = {isa = PBXBuildFile; fileRef = A25EAD8F09444E3100B00A87 /* HID_Utilities_Internal.h */; };
		A25EADCB09444E3100B00A87 /* InitAlloc.cpp in Sources */ = {isa = PBXBuildFile; fileRef = A25EAD9109444E3100B00A87 /* InitAlloc.cpp */; };
		A25EADCC09444E3100B00A87 /* PyrFileUtils.cpp in Sources */ = {isa = PBXBuildFile; fileRef = A25EAD9209444E3100B00A87 /* PyrFileUtils.cpp */; };
		A25EADCD09444E3100B00A87 /* PyrInterpreter3.cpp in Sources */ = {isa = PBXBuildFile; fileRef = A25EAD9309444E3100B00A87 /* PyrInterpreter3.cpp */; };
		A25EADCE09444E3100B00A87 /* PyrLexer.cpp in Sources */ = {isa = PBXBuildFile; fileRef = A25EAD9409444E3100B00A87 /* PyrLexer.cpp */; };
		A25EADCF09444E3100B00A87 /* PyrMathOps.cpp in Sources */ = {isa = PBXBuildFile; fileRef = A25EAD9509444E3100B00A87 /* PyrMathOps.cpp */; };
		A25EADD009444E3100B00A87 /* PyrMathPrim.cpp in Sources */ = {isa = PBXBuildFile; fileRef = A25EAD9609444E3100B00A87 /* PyrMathPrim.cpp */; };
		A25EADD109444E3100B00A87 /* PyrMathSupport.cpp in Sources */ = {isa = PBXBuildFile; fileRef = A25EAD9709444E3100B00A87 /* PyrMathSupport.cpp */; };
		A25EADD209444E3100B00A87 /* PyrMessage.cpp in Sources */ = {isa = PBXBuildFile; fileRef = A25EAD9809444E3100B00A87 /* PyrMessage.cpp */; };
		A25EADD309444E3100B00A87 /* PyrObject.cpp in Sources */ = {isa = PBXBuildFile; fileRef = A25EAD9909444E3100B00A87 /* PyrObject.cpp */; };
		A25EADD409444E3100B00A87 /* PyrParseNode.cpp in Sources */ = {isa = PBXBuildFile; fileRef = A25EAD9A09444E3100B00A87 /* PyrParseNode.cpp */; };
		A25EADD509444E3100B00A87 /* PyrPrimitive.cpp in Sources */ = {isa = PBXBuildFile; fileRef = A25EAD9B09444E3100B00A87 /* PyrPrimitive.cpp */; };
		A25EADD609444E3100B00A87 /* PyrSched.cpp in Sources */ = {isa = PBXBuildFile; fileRef = A25EAD9C09444E3100B00A87 /* PyrSched.cpp */; };
		A25EADD709444E3100B00A87 /* PyrSignal.cpp in Sources */ = {isa = PBXBuildFile; fileRef = A25EAD9D09444E3100B00A87 /* PyrSignal.cpp */; };
		A25EADD809444E3100B00A87 /* PyrSignalPrim.cpp in Sources */ = {isa = PBXBuildFile; fileRef = A25EAD9E09444E3100B00A87 /* PyrSignalPrim.cpp */; };
		A25EADD909444E3100B00A87 /* PyrSymbolTable.cpp in Sources */ = {isa = PBXBuildFile; fileRef = A25EAD9F09444E3100B00A87 /* PyrSymbolTable.cpp */; };
		A25EADDA09444E3100B00A87 /* Samp.cpp in Sources */ = {isa = PBXBuildFile; fileRef = A25EADA009444E3100B00A87 /* Samp.cpp */; };
		A25EADDD09444E3100B00A87 /* SC_ComPort.cpp in Sources */ = {isa = PBXBuildFile; fileRef = A25EADA309444E3100B00A87 /* SC_ComPort.cpp */; };
		A25EADDE09444E3100B00A87 /* SC_CoreMIDI.cpp in Sources */ = {isa = PBXBuildFile; fileRef = A25EADA409444E3100B00A87 /* SC_CoreMIDI.cpp */; };
		A25EADDF09444E3100B00A87 /* SC_HID.cpp in Sources */ = {isa = PBXBuildFile; fileRef = A25EADA509444E3100B00A87 /* SC_HID.cpp */; };
		A25EADE109444E3100B00A87 /* SC_LibraryConfig.cpp in Sources */ = {isa = PBXBuildFile; fileRef = A25EADA709444E3100B00A87 /* SC_LibraryConfig.cpp */; };
		A25EADE409444E3100B00A87 /* SC_Speech.cpp in Sources */ = {isa = PBXBuildFile; fileRef = A25EADAA09444E3100B00A87 /* SC_Speech.cpp */; };
		A25EADE609444E3100B00A87 /* SimpleStack.cpp in Sources */ = {isa = PBXBuildFile; fileRef = A25EADAC09444E3100B00A87 /* SimpleStack.cpp */; };
		A25EADE709444E3100B00A87 /* VMGlobals.cpp in Sources */ = {isa = PBXBuildFile; fileRef = A25EADAD09444E3100B00A87 /* VMGlobals.cpp */; };
		A25EADEA09444EB500B00A87 /* CoreAudio.framework in Frameworks */ = {isa = PBXBuildFile; fileRef = A25EADE909444EB500B00A87 /* CoreAudio.framework */; };
		A25EADEF09444EEF00B00A87 /* CoreMIDI.framework in Frameworks */ = {isa = PBXBuildFile; fileRef = A25EADEB09444EEF00B00A87 /* CoreMIDI.framework */; };
		A25EADF009444EEF00B00A87 /* CoreServices.framework in Frameworks */ = {isa = PBXBuildFile; fileRef = A25EADEC09444EEF00B00A87 /* CoreServices.framework */; };
		A25EADF109444EEF00B00A87 /* Foundation.framework in Frameworks */ = {isa = PBXBuildFile; fileRef = A25EADED09444EEF00B00A87 /* Foundation.framework */; };
		A25EADF209444EEF00B00A87 /* IOKit.framework in Frameworks */ = {isa = PBXBuildFile; fileRef = A25EADEE09444EEF00B00A87 /* IOKit.framework */; };
		A25EADFA09444F5600B00A87 /* libscsynth.a in Frameworks */ = {isa = PBXBuildFile; fileRef = A25EADF909444F5600B00A87 /* libscsynth.a */; };
		A25EAE090944525300B00A87 /* Python.framework in Frameworks */ = {isa = PBXBuildFile; fileRef = A25EAE080944525300B00A87 /* Python.framework */; };
		A25EAE9D094467DB00B00A87 /* ChangeCounter.h in Headers */ = {isa = PBXBuildFile; fileRef = A25EAE9C094467DB00B00A87 /* ChangeCounter.h */; };
		A25EAEB00944782100B00A87 /* SC_Reply.h in Headers */ = {isa = PBXBuildFile; fileRef = A25EAEAF0944782100B00A87 /* SC_Reply.h */; };
		A25EB05A0944811100B00A87 /* cmdLineFuncs.cpp in Sources */ = {isa = PBXBuildFile; fileRef = A25EB0590944811100B00A87 /* cmdLineFuncs.cpp */; };
		A25EB093094482E500B00A87 /* fftlib.c in Sources */ = {isa = PBXBuildFile; fileRef = A25EB092094482E500B00A87 /* fftlib.c */; };
		A25EB1580944836D00B00A87 /* ApplicationServices.framework in Frameworks */ = {isa = PBXBuildFile; fileRef = A25EB1570944836D00B00A87 /* ApplicationServices.framework */; };
		A25EB3EC0944842500B00A87 /* Carbon.framework in Frameworks */ = {isa = PBXBuildFile; fileRef = A25EB3EB0944842500B00A87 /* Carbon.framework */; };
		A26ECFAE0988DDCD0007F9E1 /* SC_StandAloneInfo_Darwin.h in Headers */ = {isa = PBXBuildFile; fileRef = A26ECFAD0988DDCD0007F9E1 /* SC_StandAloneInfo_Darwin.h */; };
		A26ECFBF0988E7940007F9E1 /* SC_StandAloneInfo_Darwin.cpp in Sources */ = {isa = PBXBuildFile; fileRef = A26ECFBE0988E7940007F9E1 /* SC_StandAloneInfo_Darwin.cpp */; };
		A2FA13C80B9651D8007C4078 /* PyrSerialPrim.cpp in Sources */ = {isa = PBXBuildFile; fileRef = A2FA13C70B9651D8007C4078 /* PyrSerialPrim.cpp */; };
		A2FA13CB0B965206007C4078 /* SC_FIFO.h in Headers */ = {isa = PBXBuildFile; fileRef = A2FA13CA0B965206007C4078 /* SC_FIFO.h */; };
		A2FA13CE0B965249007C4078 /* SC_LanguageClient.h in Headers */ = {isa = PBXBuildFile; fileRef = A2FA13CD0B965249007C4078 /* SC_LanguageClient.h */; };
/* End PBXBuildFile section */

/* Begin PBXFileReference section */
		A257C6780A7E03F100509127 /* PyrPlatformPrim.cpp */ = {isa = PBXFileReference; fileEncoding = 30; lastKnownFileType = sourcecode.cpp.cpp; path = PyrPlatformPrim.cpp; sourceTree = "<group>"; };
		A25EAC7E09444D5000B00A87 /* clz.h */ = {isa = PBXFileReference; fileEncoding = 30; lastKnownFileType = sourcecode.c.h; name = clz.h; path = ../../headers/plugin_interface/clz.h; sourceTree = SOURCE_ROOT; };
		A25EAC7F09444D5000B00A87 /* Hash.h */ = {isa = PBXFileReference; fileEncoding = 30; lastKnownFileType = sourcecode.c.h; name = Hash.h; path = ../../headers/plugin_interface/Hash.h; sourceTree = SOURCE_ROOT; };
		A25EAC8009444D5000B00A87 /* SC_BoundsMacros.h */ = {isa = PBXFileReference; fileEncoding = 30; lastKnownFileType = sourcecode.c.h; name = SC_BoundsMacros.h; path = ../../headers/plugin_interface/SC_BoundsMacros.h; sourceTree = SOURCE_ROOT; };
		A25EAC8109444D5000B00A87 /* SC_BufGen.h */ = {isa = PBXFileReference; fileEncoding = 30; lastKnownFileType = sourcecode.c.h; name = SC_BufGen.h; path = ../../headers/plugin_interface/SC_BufGen.h; sourceTree = SOURCE_ROOT; };
		A25EAC8209444D5000B00A87 /* SC_Constants.h */ = {isa = PBXFileReference; fileEncoding = 30; lastKnownFileType = sourcecode.c.h; name = SC_Constants.h; path = ../../headers/plugin_interface/SC_Constants.h; sourceTree = SOURCE_ROOT; };
		A25EAC8309444D5000B00A87 /* SC_DemandUnit.h */ = {isa = PBXFileReference; fileEncoding = 30; lastKnownFileType = sourcecode.c.h; name = SC_DemandUnit.h; path = ../../headers/plugin_interface/SC_DemandUnit.h; sourceTree = SOURCE_ROOT; };
		A25EAC8409444D5000B00A87 /* SC_Dimension.h */ = {isa = PBXFileReference; fileEncoding = 30; lastKnownFileType = sourcecode.c.h; name = SC_Dimension.h; path = ../../headers/plugin_interface/SC_Dimension.h; sourceTree = SOURCE_ROOT; };
		A25EAC8509444D5000B00A87 /* SC_FifoMsg.h */ = {isa = PBXFileReference; fileEncoding = 30; lastKnownFileType = sourcecode.c.h; name = SC_FifoMsg.h; path = ../../headers/plugin_interface/SC_FifoMsg.h; sourceTree = SOURCE_ROOT; };
		A25EAC8609444D5000B00A87 /* SC_Graph.h */ = {isa = PBXFileReference; fileEncoding = 30; lastKnownFileType = sourcecode.c.h; name = SC_Graph.h; path = ../../headers/plugin_interface/SC_Graph.h; sourceTree = SOURCE_ROOT; };
		A25EAC8709444D5000B00A87 /* SC_InlineBinaryOp.h */ = {isa = PBXFileReference; fileEncoding = 30; lastKnownFileType = sourcecode.c.h; name = SC_InlineBinaryOp.h; path = ../../headers/plugin_interface/SC_InlineBinaryOp.h; sourceTree = SOURCE_ROOT; };
		A25EAC8809444D5000B00A87 /* SC_InlineUnaryOp.h */ = {isa = PBXFileReference; fileEncoding = 30; lastKnownFileType = sourcecode.c.h; name = SC_InlineUnaryOp.h; path = ../../headers/plugin_interface/SC_InlineUnaryOp.h; sourceTree = SOURCE_ROOT; };
		A25EAC8909444D5000B00A87 /* SC_InterfaceTable.h */ = {isa = PBXFileReference; fileEncoding = 30; lastKnownFileType = sourcecode.c.h; name = SC_InterfaceTable.h; path = ../../headers/plugin_interface/SC_InterfaceTable.h; sourceTree = SOURCE_ROOT; };
		A25EAC8A09444D5000B00A87 /* sc_msg_iter.h */ = {isa = PBXFileReference; fileEncoding = 30; lastKnownFileType = sourcecode.c.h; name = sc_msg_iter.h; path = ../../headers/plugin_interface/sc_msg_iter.h; sourceTree = SOURCE_ROOT; };
		A25EAC8B09444D5000B00A87 /* SC_Node.h */ = {isa = PBXFileReference; fileEncoding = 30; lastKnownFileType = sourcecode.c.h; name = SC_Node.h; path = ../../headers/plugin_interface/SC_Node.h; sourceTree = SOURCE_ROOT; };
		A25EAC8C09444D5000B00A87 /* SC_PlugIn.h */ = {isa = PBXFileReference; fileEncoding = 30; lastKnownFileType = sourcecode.c.h; name = SC_PlugIn.h; path = ../../headers/plugin_interface/SC_PlugIn.h; sourceTree = SOURCE_ROOT; };
		A25EAC8D09444D5000B00A87 /* SC_Rate.h */ = {isa = PBXFileReference; fileEncoding = 30; lastKnownFileType = sourcecode.c.h; name = SC_Rate.h; path = ../../headers/plugin_interface/SC_Rate.h; sourceTree = SOURCE_ROOT; };
		A25EAC8E09444D5000B00A87 /* SC_RGen.h */ = {isa = PBXFileReference; fileEncoding = 30; lastKnownFileType = sourcecode.c.h; name = SC_RGen.h; path = ../../headers/plugin_interface/SC_RGen.h; sourceTree = SOURCE_ROOT; };
		A25EAC8F09444D5000B00A87 /* SC_SndBuf.h */ = {isa = PBXFileReference; fileEncoding = 30; lastKnownFileType = sourcecode.c.h; name = SC_SndBuf.h; path = ../../headers/plugin_interface/SC_SndBuf.h; sourceTree = SOURCE_ROOT; };
		A25EAC9009444D5000B00A87 /* SC_Types.h */ = {isa = PBXFileReference; fileEncoding = 30; lastKnownFileType = sourcecode.c.h; name = SC_Types.h; path = ../../headers/plugin_interface/SC_Types.h; sourceTree = SOURCE_ROOT; };
		A25EAC9109444D5000B00A87 /* SC_Unit.h */ = {isa = PBXFileReference; fileEncoding = 30; lastKnownFileType = sourcecode.c.h; name = SC_Unit.h; path = ../../headers/plugin_interface/SC_Unit.h; sourceTree = SOURCE_ROOT; };
		A25EAC9209444D5000B00A87 /* SC_Wire.h */ = {isa = PBXFileReference; fileEncoding = 30; lastKnownFileType = sourcecode.c.h; name = SC_Wire.h; path = ../../headers/plugin_interface/SC_Wire.h; sourceTree = SOURCE_ROOT; };
		A25EAC9309444D5000B00A87 /* SC_World.h */ = {isa = PBXFileReference; fileEncoding = 30; lastKnownFileType = sourcecode.c.h; name = SC_World.h; path = ../../headers/plugin_interface/SC_World.h; sourceTree = SOURCE_ROOT; };
		A25EAC9409444D5000B00A87 /* SC_WorldOptions.h */ = {isa = PBXFileReference; fileEncoding = 30; lastKnownFileType = sourcecode.c.h; name = SC_WorldOptions.h; path = ../../headers/plugin_interface/SC_WorldOptions.h; sourceTree = SOURCE_ROOT; };
		A25EAC9509444D5000B00A87 /* Unroll.h */ = {isa = PBXFileReference; fileEncoding = 30; lastKnownFileType = sourcecode.c.h; name = Unroll.h; path = ../../headers/plugin_interface/Unroll.h; sourceTree = SOURCE_ROOT; };
		A25EACAE09444D8400B00A87 /* AdvancingAllocPool.h */ = {isa = PBXFileReference; fileEncoding = 30; lastKnownFileType = sourcecode.c.h; name = AdvancingAllocPool.h; path = ../../headers/lang/AdvancingAllocPool.h; sourceTree = SOURCE_ROOT; };
		A25EACAF09444D8400B00A87 /* AllocPools.h */ = {isa = PBXFileReference; fileEncoding = 30; lastKnownFileType = sourcecode.c.h; name = AllocPools.h; path = ../../headers/lang/AllocPools.h; sourceTree = SOURCE_ROOT; };
		A25EACB009444D8400B00A87 /* bullet.h */ = {isa = PBXFileReference; fileEncoding = 30; lastKnownFileType = sourcecode.c.h; name = bullet.h; path = ../../headers/lang/bullet.h; sourceTree = SOURCE_ROOT; };
		A25EACB109444D8400B00A87 /* ByteCodeArray.h */ = {isa = PBXFileReference; fileEncoding = 30; lastKnownFileType = sourcecode.c.h; name = ByteCodeArray.h; path = ../../headers/lang/ByteCodeArray.h; sourceTree = SOURCE_ROOT; };
		A25EACB209444D8400B00A87 /* FIFOT.h */ = {isa = PBXFileReference; fileEncoding = 30; lastKnownFileType = sourcecode.c.h; name = FIFOT.h; path = ../../headers/lang/FIFOT.h; sourceTree = SOURCE_ROOT; };
		A25EACB309444D8400B00A87 /* GC.h */ = {isa = PBXFileReference; fileEncoding = 30; lastKnownFileType = sourcecode.c.h; name = GC.h; path = ../../headers/lang/GC.h; sourceTree = SOURCE_ROOT; };
		A25EACB409444D8400B00A87 /* HashTable.h */ = {isa = PBXFileReference; fileEncoding = 30; lastKnownFileType = sourcecode.c.h; name = HashTable.h; path = ../../headers/lang/HashTable.h; sourceTree = SOURCE_ROOT; };
		A25EACB509444D8400B00A87 /* InitAlloc.h */ = {isa = PBXFileReference; fileEncoding = 30; lastKnownFileType = sourcecode.c.h; name = InitAlloc.h; path = ../../headers/lang/InitAlloc.h; sourceTree = SOURCE_ROOT; };
		A25EACB609444D8400B00A87 /* MiscInlineMath.h */ = {isa = PBXFileReference; fileEncoding = 30; lastKnownFileType = sourcecode.c.h; name = MiscInlineMath.h; path = ../../headers/lang/MiscInlineMath.h; sourceTree = SOURCE_ROOT; };
		A25EACB709444D8400B00A87 /* Opcodes.h */ = {isa = PBXFileReference; fileEncoding = 30; lastKnownFileType = sourcecode.c.h; name = Opcodes.h; path = ../../headers/lang/Opcodes.h; sourceTree = SOURCE_ROOT; };
		A25EACB809444D8400B00A87 /* OSCData.h */ = {isa = PBXFileReference; fileEncoding = 30; lastKnownFileType = sourcecode.c.h; name = OSCData.h; path = ../../headers/lang/OSCData.h; sourceTree = SOURCE_ROOT; };
		A25EACB909444D8400B00A87 /* PowerOfTwoAllocPool.h */ = {isa = PBXFileReference; fileEncoding = 30; lastKnownFileType = sourcecode.c.h; name = PowerOfTwoAllocPool.h; path = ../../headers/lang/PowerOfTwoAllocPool.h; sourceTree = SOURCE_ROOT; };
		A25EACBA09444D8400B00A87 /* PredefinedSymbols.h */ = {isa = PBXFileReference; fileEncoding = 30; lastKnownFileType = sourcecode.c.h; name = PredefinedSymbols.h; path = ../../headers/lang/PredefinedSymbols.h; sourceTree = SOURCE_ROOT; };
		A25EACBB09444D8400B00A87 /* PriorityQueue.h */ = {isa = PBXFileReference; fileEncoding = 30; lastKnownFileType = sourcecode.c.h; name = PriorityQueue.h; path = ../../headers/lang/PriorityQueue.h; sourceTree = SOURCE_ROOT; };
		A25EACBC09444D8400B00A87 /* PyrArchiverT.h */ = {isa = PBXFileReference; fileEncoding = 30; lastKnownFileType = sourcecode.c.h; name = PyrArchiverT.h; path = ../../headers/lang/PyrArchiverT.h; sourceTree = SOURCE_ROOT; };
		A25EACBD09444D8400B00A87 /* PyrDeepCopier.h */ = {isa = PBXFileReference; fileEncoding = 30; lastKnownFileType = sourcecode.c.h; name = PyrDeepCopier.h; path = ../../headers/lang/PyrDeepCopier.h; sourceTree = SOURCE_ROOT; };
		A25EACBE09444D8400B00A87 /* PyrDeepFreezer.h */ = {isa = PBXFileReference; fileEncoding = 30; lastKnownFileType = sourcecode.c.h; name = PyrDeepFreezer.h; path = ../../headers/lang/PyrDeepFreezer.h; sourceTree = SOURCE_ROOT; };
		A25EACBF09444D8400B00A87 /* PyrErrors.h */ = {isa = PBXFileReference; fileEncoding = 30; lastKnownFileType = sourcecode.c.h; name = PyrErrors.h; path = ../../headers/lang/PyrErrors.h; sourceTree = SOURCE_ROOT; };
		A25EACC009444D8400B00A87 /* PyrFilePrim.h */ = {isa = PBXFileReference; fileEncoding = 30; lastKnownFileType = sourcecode.c.h; name = PyrFilePrim.h; path = ../../headers/lang/PyrFilePrim.h; sourceTree = SOURCE_ROOT; };
		A25EACC109444D8400B00A87 /* PyrFileUtils.h */ = {isa = PBXFileReference; fileEncoding = 30; lastKnownFileType = sourcecode.c.h; name = PyrFileUtils.h; path = ../../headers/lang/PyrFileUtils.h; sourceTree = SOURCE_ROOT; };
		A25EACC209444D8400B00A87 /* PyrInterpreter.h */ = {isa = PBXFileReference; fileEncoding = 30; lastKnownFileType = sourcecode.c.h; name = PyrInterpreter.h; path = ../../headers/lang/PyrInterpreter.h; sourceTree = SOURCE_ROOT; };
		A25EACC309444D8400B00A87 /* PyrKernel.h */ = {isa = PBXFileReference; fileEncoding = 30; lastKnownFileType = sourcecode.c.h; name = PyrKernel.h; path = ../../headers/lang/PyrKernel.h; sourceTree = SOURCE_ROOT; };
		A25EACC409444D8400B00A87 /* PyrKernelProto.h */ = {isa = PBXFileReference; fileEncoding = 30; lastKnownFileType = sourcecode.c.h; name = PyrKernelProto.h; path = ../../headers/lang/PyrKernelProto.h; sourceTree = SOURCE_ROOT; };
		A25EACC509444D8400B00A87 /* PyrLexer.h */ = {isa = PBXFileReference; fileEncoding = 30; lastKnownFileType = sourcecode.c.h; name = PyrLexer.h; path = ../../headers/lang/PyrLexer.h; sourceTree = SOURCE_ROOT; };
		A25EACC609444D8400B00A87 /* PyrListPrim.h */ = {isa = PBXFileReference; fileEncoding = 30; lastKnownFileType = sourcecode.c.h; name = PyrListPrim.h; path = ../../headers/lang/PyrListPrim.h; sourceTree = SOURCE_ROOT; };
		A25EACC709444D8400B00A87 /* PyrMathPrim.h */ = {isa = PBXFileReference; fileEncoding = 30; lastKnownFileType = sourcecode.c.h; name = PyrMathPrim.h; path = ../../headers/lang/PyrMathPrim.h; sourceTree = SOURCE_ROOT; };
		A25EACC809444D8400B00A87 /* PyrMessage.h */ = {isa = PBXFileReference; fileEncoding = 30; lastKnownFileType = sourcecode.c.h; name = PyrMessage.h; path = ../../headers/lang/PyrMessage.h; sourceTree = SOURCE_ROOT; };
		A25EACC909444D8400B00A87 /* PyrObject.h */ = {isa = PBXFileReference; fileEncoding = 30; lastKnownFileType = sourcecode.c.h; name = PyrObject.h; path = ../../headers/lang/PyrObject.h; sourceTree = SOURCE_ROOT; };
		A25EACCA09444D8400B00A87 /* PyrObjectProto.h */ = {isa = PBXFileReference; fileEncoding = 30; lastKnownFileType = sourcecode.c.h; name = PyrObjectProto.h; path = ../../headers/lang/PyrObjectProto.h; sourceTree = SOURCE_ROOT; };
		A25EACCB09444D8400B00A87 /* PyrParseNode.h */ = {isa = PBXFileReference; fileEncoding = 30; lastKnownFileType = sourcecode.c.h; name = PyrParseNode.h; path = ../../headers/lang/PyrParseNode.h; sourceTree = SOURCE_ROOT; };
		A25EACCC09444D8400B00A87 /* PyrPrimitive.h */ = {isa = PBXFileReference; fileEncoding = 30; lastKnownFileType = sourcecode.c.h; name = PyrPrimitive.h; path = ../../headers/lang/PyrPrimitive.h; sourceTree = SOURCE_ROOT; };
		A25EACCD09444D8400B00A87 /* PyrPrimitiveProto.h */ = {isa = PBXFileReference; fileEncoding = 30; lastKnownFileType = sourcecode.c.h; name = PyrPrimitiveProto.h; path = ../../headers/lang/PyrPrimitiveProto.h; sourceTree = SOURCE_ROOT; };
		A25EACCE09444D8400B00A87 /* PyrSched.h */ = {isa = PBXFileReference; fileEncoding = 30; lastKnownFileType = sourcecode.c.h; name = PyrSched.h; path = ../../headers/lang/PyrSched.h; sourceTree = SOURCE_ROOT; };
		A25EACCF09444D8400B00A87 /* PyrSignal.h */ = {isa = PBXFileReference; fileEncoding = 30; lastKnownFileType = sourcecode.c.h; name = PyrSignal.h; path = ../../headers/lang/PyrSignal.h; sourceTree = SOURCE_ROOT; };
		A25EACD009444D8400B00A87 /* PyrSignalPrim.h */ = {isa = PBXFileReference; fileEncoding = 30; lastKnownFileType = sourcecode.c.h; name = PyrSignalPrim.h; path = ../../headers/lang/PyrSignalPrim.h; sourceTree = SOURCE_ROOT; };
		A25EACD109444D8400B00A87 /* PyrSlot.h */ = {isa = PBXFileReference; fileEncoding = 30; lastKnownFileType = sourcecode.c.h; name = PyrSlot.h; path = ../../headers/lang/PyrSlot.h; sourceTree = SOURCE_ROOT; };
		A25EACD209444D8400B00A87 /* PyrSymbol.h */ = {isa = PBXFileReference; fileEncoding = 30; lastKnownFileType = sourcecode.c.h; name = PyrSymbol.h; path = ../../headers/lang/PyrSymbol.h; sourceTree = SOURCE_ROOT; };
		A25EACD309444D8400B00A87 /* PyrSymbolTable.h */ = {isa = PBXFileReference; fileEncoding = 30; lastKnownFileType = sourcecode.c.h; name = PyrSymbolTable.h; path = ../../headers/lang/PyrSymbolTable.h; sourceTree = SOURCE_ROOT; };
		A25EACD409444D8400B00A87 /* readSamples.h */ = {isa = PBXFileReference; fileEncoding = 30; lastKnownFileType = sourcecode.c.h; name = readSamples.h; path = ../../headers/lang/readSamples.h; sourceTree = SOURCE_ROOT; };
		A25EACD509444D8400B00A87 /* ReadWriteMacros.h */ = {isa = PBXFileReference; fileEncoding = 30; lastKnownFileType = sourcecode.c.h; name = ReadWriteMacros.h; path = ../../headers/lang/ReadWriteMacros.h; sourceTree = SOURCE_ROOT; };
		A25EACD609444D8400B00A87 /* Samp.h */ = {isa = PBXFileReference; fileEncoding = 30; lastKnownFileType = sourcecode.c.h; name = Samp.h; path = ../../headers/lang/Samp.h; sourceTree = SOURCE_ROOT; };
		A25EACD709444D8400B00A87 /* SC_ComPort.h */ = {isa = PBXFileReference; fileEncoding = 30; lastKnownFileType = sourcecode.c.h; name = SC_ComPort.h; path = ../../headers/lang/SC_ComPort.h; sourceTree = SOURCE_ROOT; };
		A25EACD909444D8400B00A87 /* SC_LibraryConfig.h */ = {isa = PBXFileReference; fileEncoding = 30; lastKnownFileType = sourcecode.c.h; name = SC_LibraryConfig.h; path = ../../headers/lang/SC_LibraryConfig.h; sourceTree = SOURCE_ROOT; };
		A25EACDA09444D8400B00A87 /* SC_List.h */ = {isa = PBXFileReference; fileEncoding = 30; lastKnownFileType = sourcecode.c.h; name = SC_List.h; path = ../../headers/lang/SC_List.h; sourceTree = SOURCE_ROOT; };
		A25EACDB09444D8400B00A87 /* SC_LogFile.h */ = {isa = PBXFileReference; fileEncoding = 30; lastKnownFileType = sourcecode.c.h; name = SC_LogFile.h; path = ../../headers/lang/SC_LogFile.h; sourceTree = SOURCE_ROOT; };
		A25EACDC09444D8400B00A87 /* SC_Msg.h */ = {isa = PBXFileReference; fileEncoding = 30; lastKnownFileType = sourcecode.c.h; name = SC_Msg.h; path = ../../headers/lang/SC_Msg.h; sourceTree = SOURCE_ROOT; };
		A25EACDD09444D8400B00A87 /* SC_SynthImpl.h */ = {isa = PBXFileReference; fileEncoding = 30; lastKnownFileType = sourcecode.c.h; name = SC_SynthImpl.h; path = ../../headers/lang/SC_SynthImpl.h; sourceTree = SOURCE_ROOT; };
		A25EACDF09444D8400B00A87 /* SC_UnorderedList.h */ = {isa = PBXFileReference; fileEncoding = 30; lastKnownFileType = sourcecode.c.h; name = SC_UnorderedList.h; path = ../../headers/lang/SC_UnorderedList.h; sourceTree = SOURCE_ROOT; };
		A25EACE009444D8400B00A87 /* SCBase.h */ = {isa = PBXFileReference; fileEncoding = 30; lastKnownFileType = sourcecode.c.h; name = SCBase.h; path = ../../headers/lang/SCBase.h; sourceTree = SOURCE_ROOT; };
		A25EACE109444D8400B00A87 /* SFHeaders.h */ = {isa = PBXFileReference; fileEncoding = 30; lastKnownFileType = sourcecode.c.h; name = SFHeaders.h; path = ../../headers/lang/SFHeaders.h; sourceTree = SOURCE_ROOT; };
		A25EACE209444D8400B00A87 /* SimpleStack.h */ = {isa = PBXFileReference; fileEncoding = 30; lastKnownFileType = sourcecode.c.h; name = SimpleStack.h; path = ../../headers/lang/SimpleStack.h; sourceTree = SOURCE_ROOT; };
		A25EACE309444D8400B00A87 /* VMGlobals.h */ = {isa = PBXFileReference; fileEncoding = 30; lastKnownFileType = sourcecode.c.h; name = VMGlobals.h; path = ../../headers/lang/VMGlobals.h; sourceTree = SOURCE_ROOT; };
		A25EAD1A09444DA100B00A87 /* dfftlib.h */ = {isa = PBXFileReference; fileEncoding = 30; lastKnownFileType = sourcecode.c.h; name = dfftlib.h; path = ../../headers/common/dfftlib.h; sourceTree = SOURCE_ROOT; };
		A25EAD1B09444DA100B00A87 /* dlfcn.h */ = {isa = PBXFileReference; fileEncoding = 30; lastKnownFileType = sourcecode.c.h; name = dlfcn.h; path = ../../headers/common/dlfcn.h; sourceTree = SOURCE_ROOT; };
		A25EAD1C09444DA100B00A87 /* fftlib.h */ = {isa = PBXFileReference; fileEncoding = 30; lastKnownFileType = sourcecode.c.h; name = fftlib.h; path = ../../headers/common/fftlib.h; sourceTree = SOURCE_ROOT; };
		A25EAD1D09444DA100B00A87 /* SC_AllocPool.h */ = {isa = PBXFileReference; fileEncoding = 30; lastKnownFileType = sourcecode.c.h; name = SC_AllocPool.h; path = ../../headers/common/SC_AllocPool.h; sourceTree = SOURCE_ROOT; };
		A25EAD1E09444DA100B00A87 /* SC_Altivec.h */ = {isa = PBXFileReference; fileEncoding = 30; lastKnownFileType = sourcecode.c.h; name = SC_Altivec.h; path = ../../headers/common/SC_Altivec.h; sourceTree = SOURCE_ROOT; };
		A25EAD1F09444DA100B00A87 /* SC_DirUtils.h */ = {isa = PBXFileReference; fileEncoding = 30; lastKnownFileType = sourcecode.c.h; name = SC_DirUtils.h; path = ../../headers/common/SC_DirUtils.h; sourceTree = SOURCE_ROOT; };
		A25EAD2009444DA100B00A87 /* SC_Endian.h */ = {isa = PBXFileReference; fileEncoding = 30; lastKnownFileType = sourcecode.c.h; name = SC_Endian.h; path = ../../headers/common/SC_Endian.h; sourceTree = SOURCE_ROOT; };
		A25EAD2109444DA100B00A87 /* SC_Sem.h */ = {isa = PBXFileReference; fileEncoding = 30; lastKnownFileType = sourcecode.c.h; name = SC_Sem.h; path = ../../headers/common/SC_Sem.h; sourceTree = SOURCE_ROOT; };
		A25EAD2209444DA100B00A87 /* SC_StringBuffer.h */ = {isa = PBXFileReference; fileEncoding = 30; lastKnownFileType = sourcecode.c.h; name = SC_StringBuffer.h; path = ../../headers/common/SC_StringBuffer.h; sourceTree = SOURCE_ROOT; };
		A25EAD2309444DA100B00A87 /* SC_StringParser.h */ = {isa = PBXFileReference; fileEncoding = 30; lastKnownFileType = sourcecode.c.h; name = SC_StringParser.h; path = ../../headers/common/SC_StringParser.h; sourceTree = SOURCE_ROOT; };
		A25EAD2409444DA100B00A87 /* SC_Win32Utils.h */ = {isa = PBXFileReference; fileEncoding = 30; lastKnownFileType = sourcecode.c.h; name = SC_Win32Utils.h; path = ../../headers/common/SC_Win32Utils.h; sourceTree = SOURCE_ROOT; };
		A25EAD2509444DA100B00A87 /* scsynthsend.h */ = {isa = PBXFileReference; fileEncoding = 30; lastKnownFileType = sourcecode.c.h; name = scsynthsend.h; path = ../../headers/common/scsynthsend.h; sourceTree = SOURCE_ROOT; };
		A25EAD3409444DD900B00A87 /* Config.hxx */ = {isa = PBXFileReference; fileEncoding = 30; lastKnownFileType = sourcecode.cpp.h; path = Config.hxx; sourceTree = "<group>"; };
		A25EAD3509444DD900B00A87 /* Exception.hxx */ = {isa = PBXFileReference; fileEncoding = 30; lastKnownFileType = sourcecode.cpp.h; path = Exception.hxx; sourceTree = "<group>"; };
		A25EAD3609444DD900B00A87 /* Extensions.hxx */ = {isa = PBXFileReference; fileEncoding = 30; lastKnownFileType = sourcecode.cpp.h; path = Extensions.hxx; sourceTree = "<group>"; };
		A25EAD3709444DD900B00A87 /* IndirectPythonInterface.hxx */ = {isa = PBXFileReference; fileEncoding = 30; lastKnownFileType = sourcecode.cpp.h; path = IndirectPythonInterface.hxx; sourceTree = "<group>"; };
		A25EAD3809444DD900B00A87 /* Objects.hxx */ = {isa = PBXFileReference; fileEncoding = 30; lastKnownFileType = sourcecode.cpp.h; path = Objects.hxx; sourceTree = "<group>"; };
		A25EAD3C09444DD900B00A87 /* cxx_extensions.cxx */ = {isa = PBXFileReference; fileEncoding = 30; lastKnownFileType = sourcecode.cpp.cpp; path = cxx_extensions.cxx; sourceTree = "<group>"; };
		A25EAD3D09444DD900B00A87 /* cxxextensions.c */ = {isa = PBXFileReference; fileEncoding = 30; lastKnownFileType = sourcecode.c.c; path = cxxextensions.c; sourceTree = "<group>"; };
		A25EAD3E09444DD900B00A87 /* cxxsupport.cxx */ = {isa = PBXFileReference; fileEncoding = 30; lastKnownFileType = sourcecode.cpp.cpp; path = cxxsupport.cxx; sourceTree = "<group>"; };
		A25EAD3F09444DD900B00A87 /* IndirectPythonInterface.cxx */ = {isa = PBXFileReference; fileEncoding = 30; lastKnownFileType = sourcecode.cpp.cpp; path = IndirectPythonInterface.cxx; sourceTree = "<group>"; };
		A25EAD4009444DD900B00A87 /* PYSCLang_Module_GUIStuff.cpp */ = {isa = PBXFileReference; fileEncoding = 30; lastKnownFileType = sourcecode.cpp.cpp; path = PYSCLang_Module_GUIStuff.cpp; sourceTree = "<group>"; };
		A25EAD4109444DD900B00A87 /* PYSCLang_Module.cpp */ = {isa = PBXFileReference; fileEncoding = 30; lastKnownFileType = sourcecode.cpp.cpp; path = PYSCLang_Module.cpp; sourceTree = "<group>"; };
		A25EAD4209444DD900B00A87 /* PYSCLang_Module.h */ = {isa = PBXFileReference; fileEncoding = 30; lastKnownFileType = sourcecode.c.h; path = PYSCLang_Module.h; sourceTree = "<group>"; };
		A25EAD4309444DD900B00A87 /* PySCLang_VM.h */ = {isa = PBXFileReference; fileEncoding = 30; lastKnownFileType = sourcecode.c.h; path = PySCLang_VM.h; sourceTree = "<group>"; };
		A25EAD5909444E0D00B00A87 /* dlopen.c */ = {isa = PBXFileReference; fileEncoding = 30; lastKnownFileType = sourcecode.c.c; name = dlopen.c; path = ../../source/common/dlopen.c; sourceTree = SOURCE_ROOT; };
		A25EAD5C09444E0D00B00A87 /* SC_AllocPool.cpp */ = {isa = PBXFileReference; fileEncoding = 30; lastKnownFileType = sourcecode.cpp.cpp; name = SC_AllocPool.cpp; path = ../../source/common/SC_AllocPool.cpp; sourceTree = SOURCE_ROOT; };
		A25EAD5D09444E0D00B00A87 /* SC_DirUtils.cpp */ = {isa = PBXFileReference; fileEncoding = 30; lastKnownFileType = sourcecode.cpp.cpp; name = SC_DirUtils.cpp; path = ../../source/common/SC_DirUtils.cpp; sourceTree = SOURCE_ROOT; };
		A25EAD5E09444E0D00B00A87 /* SC_Sem.cpp */ = {isa = PBXFileReference; fileEncoding = 30; lastKnownFileType = sourcecode.cpp.cpp; name = SC_Sem.cpp; path = ../../source/common/SC_Sem.cpp; sourceTree = SOURCE_ROOT; };
		A25EAD5F09444E0D00B00A87 /* SC_StringBuffer.cpp */ = {isa = PBXFileReference; fileEncoding = 30; lastKnownFileType = sourcecode.cpp.cpp; name = SC_StringBuffer.cpp; path = ../../source/common/SC_StringBuffer.cpp; sourceTree = SOURCE_ROOT; };
		A25EAD6009444E0D00B00A87 /* SC_StringParser.cpp */ = {isa = PBXFileReference; fileEncoding = 30; lastKnownFileType = sourcecode.cpp.cpp; name = SC_StringParser.cpp; path = ../../source/common/SC_StringParser.cpp; sourceTree = SOURCE_ROOT; };
		A25EAD6109444E0D00B00A87 /* SC_Win32Utils.cpp */ = {isa = PBXFileReference; fileEncoding = 30; lastKnownFileType = sourcecode.cpp.cpp; name = SC_Win32Utils.cpp; path = ../../source/common/SC_Win32Utils.cpp; sourceTree = SOURCE_ROOT; };
		A25EAD6209444E0D00B00A87 /* scsynthsend.cpp */ = {isa = PBXFileReference; fileEncoding = 30; lastKnownFileType = sourcecode.cpp.cpp; name = scsynthsend.cpp; path = ../../source/common/scsynthsend.cpp; sourceTree = SOURCE_ROOT; };
		A25EAD6E09444E3100B00A87 /* Icon */ = {isa = PBXFileReference; fileEncoding = 30; lastKnownFileType = text; path = "Icon"; sourceTree = "<group>"; };
		A25EAD6F09444E3100B00A87 /* OSCData.cpp */ = {isa = PBXFileReference; fileEncoding = 30; lastKnownFileType = sourcecode.cpp.cpp; path = OSCData.cpp; sourceTree = "<group>"; };
		A25EAD7009444E3100B00A87 /* PyrArchiver.cpp */ = {isa = PBXFileReference; fileEncoding = 30; lastKnownFileType = sourcecode.cpp.cpp; path = PyrArchiver.cpp; sourceTree = "<group>"; };
		A25EAD7109444E3100B00A87 /* PyrArrayPrimitives.cpp */ = {isa = PBXFileReference; fileEncoding = 30; lastKnownFileType = sourcecode.cpp.cpp; path = PyrArrayPrimitives.cpp; sourceTree = "<group>"; };
		A25EAD7209444E3100B00A87 /* PyrBitPrim.cpp */ = {isa = PBXFileReference; fileEncoding = 30; lastKnownFileType = sourcecode.cpp.cpp; path = PyrBitPrim.cpp; sourceTree = "<group>"; };
		A25EAD7309444E3100B00A87 /* PyrCharPrim.cpp */ = {isa = PBXFileReference; fileEncoding = 30; lastKnownFileType = sourcecode.cpp.cpp; path = PyrCharPrim.cpp; sourceTree = "<group>"; };
		A25EAD7409444E3100B00A87 /* PyrFilePrim.cpp */ = {isa = PBXFileReference; fileEncoding = 30; lastKnownFileType = sourcecode.cpp.cpp; path = PyrFilePrim.cpp; sourceTree = "<group>"; };
		A25EAD7509444E3100B00A87 /* PyrListPrim.cpp */ = {isa = PBXFileReference; fileEncoding = 30; lastKnownFileType = sourcecode.cpp.cpp; path = PyrListPrim.cpp; sourceTree = "<group>"; };
		A25EAD7609444E3100B00A87 /* PyrStringPrim.cpp */ = {isa = PBXFileReference; fileEncoding = 30; lastKnownFileType = sourcecode.cpp.cpp; path = PyrStringPrim.cpp; sourceTree = "<group>"; };
		A25EAD7709444E3100B00A87 /* PyrSymbolPrim.cpp */ = {isa = PBXFileReference; fileEncoding = 30; lastKnownFileType = sourcecode.cpp.cpp; path = PyrSymbolPrim.cpp; sourceTree = "<group>"; };
		A25EAD7809444E3100B00A87 /* PyrUnixPrim.cpp */ = {isa = PBXFileReference; fileEncoding = 30; lastKnownFileType = sourcecode.cpp.cpp; path = PyrUnixPrim.cpp; sourceTree = "<group>"; };
		A25EAD7A09444E3100B00A87 /* AdvancingAllocPool.cpp */ = {isa = PBXFileReference; fileEncoding = 30; lastKnownFileType = sourcecode.cpp.cpp; path = AdvancingAllocPool.cpp; sourceTree = "<group>"; };
		A25EAD7B09444E3100B00A87 /* alloca.cpp */ = {isa = PBXFileReference; fileEncoding = 30; lastKnownFileType = sourcecode.cpp.cpp; path = alloca.cpp; sourceTree = "<group>"; };
		A25EAD7C09444E3100B00A87 /* ByteCodeArray.cpp */ = {isa = PBXFileReference; fileEncoding = 30; lastKnownFileType = sourcecode.cpp.cpp; path = ByteCodeArray.cpp; sourceTree = "<group>"; };
		A25EAD7E09444E3100B00A87 /* dumpByteCodes.cpp */ = {isa = PBXFileReference; fileEncoding = 30; lastKnownFileType = sourcecode.cpp.cpp; path = dumpByteCodes.cpp; sourceTree = "<group>"; };
		A25EAD7F09444E3100B00A87 /* DumpParseNode.cpp */ = {isa = PBXFileReference; fileEncoding = 30; lastKnownFileType = sourcecode.cpp.cpp; path = DumpParseNode.cpp; sourceTree = "<group>"; };
		A25EAD8109444E3100B00A87 /* lang11d */ = {isa = PBXFileReference; fileEncoding = 30; lastKnownFileType = text; path = lang11d; sourceTree = "<group>"; };
		A25EAD8209444E3100B00A87 /* lang11d_tab.cpp */ = {isa = PBXFileReference; fileEncoding = 30; lastKnownFileType = sourcecode.cpp.cpp; path = lang11d_tab.cpp; sourceTree = "<group>"; };
		A25EAD8309444E3100B00A87 /* lang11d_tab.h */ = {isa = PBXFileReference; fileEncoding = 30; lastKnownFileType = sourcecode.c.h; path = lang11d_tab.h; sourceTree = "<group>"; };
		A25EAD8409444E3100B00A87 /* GC.cpp */ = {isa = PBXFileReference; fileEncoding = 30; lastKnownFileType = sourcecode.cpp.cpp; path = GC.cpp; sourceTree = "<group>"; };
		A25EAD8609444E3100B00A87 /* HID_Error_Handler.c */ = {isa = PBXFileReference; fileEncoding = 30; lastKnownFileType = sourcecode.c.c; path = HID_Error_Handler.c; sourceTree = "<group>"; };
		A25EAD8709444E3100B00A87 /* HID_Error_Handler.h */ = {isa = PBXFileReference; fileEncoding = 30; lastKnownFileType = sourcecode.c.h; path = HID_Error_Handler.h; sourceTree = "<group>"; };
		A25EAD8809444E3100B00A87 /* HID_Name_Lookup.c */ = {isa = PBXFileReference; fileEncoding = 30; lastKnownFileType = sourcecode.c.c; path = HID_Name_Lookup.c; sourceTree = "<group>"; };
		A25EAD8909444E3100B00A87 /* HID_Name_Lookup.h */ = {isa = PBXFileReference; fileEncoding = 30; lastKnownFileType = sourcecode.c.h; path = HID_Name_Lookup.h; sourceTree = "<group>"; };
		A25EAD8A09444E3100B00A87 /* HID_Queue_Utilities.c */ = {isa = PBXFileReference; fileEncoding = 30; lastKnownFileType = sourcecode.c.c; path = HID_Queue_Utilities.c; sourceTree = "<group>"; };
		A25EAD8B09444E3100B00A87 /* HID_Queue_Utilities.h */ = {isa = PBXFileReference; fileEncoding = 30; lastKnownFileType = sourcecode.c.h; path = HID_Queue_Utilities.h; sourceTree = "<group>"; };
		A25EAD8C09444E3100B00A87 /* HID_Utilities.c */ = {isa = PBXFileReference; fileEncoding = 30; lastKnownFileType = sourcecode.c.c; path = HID_Utilities.c; sourceTree = "<group>"; };
		A25EAD8D09444E3100B00A87 /* HID_Utilities.h */ = {isa = PBXFileReference; fileEncoding = 30; lastKnownFileType = sourcecode.c.h; path = HID_Utilities.h; sourceTree = "<group>"; };
		A25EAD8E09444E3100B00A87 /* HID_Utilities_External.h */ = {isa = PBXFileReference; fileEncoding = 30; lastKnownFileType = sourcecode.c.h; path = HID_Utilities_External.h; sourceTree = "<group>"; };
		A25EAD8F09444E3100B00A87 /* HID_Utilities_Internal.h */ = {isa = PBXFileReference; fileEncoding = 30; lastKnownFileType = sourcecode.c.h; path = HID_Utilities_Internal.h; sourceTree = "<group>"; };
		A25EAD9009444E3100B00A87 /* Icon */ = {isa = PBXFileReference; fileEncoding = 30; lastKnownFileType = text; path = "Icon"; sourceTree = "<group>"; };
		A25EAD9109444E3100B00A87 /* InitAlloc.cpp */ = {isa = PBXFileReference; fileEncoding = 30; lastKnownFileType = sourcecode.cpp.cpp; path = InitAlloc.cpp; sourceTree = "<group>"; };
		A25EAD9209444E3100B00A87 /* PyrFileUtils.cpp */ = {isa = PBXFileReference; fileEncoding = 30; lastKnownFileType = sourcecode.cpp.cpp; path = PyrFileUtils.cpp; sourceTree = "<group>"; };
		A25EAD9309444E3100B00A87 /* PyrInterpreter3.cpp */ = {isa = PBXFileReference; fileEncoding = 30; lastKnownFileType = sourcecode.cpp.cpp; path = PyrInterpreter3.cpp; sourceTree = "<group>"; };
		A25EAD9409444E3100B00A87 /* PyrLexer.cpp */ = {isa = PBXFileReference; fileEncoding = 30; lastKnownFileType = sourcecode.cpp.cpp; path = PyrLexer.cpp; sourceTree = "<group>"; };
		A25EAD9509444E3100B00A87 /* PyrMathOps.cpp */ = {isa = PBXFileReference; fileEncoding = 30; lastKnownFileType = sourcecode.cpp.cpp; path = PyrMathOps.cpp; sourceTree = "<group>"; };
		A25EAD9609444E3100B00A87 /* PyrMathPrim.cpp */ = {isa = PBXFileReference; fileEncoding = 30; lastKnownFileType = sourcecode.cpp.cpp; path = PyrMathPrim.cpp; sourceTree = "<group>"; };
		A25EAD9709444E3100B00A87 /* PyrMathSupport.cpp */ = {isa = PBXFileReference; fileEncoding = 30; lastKnownFileType = sourcecode.cpp.cpp; path = PyrMathSupport.cpp; sourceTree = "<group>"; };
		A25EAD9809444E3100B00A87 /* PyrMessage.cpp */ = {isa = PBXFileReference; fileEncoding = 30; lastKnownFileType = sourcecode.cpp.cpp; path = PyrMessage.cpp; sourceTree = "<group>"; };
		A25EAD9909444E3100B00A87 /* PyrObject.cpp */ = {isa = PBXFileReference; fileEncoding = 30; lastKnownFileType = sourcecode.cpp.cpp; path = PyrObject.cpp; sourceTree = "<group>"; };
		A25EAD9A09444E3100B00A87 /* PyrParseNode.cpp */ = {isa = PBXFileReference; fileEncoding = 30; lastKnownFileType = sourcecode.cpp.cpp; path = PyrParseNode.cpp; sourceTree = "<group>"; };
		A25EAD9B09444E3100B00A87 /* PyrPrimitive.cpp */ = {isa = PBXFileReference; fileEncoding = 30; lastKnownFileType = sourcecode.cpp.cpp; path = PyrPrimitive.cpp; sourceTree = "<group>"; };
		A25EAD9C09444E3100B00A87 /* PyrSched.cpp */ = {isa = PBXFileReference; fileEncoding = 30; lastKnownFileType = sourcecode.cpp.cpp; path = PyrSched.cpp; sourceTree = "<group>"; };
		A25EAD9D09444E3100B00A87 /* PyrSignal.cpp */ = {isa = PBXFileReference; fileEncoding = 30; lastKnownFileType = sourcecode.cpp.cpp; path = PyrSignal.cpp; sourceTree = "<group>"; };
		A25EAD9E09444E3100B00A87 /* PyrSignalPrim.cpp */ = {isa = PBXFileReference; fileEncoding = 30; lastKnownFileType = sourcecode.cpp.cpp; path = PyrSignalPrim.cpp; sourceTree = "<group>"; };
		A25EAD9F09444E3100B00A87 /* PyrSymbolTable.cpp */ = {isa = PBXFileReference; fileEncoding = 30; lastKnownFileType = sourcecode.cpp.cpp; path = PyrSymbolTable.cpp; sourceTree = "<group>"; };
		A25EADA009444E3100B00A87 /* Samp.cpp */ = {isa = PBXFileReference; fileEncoding = 30; lastKnownFileType = sourcecode.cpp.cpp; path = Samp.cpp; sourceTree = "<group>"; };
		A25EADA309444E3100B00A87 /* SC_ComPort.cpp */ = {isa = PBXFileReference; fileEncoding = 30; lastKnownFileType = sourcecode.cpp.cpp; path = SC_ComPort.cpp; sourceTree = "<group>"; };
		A25EADA409444E3100B00A87 /* SC_CoreMIDI.cpp */ = {isa = PBXFileReference; fileEncoding = 30; lastKnownFileType = sourcecode.cpp.cpp; path = SC_CoreMIDI.cpp; sourceTree = "<group>"; };
		A25EADA509444E3100B00A87 /* SC_HID.cpp */ = {isa = PBXFileReference; fileEncoding = 30; lastKnownFileType = sourcecode.cpp.cpp; path = SC_HID.cpp; sourceTree = "<group>"; };
		A25EADA709444E3100B00A87 /* SC_LibraryConfig.cpp */ = {isa = PBXFileReference; fileEncoding = 30; lastKnownFileType = sourcecode.cpp.cpp; path = SC_LibraryConfig.cpp; sourceTree = "<group>"; };
		A25EADAA09444E3100B00A87 /* SC_Speech.cpp */ = {isa = PBXFileReference; fileEncoding = 30; lastKnownFileType = sourcecode.cpp.cpp; path = SC_Speech.cpp; sourceTree = "<group>"; };
		A25EADAC09444E3100B00A87 /* SimpleStack.cpp */ = {isa = PBXFileReference; fileEncoding = 30; lastKnownFileType = sourcecode.cpp.cpp; path = SimpleStack.cpp; sourceTree = "<group>"; };
		A25EADAD09444E3100B00A87 /* VMGlobals.cpp */ = {isa = PBXFileReference; fileEncoding = 30; lastKnownFileType = sourcecode.cpp.cpp; path = VMGlobals.cpp; sourceTree = "<group>"; };
		A25EADE909444EB500B00A87 /* CoreAudio.framework */ = {isa = PBXFileReference; lastKnownFileType = wrapper.framework; name = CoreAudio.framework; path = /System/Library/Frameworks/CoreAudio.framework; sourceTree = "<absolute>"; };
		A25EADEB09444EEF00B00A87 /* CoreMIDI.framework */ = {isa = PBXFileReference; lastKnownFileType = wrapper.framework; name = CoreMIDI.framework; path = /System/Library/Frameworks/CoreMIDI.framework; sourceTree = "<absolute>"; };
		A25EADEC09444EEF00B00A87 /* CoreServices.framework */ = {isa = PBXFileReference; lastKnownFileType = wrapper.framework; name = CoreServices.framework; path = /System/Library/Frameworks/CoreServices.framework; sourceTree = "<absolute>"; };
		A25EADED09444EEF00B00A87 /* Foundation.framework */ = {isa = PBXFileReference; lastKnownFileType = wrapper.framework; name = Foundation.framework; path = /System/Library/Frameworks/Foundation.framework; sourceTree = "<absolute>"; };
		A25EADEE09444EEF00B00A87 /* IOKit.framework */ = {isa = PBXFileReference; lastKnownFileType = wrapper.framework; name = IOKit.framework; path = /System/Library/Frameworks/IOKit.framework; sourceTree = "<absolute>"; };
		A25EADF909444F5600B00A87 /* libscsynth.a */ = {isa = PBXFileReference; lastKnownFileType = archive.ar; name = libscsynth.a; path = ../../build/libscsynth.a; sourceTree = SOURCE_ROOT; };
		A25EAE080944525300B00A87 /* Python.framework */ = {isa = PBXFileReference; lastKnownFileType = wrapper.framework; name = Python.framework; path = /System/Library/Frameworks/Python.framework; sourceTree = "<absolute>"; };
		A25EAE9C094467DB00B00A87 /* ChangeCounter.h */ = {isa = PBXFileReference; fileEncoding = 30; lastKnownFileType = sourcecode.c.h; name = ChangeCounter.h; path = ../../headers/app/ChangeCounter.h; sourceTree = SOURCE_ROOT; };
		A25EAEAF0944782100B00A87 /* SC_Reply.h */ = {isa = PBXFileReference; fileEncoding = 30; lastKnownFileType = sourcecode.c.h; name = SC_Reply.h; path = ../../headers/server/SC_Reply.h; sourceTree = SOURCE_ROOT; };
		A25EB0590944811100B00A87 /* cmdLineFuncs.cpp */ = {isa = PBXFileReference; fileEncoding = 30; lastKnownFileType = sourcecode.cpp.cpp; path = cmdLineFuncs.cpp; sourceTree = "<group>"; };
		A25EB092094482E500B00A87 /* fftlib.c */ = {isa = PBXFileReference; fileEncoding = 30; lastKnownFileType = sourcecode.c.c; name = fftlib.c; path = ../../source/plugins/fftlib.c; sourceTree = SOURCE_ROOT; };
		A25EB1570944836D00B00A87 /* ApplicationServices.framework */ = {isa = PBXFileReference; lastKnownFileType = wrapper.framework; name = ApplicationServices.framework; path = /System/Library/Frameworks/ApplicationServices.framework; sourceTree = "<absolute>"; };
		A25EB3EB0944842500B00A87 /* Carbon.framework */ = {isa = PBXFileReference; lastKnownFileType = wrapper.framework; name = Carbon.framework; path = /System/Library/Frameworks/Carbon.framework; sourceTree = "<absolute>"; };
		A26ECFAD0988DDCD0007F9E1 /* SC_StandAloneInfo_Darwin.h */ = {isa = PBXFileReference; fileEncoding = 30; lastKnownFileType = sourcecode.c.h; name = SC_StandAloneInfo_Darwin.h; path = ../../headers/common/SC_StandAloneInfo_Darwin.h; sourceTree = SOURCE_ROOT; };
		A26ECFBE0988E7940007F9E1 /* SC_StandAloneInfo_Darwin.cpp */ = {isa = PBXFileReference; fileEncoding = 30; lastKnownFileType = sourcecode.cpp.cpp; name = SC_StandAloneInfo_Darwin.cpp; path = ../../source/common/SC_StandAloneInfo_Darwin.cpp; sourceTree = SOURCE_ROOT; };
		A2FA13C70B9651D8007C4078 /* PyrSerialPrim.cpp */ = {isa = PBXFileReference; fileEncoding = 30; lastKnownFileType = sourcecode.cpp.cpp; path = PyrSerialPrim.cpp; sourceTree = "<group>"; };
		A2FA13CA0B965206007C4078 /* SC_FIFO.h */ = {isa = PBXFileReference; fileEncoding = 30; lastKnownFileType = sourcecode.c.h; name = SC_FIFO.h; path = ../../headers/common/SC_FIFO.h; sourceTree = SOURCE_ROOT; };
		A2FA13CD0B965249007C4078 /* SC_LanguageClient.h */ = {isa = PBXFileReference; fileEncoding = 30; lastKnownFileType = sourcecode.c.h; name = SC_LanguageClient.h; path = ../../headers/lang/SC_LanguageClient.h; sourceTree = SOURCE_ROOT; };
		D2AAC0630554660B00DB518D /* PySCLang.so */ = {isa = PBXFileReference; explicitFileType = "compiled.mach-o.dylib"; includeInIndex = 0; path = PySCLang.so; sourceTree = BUILT_PRODUCTS_DIR; };
/* End PBXFileReference section */

/* Begin PBXFrameworksBuildPhase section */
		D289988505E68E00004EDB86 /* Frameworks */ = {
			isa = PBXFrameworksBuildPhase;
			buildActionMask = 2147483647;
			files = (
				A25EADEA09444EB500B00A87 /* CoreAudio.framework in Frameworks */,
				A25EADEF09444EEF00B00A87 /* CoreMIDI.framework in Frameworks */,
				A25EADF009444EEF00B00A87 /* CoreServices.framework in Frameworks */,
				A25EADF109444EEF00B00A87 /* Foundation.framework in Frameworks */,
				A25EADF209444EEF00B00A87 /* IOKit.framework in Frameworks */,
				A25EADFA09444F5600B00A87 /* libscsynth.a in Frameworks */,
				A25EAE090944525300B00A87 /* Python.framework in Frameworks */,
				A25EB1580944836D00B00A87 /* ApplicationServices.framework in Frameworks */,
				A25EB3EC0944842500B00A87 /* Carbon.framework in Frameworks */,
			);
			runOnlyForDeploymentPostprocessing = 0;
		};
/* End PBXFrameworksBuildPhase section */

/* Begin PBXGroup section */
		08FB7794FE84155DC02AAC07 /* PySCLang */ = {
			isa = PBXGroup;
			children = (
				A25EAC7A09444CEA00B00A87 /* Headers */,
				08FB7795FE84155DC02AAC07 /* Source */,
				A25EADE809444E6500B00A87 /* Frameworks */,
				1AB674ADFE9D54B511CA2CBB /* Products */,
			);
			name = PySCLang;
			sourceTree = "<group>";
		};
		08FB7795FE84155DC02AAC07 /* Source */ = {
			isa = PBXGroup;
			children = (
				A25EAC7609444C8500B00A87 /* lang */,
				A25EAC7509444C7D00B00A87 /* common */,
				A25EB091094482B900B00A87 /* plugins */,
				A25EAC7209444C6800B00A87 /* PySCLang */,
			);
			name = Source;
			sourceTree = "<group>";
		};
		1AB674ADFE9D54B511CA2CBB /* Products */ = {
			isa = PBXGroup;
			children = (
				D2AAC0630554660B00DB518D /* PySCLang.so */,
			);
			name = Products;
			sourceTree = "<group>";
		};
		A257C6770A7E03AC00509127 /* PySCLang */ = {
			isa = PBXGroup;
			children = (
				A25EAD4209444DD900B00A87 /* PYSCLang_Module.h */,
				A25EAD4309444DD900B00A87 /* PySCLang_VM.h */,
			);
			name = PySCLang;
			sourceTree = "<group>";
		};
		A25EAC7209444C6800B00A87 /* PySCLang */ = {
			isa = PBXGroup;
			children = (
				A25EAD3209444DD900B00A87 /* pycxx */,
				A25EAD4009444DD900B00A87 /* PYSCLang_Module_GUIStuff.cpp */,
				A25EAD4109444DD900B00A87 /* PYSCLang_Module.cpp */,
			);
			name = PySCLang;
			sourceTree = "<group>";
		};
		A25EAC7509444C7D00B00A87 /* common */ = {
			isa = PBXGroup;
			children = (
				A26ECFBE0988E7940007F9E1 /* SC_StandAloneInfo_Darwin.cpp */,
				A25EAD5909444E0D00B00A87 /* dlopen.c */,
				A25EAD5C09444E0D00B00A87 /* SC_AllocPool.cpp */,
				A25EAD5D09444E0D00B00A87 /* SC_DirUtils.cpp */,
				A25EAD5E09444E0D00B00A87 /* SC_Sem.cpp */,
				A25EAD5F09444E0D00B00A87 /* SC_StringBuffer.cpp */,
				A25EAD6009444E0D00B00A87 /* SC_StringParser.cpp */,
				A25EAD6109444E0D00B00A87 /* SC_Win32Utils.cpp */,
				A25EAD6209444E0D00B00A87 /* scsynthsend.cpp */,
			);
			name = common;
			sourceTree = "<group>";
		};
		A25EAC7609444C8500B00A87 /* lang */ = {
			isa = PBXGroup;
			children = (
				A25EAD6D09444E3100B00A87 /* LangPrimSource */,
				A25EAD7909444E3100B00A87 /* LangSource */,
			);
			name = lang;
			sourceTree = "<group>";
		};
		A25EAC7A09444CEA00B00A87 /* Headers */ = {
			isa = PBXGroup;
			children = (
				A257C6770A7E03AC00509127 /* PySCLang */,
				A25EAEAE0944780900B00A87 /* server */,
				A25EAE9B094467B500B00A87 /* app */,
				A25EAC7D09444D0400B00A87 /* plugin_interface */,
				A25EAC7C09444CFA00B00A87 /* lang */,
				A25EAC7B09444CF200B00A87 /* common */,
			);
			name = Headers;
			sourceTree = "<group>";
		};
		A25EAC7B09444CF200B00A87 /* common */ = {
			isa = PBXGroup;
			children = (
				A2FA13CA0B965206007C4078 /* SC_FIFO.h */,
				A26ECFAD0988DDCD0007F9E1 /* SC_StandAloneInfo_Darwin.h */,
				A25EAD1A09444DA100B00A87 /* dfftlib.h */,
				A25EAD1B09444DA100B00A87 /* dlfcn.h */,
				A25EAD1C09444DA100B00A87 /* fftlib.h */,
				A25EAD1D09444DA100B00A87 /* SC_AllocPool.h */,
				A25EAD1E09444DA100B00A87 /* SC_Altivec.h */,
				A25EAD1F09444DA100B00A87 /* SC_DirUtils.h */,
				A25EAD2009444DA100B00A87 /* SC_Endian.h */,
				A25EAD2109444DA100B00A87 /* SC_Sem.h */,
				A25EAD2209444DA100B00A87 /* SC_StringBuffer.h */,
				A25EAD2309444DA100B00A87 /* SC_StringParser.h */,
				A25EAD2409444DA100B00A87 /* SC_Win32Utils.h */,
				A25EAD2509444DA100B00A87 /* scsynthsend.h */,
			);
			name = common;
			sourceTree = "<group>";
		};
		A25EAC7C09444CFA00B00A87 /* lang */ = {
			isa = PBXGroup;
			children = (
				A2FA13CD0B965249007C4078 /* SC_LanguageClient.h */,
				A25EACAE09444D8400B00A87 /* AdvancingAllocPool.h */,
				A25EACAF09444D8400B00A87 /* AllocPools.h */,
				A25EACB009444D8400B00A87 /* bullet.h */,
				A25EACB109444D8400B00A87 /* ByteCodeArray.h */,
				A25EACB209444D8400B00A87 /* FIFOT.h */,
				A25EACB309444D8400B00A87 /* GC.h */,
				A25EACB409444D8400B00A87 /* HashTable.h */,
				A25EACB509444D8400B00A87 /* InitAlloc.h */,
				A25EACB609444D8400B00A87 /* MiscInlineMath.h */,
				A25EACB709444D8400B00A87 /* Opcodes.h */,
				A25EACB809444D8400B00A87 /* OSCData.h */,
				A25EACB909444D8400B00A87 /* PowerOfTwoAllocPool.h */,
				A25EACBA09444D8400B00A87 /* PredefinedSymbols.h */,
				A25EACBB09444D8400B00A87 /* PriorityQueue.h */,
				A25EACBC09444D8400B00A87 /* PyrArchiverT.h */,
				A25EACBD09444D8400B00A87 /* PyrDeepCopier.h */,
				A25EACBE09444D8400B00A87 /* PyrDeepFreezer.h */,
				A25EACBF09444D8400B00A87 /* PyrErrors.h */,
				A25EACC009444D8400B00A87 /* PyrFilePrim.h */,
				A25EACC109444D8400B00A87 /* PyrFileUtils.h */,
				A25EACC209444D8400B00A87 /* PyrInterpreter.h */,
				A25EACC309444D8400B00A87 /* PyrKernel.h */,
				A25EACC409444D8400B00A87 /* PyrKernelProto.h */,
				A25EACC509444D8400B00A87 /* PyrLexer.h */,
				A25EACC609444D8400B00A87 /* PyrListPrim.h */,
				A25EACC709444D8400B00A87 /* PyrMathPrim.h */,
				A25EACC809444D8400B00A87 /* PyrMessage.h */,
				A25EACC909444D8400B00A87 /* PyrObject.h */,
				A25EACCA09444D8400B00A87 /* PyrObjectProto.h */,
				A25EACCB09444D8400B00A87 /* PyrParseNode.h */,
				A25EACCC09444D8400B00A87 /* PyrPrimitive.h */,
				A25EACCD09444D8400B00A87 /* PyrPrimitiveProto.h */,
				A25EACCE09444D8400B00A87 /* PyrSched.h */,
				A25EACCF09444D8400B00A87 /* PyrSignal.h */,
				A25EACD009444D8400B00A87 /* PyrSignalPrim.h */,
				A25EACD109444D8400B00A87 /* PyrSlot.h */,
				A25EACD209444D8400B00A87 /* PyrSymbol.h */,
				A25EACD309444D8400B00A87 /* PyrSymbolTable.h */,
				A25EACD409444D8400B00A87 /* readSamples.h */,
				A25EACD509444D8400B00A87 /* ReadWriteMacros.h */,
				A25EACD609444D8400B00A87 /* Samp.h */,
				A25EACD709444D8400B00A87 /* SC_ComPort.h */,
				A25EACD909444D8400B00A87 /* SC_LibraryConfig.h */,
				A25EACDA09444D8400B00A87 /* SC_List.h */,
				A25EACDB09444D8400B00A87 /* SC_LogFile.h */,
				A25EACDC09444D8400B00A87 /* SC_Msg.h */,
				A25EACDD09444D8400B00A87 /* SC_SynthImpl.h */,
				A25EACDF09444D8400B00A87 /* SC_UnorderedList.h */,
				A25EACE009444D8400B00A87 /* SCBase.h */,
				A25EACE109444D8400B00A87 /* SFHeaders.h */,
				A25EACE209444D8400B00A87 /* SimpleStack.h */,
				A25EACE309444D8400B00A87 /* VMGlobals.h */,
			);
			name = lang;
			sourceTree = "<group>";
		};
		A25EAC7D09444D0400B00A87 /* plugin_interface */ = {
			isa = PBXGroup;
			children = (
				A25EAC7E09444D5000B00A87 /* clz.h */,
				A25EAC7F09444D5000B00A87 /* Hash.h */,
				A25EAC8009444D5000B00A87 /* SC_BoundsMacros.h */,
				A25EAC8109444D5000B00A87 /* SC_BufGen.h */,
				A25EAC8209444D5000B00A87 /* SC_Constants.h */,
				A25EAC8309444D5000B00A87 /* SC_DemandUnit.h */,
				A25EAC8409444D5000B00A87 /* SC_Dimension.h */,
				A25EAC8509444D5000B00A87 /* SC_FifoMsg.h */,
				A25EAC8609444D5000B00A87 /* SC_Graph.h */,
				A25EAC8709444D5000B00A87 /* SC_InlineBinaryOp.h */,
				A25EAC8809444D5000B00A87 /* SC_InlineUnaryOp.h */,
				A25EAC8909444D5000B00A87 /* SC_InterfaceTable.h */,
				A25EAC8A09444D5000B00A87 /* sc_msg_iter.h */,
				A25EAC8B09444D5000B00A87 /* SC_Node.h */,
				A25EAC8C09444D5000B00A87 /* SC_PlugIn.h */,
				A25EAC8D09444D5000B00A87 /* SC_Rate.h */,
				A25EAC8E09444D5000B00A87 /* SC_RGen.h */,
				A25EAC8F09444D5000B00A87 /* SC_SndBuf.h */,
				A25EAC9009444D5000B00A87 /* SC_Types.h */,
				A25EAC9109444D5000B00A87 /* SC_Unit.h */,
				A25EAC9209444D5000B00A87 /* SC_Wire.h */,
				A25EAC9309444D5000B00A87 /* SC_World.h */,
				A25EAC9409444D5000B00A87 /* SC_WorldOptions.h */,
				A25EAC9509444D5000B00A87 /* Unroll.h */,
			);
			name = plugin_interface;
			sourceTree = "<group>";
		};
		A25EAD3209444DD900B00A87 /* pycxx */ = {
			isa = PBXGroup;
			children = (
				A25EAD3309444DD900B00A87 /* CXX */,
				A25EAD3B09444DD900B00A87 /* Src */,
			);
			path = pycxx;
			sourceTree = "<group>";
		};
		A25EAD3309444DD900B00A87 /* CXX */ = {
			isa = PBXGroup;
			children = (
				A25EAD3409444DD900B00A87 /* Config.hxx */,
				A25EAD3509444DD900B00A87 /* Exception.hxx */,
				A25EAD3609444DD900B00A87 /* Extensions.hxx */,
				A25EAD3709444DD900B00A87 /* IndirectPythonInterface.hxx */,
				A25EAD3809444DD900B00A87 /* Objects.hxx */,
			);
			path = CXX;
			sourceTree = "<group>";
		};
		A25EAD3B09444DD900B00A87 /* Src */ = {
			isa = PBXGroup;
			children = (
				A25EAD3C09444DD900B00A87 /* cxx_extensions.cxx */,
				A25EAD3D09444DD900B00A87 /* cxxextensions.c */,
				A25EAD3E09444DD900B00A87 /* cxxsupport.cxx */,
				A25EAD3F09444DD900B00A87 /* IndirectPythonInterface.cxx */,
			);
			path = Src;
			sourceTree = "<group>";
		};
		A25EAD6D09444E3100B00A87 /* LangPrimSource */ = {
			isa = PBXGroup;
			children = (
				A2FA13C70B9651D8007C4078 /* PyrSerialPrim.cpp */,
				A257C6780A7E03F100509127 /* PyrPlatformPrim.cpp */,
				A25EAD6E09444E3100B00A87 /* Icon */,
				A25EAD6F09444E3100B00A87 /* OSCData.cpp */,
				A25EAD7009444E3100B00A87 /* PyrArchiver.cpp */,
				A25EAD7109444E3100B00A87 /* PyrArrayPrimitives.cpp */,
				A25EAD7209444E3100B00A87 /* PyrBitPrim.cpp */,
				A25EAD7309444E3100B00A87 /* PyrCharPrim.cpp */,
				A25EAD7409444E3100B00A87 /* PyrFilePrim.cpp */,
				A25EAD7509444E3100B00A87 /* PyrListPrim.cpp */,
				A25EAD7609444E3100B00A87 /* PyrStringPrim.cpp */,
				A25EAD7709444E3100B00A87 /* PyrSymbolPrim.cpp */,
				A25EAD7809444E3100B00A87 /* PyrUnixPrim.cpp */,
			);
			name = LangPrimSource;
			path = ../../source/lang/LangPrimSource;
			sourceTree = SOURCE_ROOT;
		};
		A25EAD7909444E3100B00A87 /* LangSource */ = {
			isa = PBXGroup;
			children = (
				A25EB0590944811100B00A87 /* cmdLineFuncs.cpp */,
				A25EAD7A09444E3100B00A87 /* AdvancingAllocPool.cpp */,
				A25EAD7B09444E3100B00A87 /* alloca.cpp */,
				A25EAD7C09444E3100B00A87 /* ByteCodeArray.cpp */,
				A25EAD7E09444E3100B00A87 /* dumpByteCodes.cpp */,
				A25EAD7F09444E3100B00A87 /* DumpParseNode.cpp */,
				A25EAD8009444E3100B00A87 /* erase-compiler */,
				A25EAD8409444E3100B00A87 /* GC.cpp */,
				A25EAD8509444E3100B00A87 /* HID_Utilities */,
				A25EAD9009444E3100B00A87 /* Icon */,
				A25EAD9109444E3100B00A87 /* InitAlloc.cpp */,
				A25EAD9209444E3100B00A87 /* PyrFileUtils.cpp */,
				A25EAD9309444E3100B00A87 /* PyrInterpreter3.cpp */,
				A25EAD9409444E3100B00A87 /* PyrLexer.cpp */,
				A25EAD9509444E3100B00A87 /* PyrMathOps.cpp */,
				A25EAD9609444E3100B00A87 /* PyrMathPrim.cpp */,
				A25EAD9709444E3100B00A87 /* PyrMathSupport.cpp */,
				A25EAD9809444E3100B00A87 /* PyrMessage.cpp */,
				A25EAD9909444E3100B00A87 /* PyrObject.cpp */,
				A25EAD9A09444E3100B00A87 /* PyrParseNode.cpp */,
				A25EAD9B09444E3100B00A87 /* PyrPrimitive.cpp */,
				A25EAD9C09444E3100B00A87 /* PyrSched.cpp */,
				A25EAD9D09444E3100B00A87 /* PyrSignal.cpp */,
				A25EAD9E09444E3100B00A87 /* PyrSignalPrim.cpp */,
				A25EAD9F09444E3100B00A87 /* PyrSymbolTable.cpp */,
				A25EADA009444E3100B00A87 /* Samp.cpp */,
				A25EADA309444E3100B00A87 /* SC_ComPort.cpp */,
				A25EADA409444E3100B00A87 /* SC_CoreMIDI.cpp */,
				A25EADA509444E3100B00A87 /* SC_HID.cpp */,
				A25EADA709444E3100B00A87 /* SC_LibraryConfig.cpp */,
				A25EADAA09444E3100B00A87 /* SC_Speech.cpp */,
				A25EADAC09444E3100B00A87 /* SimpleStack.cpp */,
				A25EADAD09444E3100B00A87 /* VMGlobals.cpp */,
			);
			name = LangSource;
			path = ../../source/lang/LangSource;
			sourceTree = SOURCE_ROOT;
		};
		A25EAD8009444E3100B00A87 /* erase-compiler */ = {
			isa = PBXGroup;
			children = (
				A25EAD8109444E3100B00A87 /* lang11d */,
				A25EAD8209444E3100B00A87 /* lang11d_tab.cpp */,
				A25EAD8309444E3100B00A87 /* lang11d_tab.h */,
			);
			path = "erase-compiler";
			sourceTree = "<group>";
		};
		A25EAD8509444E3100B00A87 /* HID_Utilities */ = {
			isa = PBXGroup;
			children = (
				A25EAD8609444E3100B00A87 /* HID_Error_Handler.c */,
				A25EAD8709444E3100B00A87 /* HID_Error_Handler.h */,
				A25EAD8809444E3100B00A87 /* HID_Name_Lookup.c */,
				A25EAD8909444E3100B00A87 /* HID_Name_Lookup.h */,
				A25EAD8A09444E3100B00A87 /* HID_Queue_Utilities.c */,
				A25EAD8B09444E3100B00A87 /* HID_Queue_Utilities.h */,
				A25EAD8C09444E3100B00A87 /* HID_Utilities.c */,
				A25EAD8D09444E3100B00A87 /* HID_Utilities.h */,
				A25EAD8E09444E3100B00A87 /* HID_Utilities_External.h */,
				A25EAD8F09444E3100B00A87 /* HID_Utilities_Internal.h */,
			);
			path = HID_Utilities;
			sourceTree = "<group>";
		};
		A25EADE809444E6500B00A87 /* Frameworks */ = {
			isa = PBXGroup;
			children = (
				A25EB3EB0944842500B00A87 /* Carbon.framework */,
				A25EB1570944836D00B00A87 /* ApplicationServices.framework */,
				A25EAE080944525300B00A87 /* Python.framework */,
				A25EADF909444F5600B00A87 /* libscsynth.a */,
				A25EADEB09444EEF00B00A87 /* CoreMIDI.framework */,
				A25EADEC09444EEF00B00A87 /* CoreServices.framework */,
				A25EADED09444EEF00B00A87 /* Foundation.framework */,
				A25EADEE09444EEF00B00A87 /* IOKit.framework */,
				A25EADE909444EB500B00A87 /* CoreAudio.framework */,
			);
			name = Frameworks;
			sourceTree = "<group>";
		};
		A25EAE9B094467B500B00A87 /* app */ = {
			isa = PBXGroup;
			children = (
				A25EAE9C094467DB00B00A87 /* ChangeCounter.h */,
			);
			name = app;
			sourceTree = "<group>";
		};
		A25EAEAE0944780900B00A87 /* server */ = {
			isa = PBXGroup;
			children = (
				A25EAEAF0944782100B00A87 /* SC_Reply.h */,
			);
			name = server;
			sourceTree = "<group>";
		};
		A25EB091094482B900B00A87 /* plugins */ = {
			isa = PBXGroup;
			children = (
				A25EB092094482E500B00A87 /* fftlib.c */,
			);
			name = plugins;
			sourceTree = "<group>";
		};
/* End PBXGroup section */

/* Begin PBXHeadersBuildPhase section */
		D2AAC0600554660B00DB518D /* Headers */ = {
			isa = PBXHeadersBuildPhase;
			buildActionMask = 2147483647;
			files = (
				A25EAC9609444D5000B00A87 /* clz.h in Headers */,
				A25EAC9709444D5000B00A87 /* Hash.h in Headers */,
				A25EAC9809444D5000B00A87 /* SC_BoundsMacros.h in Headers */,
				A25EAC9909444D5000B00A87 /* SC_BufGen.h in Headers */,
				A25EAC9A09444D5000B00A87 /* SC_Constants.h in Headers */,
				A25EAC9B09444D5000B00A87 /* SC_DemandUnit.h in Headers */,
				A25EAC9C09444D5000B00A87 /* SC_Dimension.h in Headers */,
				A25EAC9D09444D5000B00A87 /* SC_FifoMsg.h in Headers */,
				A25EAC9E09444D5000B00A87 /* SC_Graph.h in Headers */,
				A25EAC9F09444D5000B00A87 /* SC_InlineBinaryOp.h in Headers */,
				A25EACA009444D5000B00A87 /* SC_InlineUnaryOp.h in Headers */,
				A25EACA109444D5000B00A87 /* SC_InterfaceTable.h in Headers */,
				A25EACA209444D5000B00A87 /* sc_msg_iter.h in Headers */,
				A25EACA309444D5000B00A87 /* SC_Node.h in Headers */,
				A25EACA409444D5000B00A87 /* SC_PlugIn.h in Headers */,
				A25EACA509444D5000B00A87 /* SC_Rate.h in Headers */,
				A25EACA609444D5000B00A87 /* SC_RGen.h in Headers */,
				A25EACA709444D5000B00A87 /* SC_SndBuf.h in Headers */,
				A25EACA809444D5000B00A87 /* SC_Types.h in Headers */,
				A25EACA909444D5000B00A87 /* SC_Unit.h in Headers */,
				A25EACAA09444D5000B00A87 /* SC_Wire.h in Headers */,
				A25EACAB09444D5000B00A87 /* SC_World.h in Headers */,
				A25EACAC09444D5000B00A87 /* SC_WorldOptions.h in Headers */,
				A25EACAD09444D5000B00A87 /* Unroll.h in Headers */,
				A25EACE409444D8400B00A87 /* AdvancingAllocPool.h in Headers */,
				A25EACE509444D8400B00A87 /* AllocPools.h in Headers */,
				A25EACE609444D8400B00A87 /* bullet.h in Headers */,
				A25EACE709444D8400B00A87 /* ByteCodeArray.h in Headers */,
				A25EACE809444D8400B00A87 /* FIFOT.h in Headers */,
				A25EACE909444D8400B00A87 /* GC.h in Headers */,
				A25EACEA09444D8400B00A87 /* HashTable.h in Headers */,
				A25EACEB09444D8400B00A87 /* InitAlloc.h in Headers */,
				A25EACEC09444D8400B00A87 /* MiscInlineMath.h in Headers */,
				A25EACED09444D8400B00A87 /* Opcodes.h in Headers */,
				A25EACEE09444D8400B00A87 /* OSCData.h in Headers */,
				A25EACEF09444D8400B00A87 /* PowerOfTwoAllocPool.h in Headers */,
				A25EACF009444D8400B00A87 /* PredefinedSymbols.h in Headers */,
				A25EACF109444D8400B00A87 /* PriorityQueue.h in Headers */,
				A25EACF209444D8400B00A87 /* PyrArchiverT.h in Headers */,
				A25EACF309444D8400B00A87 /* PyrDeepCopier.h in Headers */,
				A25EACF409444D8400B00A87 /* PyrDeepFreezer.h in Headers */,
				A25EACF509444D8400B00A87 /* PyrErrors.h in Headers */,
				A25EACF609444D8400B00A87 /* PyrFilePrim.h in Headers */,
				A25EACF709444D8400B00A87 /* PyrFileUtils.h in Headers */,
				A25EACF809444D8400B00A87 /* PyrInterpreter.h in Headers */,
				A25EACF909444D8400B00A87 /* PyrKernel.h in Headers */,
				A25EACFA09444D8400B00A87 /* PyrKernelProto.h in Headers */,
				A25EACFB09444D8400B00A87 /* PyrLexer.h in Headers */,
				A25EACFC09444D8400B00A87 /* PyrListPrim.h in Headers */,
				A25EACFD09444D8400B00A87 /* PyrMathPrim.h in Headers */,
				A25EACFE09444D8400B00A87 /* PyrMessage.h in Headers */,
				A25EACFF09444D8400B00A87 /* PyrObject.h in Headers */,
				A25EAD0009444D8400B00A87 /* PyrObjectProto.h in Headers */,
				A25EAD0109444D8400B00A87 /* PyrParseNode.h in Headers */,
				A25EAD0209444D8400B00A87 /* PyrPrimitive.h in Headers */,
				A25EAD0309444D8400B00A87 /* PyrPrimitiveProto.h in Headers */,
				A25EAD0409444D8400B00A87 /* PyrSched.h in Headers */,
				A25EAD0509444D8400B00A87 /* PyrSignal.h in Headers */,
				A25EAD0609444D8400B00A87 /* PyrSignalPrim.h in Headers */,
				A25EAD0709444D8400B00A87 /* PyrSlot.h in Headers */,
				A25EAD0809444D8400B00A87 /* PyrSymbol.h in Headers */,
				A25EAD0909444D8400B00A87 /* PyrSymbolTable.h in Headers */,
				A25EAD0A09444D8400B00A87 /* readSamples.h in Headers */,
				A25EAD0B09444D8400B00A87 /* ReadWriteMacros.h in Headers */,
				A25EAD0C09444D8400B00A87 /* Samp.h in Headers */,
				A25EAD0D09444D8400B00A87 /* SC_ComPort.h in Headers */,
				A25EAD0F09444D8400B00A87 /* SC_LibraryConfig.h in Headers */,
				A25EAD1009444D8400B00A87 /* SC_List.h in Headers */,
				A25EAD1109444D8400B00A87 /* SC_LogFile.h in Headers */,
				A25EAD1209444D8400B00A87 /* SC_Msg.h in Headers */,
				A25EAD1309444D8400B00A87 /* SC_SynthImpl.h in Headers */,
				A25EAD1509444D8400B00A87 /* SC_UnorderedList.h in Headers */,
				A25EAD1609444D8400B00A87 /* SCBase.h in Headers */,
				A25EAD1709444D8400B00A87 /* SFHeaders.h in Headers */,
				A25EAD1809444D8400B00A87 /* SimpleStack.h in Headers */,
				A25EAD1909444D8400B00A87 /* VMGlobals.h in Headers */,
				A25EAD2609444DA100B00A87 /* dfftlib.h in Headers */,
				A25EAD2709444DA100B00A87 /* dlfcn.h in Headers */,
				A25EAD2809444DA100B00A87 /* fftlib.h in Headers */,
				A25EAD2909444DA100B00A87 /* SC_AllocPool.h in Headers */,
				A25EAD2A09444DA100B00A87 /* SC_Altivec.h in Headers */,
				A25EAD2B09444DA100B00A87 /* SC_DirUtils.h in Headers */,
				A25EAD2C09444DA100B00A87 /* SC_Endian.h in Headers */,
				A25EAD2D09444DA100B00A87 /* SC_Sem.h in Headers */,
				A25EAD2E09444DA100B00A87 /* SC_StringBuffer.h in Headers */,
				A25EAD2F09444DA100B00A87 /* SC_StringParser.h in Headers */,
				A25EAD3009444DA100B00A87 /* SC_Win32Utils.h in Headers */,
				A25EAD3109444DA100B00A87 /* scsynthsend.h in Headers */,
				A25EAD4809444DD900B00A87 /* Config.hxx in Headers */,
				A25EAD4909444DD900B00A87 /* Exception.hxx in Headers */,
				A25EAD4A09444DD900B00A87 /* Extensions.hxx in Headers */,
				A25EAD4B09444DD900B00A87 /* IndirectPythonInterface.hxx in Headers */,
				A25EAD4C09444DD900B00A87 /* Objects.hxx in Headers */,
				A25EAD5309444DD900B00A87 /* PYSCLang_Module.h in Headers */,
				A25EAD5409444DD900B00A87 /* PySCLang_VM.h in Headers */,
				A25EADBF09444E3100B00A87 /* lang11d_tab.h in Headers */,
				A25EADC209444E3100B00A87 /* HID_Error_Handler.h in Headers */,
				A25EADC409444E3100B00A87 /* HID_Name_Lookup.h in Headers */,
				A25EADC609444E3100B00A87 /* HID_Queue_Utilities.h in Headers */,
				A25EADC809444E3100B00A87 /* HID_Utilities.h in Headers */,
				A25EADC909444E3100B00A87 /* HID_Utilities_External.h in Headers */,
				A25EADCA09444E3100B00A87 /* HID_Utilities_Internal.h in Headers */,
				A25EAE9D094467DB00B00A87 /* ChangeCounter.h in Headers */,
				A25EAEB00944782100B00A87 /* SC_Reply.h in Headers */,
				A26ECFAE0988DDCD0007F9E1 /* SC_StandAloneInfo_Darwin.h in Headers */,
				A2FA13CB0B965206007C4078 /* SC_FIFO.h in Headers */,
				A2FA13CE0B965249007C4078 /* SC_LanguageClient.h in Headers */,
			);
			runOnlyForDeploymentPostprocessing = 0;
		};
/* End PBXHeadersBuildPhase section */

/* Begin PBXNativeTarget section */
		D2AAC0620554660B00DB518D /* PySCLang */ = {
			isa = PBXNativeTarget;
			buildConfigurationList = A26ECF9D0988DC6B0007F9E1 /* Build configuration list for PBXNativeTarget "PySCLang" */;
			buildPhases = (
				D2AAC0600554660B00DB518D /* Headers */,
				D2AAC0610554660B00DB518D /* Sources */,
				D289988505E68E00004EDB86 /* Frameworks */,
			);
			buildRules = (
			);
			dependencies = (
			);
			name = PySCLang;
			productName = PySCLang;
			productReference = D2AAC0630554660B00DB518D /* PySCLang.so */;
			productType = "com.apple.product-type.library.dynamic";
		};
/* End PBXNativeTarget section */

/* Begin PBXProject section */
		08FB7793FE84155DC02AAC07 /* Project object */ = {
			isa = PBXProject;
			buildConfigurationList = A26ECFA10988DC6B0007F9E1 /* Build configuration list for PBXProject "PySCLang" */;
			compatibilityVersion = "Xcode 2.4";
			hasScannedForEncodings = 1;
			mainGroup = 08FB7794FE84155DC02AAC07 /* PySCLang */;
			projectDirPath = "";
			projectRoot = "";
			targets = (
				D2AAC0620554660B00DB518D /* PySCLang */,
			);
		};
/* End PBXProject section */

/* Begin PBXSourcesBuildPhase section */
		D2AAC0610554660B00DB518D /* Sources */ = {
			isa = PBXSourcesBuildPhase;
			buildActionMask = 2147483647;
			files = (
				A25EAD4D09444DD900B00A87 /* cxx_extensions.cxx in Sources */,
				A25EAD4E09444DD900B00A87 /* cxxextensions.c in Sources */,
				A25EAD4F09444DD900B00A87 /* cxxsupport.cxx in Sources */,
				A25EAD5009444DD900B00A87 /* IndirectPythonInterface.cxx in Sources */,
				A25EAD5109444DD900B00A87 /* PYSCLang_Module_GUIStuff.cpp in Sources */,
				A25EAD5209444DD900B00A87 /* PYSCLang_Module.cpp in Sources */,
				A25EAD6309444E0D00B00A87 /* dlopen.c in Sources */,
				A25EAD6609444E0D00B00A87 /* SC_AllocPool.cpp in Sources */,
				A25EAD6709444E0D00B00A87 /* SC_DirUtils.cpp in Sources */,
				A25EAD6809444E0D00B00A87 /* SC_Sem.cpp in Sources */,
				A25EAD6909444E0D00B00A87 /* SC_StringBuffer.cpp in Sources */,
				A25EAD6A09444E0D00B00A87 /* SC_StringParser.cpp in Sources */,
				A25EAD6B09444E0D00B00A87 /* SC_Win32Utils.cpp in Sources */,
				A25EAD6C09444E0D00B00A87 /* scsynthsend.cpp in Sources */,
				A25EADAE09444E3100B00A87 /* OSCData.cpp in Sources */,
				A25EADAF09444E3100B00A87 /* PyrArchiver.cpp in Sources */,
				A25EADB009444E3100B00A87 /* PyrArrayPrimitives.cpp in Sources */,
				A25EADB109444E3100B00A87 /* PyrBitPrim.cpp in Sources */,
				A25EADB209444E3100B00A87 /* PyrCharPrim.cpp in Sources */,
				A25EADB309444E3100B00A87 /* PyrFilePrim.cpp in Sources */,
				A25EADB409444E3100B00A87 /* PyrListPrim.cpp in Sources */,
				A25EADB509444E3100B00A87 /* PyrStringPrim.cpp in Sources */,
				A25EADB609444E3100B00A87 /* PyrSymbolPrim.cpp in Sources */,
				A25EADB709444E3100B00A87 /* PyrUnixPrim.cpp in Sources */,
				A25EADB809444E3100B00A87 /* AdvancingAllocPool.cpp in Sources */,
				A25EADB909444E3100B00A87 /* alloca.cpp in Sources */,
				A25EADBA09444E3100B00A87 /* ByteCodeArray.cpp in Sources */,
				A25EADBC09444E3100B00A87 /* dumpByteCodes.cpp in Sources */,
				A25EADBD09444E3100B00A87 /* DumpParseNode.cpp in Sources */,
				A25EADBE09444E3100B00A87 /* lang11d_tab.cpp in Sources */,
				A25EADC009444E3100B00A87 /* GC.cpp in Sources */,
				A25EADC109444E3100B00A87 /* HID_Error_Handler.c in Sources */,
				A25EADC309444E3100B00A87 /* HID_Name_Lookup.c in Sources */,
				A25EADC509444E3100B00A87 /* HID_Queue_Utilities.c in Sources */,
				A25EADC709444E3100B00A87 /* HID_Utilities.c in Sources */,
				A25EADCB09444E3100B00A87 /* InitAlloc.cpp in Sources */,
				A25EADCC09444E3100B00A87 /* PyrFileUtils.cpp in Sources */,
				A25EADCD09444E3100B00A87 /* PyrInterpreter3.cpp in Sources */,
				A25EADCE09444E3100B00A87 /* PyrLexer.cpp in Sources */,
				A25EADCF09444E3100B00A87 /* PyrMathOps.cpp in Sources */,
				A25EADD009444E3100B00A87 /* PyrMathPrim.cpp in Sources */,
				A25EADD109444E3100B00A87 /* PyrMathSupport.cpp in Sources */,
				A25EADD209444E3100B00A87 /* PyrMessage.cpp in Sources */,
				A25EADD309444E3100B00A87 /* PyrObject.cpp in Sources */,
				A25EADD409444E3100B00A87 /* PyrParseNode.cpp in Sources */,
				A25EADD509444E3100B00A87 /* PyrPrimitive.cpp in Sources */,
				A25EADD609444E3100B00A87 /* PyrSched.cpp in Sources */,
				A25EADD709444E3100B00A87 /* PyrSignal.cpp in Sources */,
				A25EADD809444E3100B00A87 /* PyrSignalPrim.cpp in Sources */,
				A25EADD909444E3100B00A87 /* PyrSymbolTable.cpp in Sources */,
				A25EADDA09444E3100B00A87 /* Samp.cpp in Sources */,
				A25EADDD09444E3100B00A87 /* SC_ComPort.cpp in Sources */,
				A25EADDE09444E3100B00A87 /* SC_CoreMIDI.cpp in Sources */,
				A25EADDF09444E3100B00A87 /* SC_HID.cpp in Sources */,
				A25EADE109444E3100B00A87 /* SC_LibraryConfig.cpp in Sources */,
				A25EADE409444E3100B00A87 /* SC_Speech.cpp in Sources */,
				A25EADE609444E3100B00A87 /* SimpleStack.cpp in Sources */,
				A25EADE709444E3100B00A87 /* VMGlobals.cpp in Sources */,
				A25EB05A0944811100B00A87 /* cmdLineFuncs.cpp in Sources */,
				A25EB093094482E500B00A87 /* fftlib.c in Sources */,
				A26ECFBF0988E7940007F9E1 /* SC_StandAloneInfo_Darwin.cpp in Sources */,
				A257C6790A7E03F100509127 /* PyrPlatformPrim.cpp in Sources */,
				A2FA13C80B9651D8007C4078 /* PyrSerialPrim.cpp in Sources */,
			);
			runOnlyForDeploymentPostprocessing = 0;
		};
/* End PBXSourcesBuildPhase section */

/* Begin XCBuildConfiguration section */
		A26ECF9E0988DC6B0007F9E1 /* Development */ = {
			isa = XCBuildConfiguration;
			buildSettings = {
				COPY_PHASE_STRIP = NO;
				DYLIB_COMPATIBILITY_VERSION = 1;
				DYLIB_CURRENT_VERSION = 1;
				EXECUTABLE_EXTENSION = so;
				FRAMEWORK_SEARCH_PATHS = "$(SYSTEM_LIBRARY_DIR)/Frameworks/CoreServices.framework/Versions/A/Frameworks";
				GCC_DYNAMIC_NO_PIC = NO;
				GCC_ENABLE_FIX_AND_CONTINUE = YES;
				GCC_GENERATE_DEBUGGING_SYMBOLS = YES;
				GCC_MODEL_TUNING = G5;
				GCC_OPTIMIZATION_LEVEL = 0;
				GCC_PREPROCESSOR_DEFINITIONS = (
					PYSCLANG,
					SC_DARWIN,
				);
				GCC_WARN_ABOUT_RETURN_TYPE = YES;
				GCC_WARN_UNUSED_VARIABLE = YES;
				HEADER_SEARCH_PATHS = ./pycxx/;
				INSTALL_PATH = /usr/local/lib;
				LIBRARY_SEARCH_PATHS = ../../build;
				LIBRARY_STYLE = DYNAMIC;
				MACH_O_TYPE = mh_dylib;
				PREBINDING = NO;
				PRODUCT_NAME = PySCLang;
				ZERO_LINK = YES;
			};
			name = Development;
		};
		A26ECF9F0988DC6B0007F9E1 /* Deployment */ = {
			isa = XCBuildConfiguration;
			buildSettings = {
				COPY_PHASE_STRIP = YES;
				DYLIB_COMPATIBILITY_VERSION = 1;
				DYLIB_CURRENT_VERSION = 1;
				EXECUTABLE_EXTENSION = so;
				FRAMEWORK_SEARCH_PATHS = "$(SYSTEM_LIBRARY_DIR)/Frameworks/CoreServices.framework/Versions/A/Frameworks";
				GCC_ENABLE_FIX_AND_CONTINUE = NO;
				GCC_GENERATE_DEBUGGING_SYMBOLS = NO;
				GCC_MODEL_TUNING = G5;
				GCC_PREPROCESSOR_DEFINITIONS = (
					PYSCLANG,
					SC_DARWIN,
				);
				GCC_WARN_ABOUT_RETURN_TYPE = YES;
				GCC_WARN_UNUSED_VARIABLE = YES;
				HEADER_SEARCH_PATHS = ./pycxx/;
				INSTALL_PATH = /usr/local/lib;
				LIBRARY_SEARCH_PATHS = ../../build;
				LIBRARY_STYLE = DYNAMIC;
				MACH_O_TYPE = mh_dylib;
				PREBINDING = NO;
				PRODUCT_NAME = PySCLang;
				ZERO_LINK = NO;
			};
			name = Deployment;
		};
		A26ECFA00988DC6B0007F9E1 /* Default */ = {
			isa = XCBuildConfiguration;
			buildSettings = {
				DYLIB_COMPATIBILITY_VERSION = 1;
				DYLIB_CURRENT_VERSION = 1;
				EXECUTABLE_EXTENSION = so;
				FRAMEWORK_SEARCH_PATHS = "$(SYSTEM_LIBRARY_DIR)/Frameworks/CoreServices.framework/Versions/A/Frameworks";
				GCC_GENERATE_DEBUGGING_SYMBOLS = NO;
				GCC_MODEL_TUNING = G5;
				GCC_PREPROCESSOR_DEFINITIONS = (
					PYSCLANG,
					SC_DARWIN,
				);
				GCC_WARN_ABOUT_RETURN_TYPE = YES;
				GCC_WARN_UNUSED_VARIABLE = YES;
				HEADER_SEARCH_PATHS = ./pycxx/;
				INSTALL_PATH = /usr/local/lib;
				LIBRARY_SEARCH_PATHS = ../../build;
				LIBRARY_STYLE = DYNAMIC;
				MACH_O_TYPE = mh_dylib;
				PREBINDING = NO;
				PRODUCT_NAME = PySCLang;
			};
			name = Default;
		};
		A26ECFA20988DC6B0007F9E1 /* Development */ = {
			isa = XCBuildConfiguration;
			buildSettings = {
				LIBRARY_SEARCH_PATHS = ../../build;
				MACH_O_TYPE = mh_bundle;
			};
			name = Development;
		};
		A26ECFA30988DC6B0007F9E1 /* Deployment */ = {
			isa = XCBuildConfiguration;
			buildSettings = {
				LIBRARY_SEARCH_PATHS = ../../build;
				MACH_O_TYPE = mh_bundle;
			};
			name = Deployment;
		};
		A26ECFA40988DC6B0007F9E1 /* Default */ = {
			isa = XCBuildConfiguration;
			buildSettings = {
				LIBRARY_SEARCH_PATHS = ../../build;
				MACH_O_TYPE = mh_bundle;
			};
			name = Default;
		};
/* End XCBuildConfiguration section */

/* Begin XCConfigurationList section */
		A26ECF9D0988DC6B0007F9E1 /* Build configuration list for PBXNativeTarget "PySCLang" */ = {
			isa = XCConfigurationList;
			buildConfigurations = (
				A26ECF9E0988DC6B0007F9E1 /* Development */,
				A26ECF9F0988DC6B0007F9E1 /* Deployment */,
				A26ECFA00988DC6B0007F9E1 /* Default */,
			);
			defaultConfigurationIsVisible = 0;
			defaultConfigurationName = Default;
		};
		A26ECFA10988DC6B0007F9E1 /* Build configuration list for PBXProject "PySCLang" */ = {
			isa = XCConfigurationList;
			buildConfigurations = (
				A26ECFA20988DC6B0007F9E1 /* Development */,
				A26ECFA30988DC6B0007F9E1 /* Deployment */,
				A26ECFA40988DC6B0007F9E1 /* Default */,
			);
			defaultConfigurationIsVisible = 0;
			defaultConfigurationName = Default;
		};
/* End XCConfigurationList section */
	};
	rootObject = 08FB7793FE84155DC02AAC07 /* Project object */;
}
